{
  "version": 1,
  "dependencies": {
    ".NETnanoFramework,Version=v1.0": {
      "nanoFramework.CoreLibrary": {
        "type": "Direct",
        "requested": "[1.12.0, 1.12.0]",
        "resolved": "1.12.0",
        "contentHash": "qQrFNXmJiStMC4VXk5cVMOJp23/qlT9FW5i9i+igwQVwraQTtvpkam8yK1hj992jqrbjoCIFZP4Hw9E8H0pB7w=="
      },
      "nanoFramework.Hardware.Esp32": {
        "type": "Direct",
        "requested": "[1.4.1, 1.4.1]",
        "resolved": "1.4.1",
        "contentHash": "BXN0cwb0s3MIUmtrstHZxFJTuux+V6p7pq22dpwTeFlzJ4gGIS5t0LURHTNner0u8Twag0bhGuCknK7N9U5keQ=="
      },
      "nanoFramework.Hardware.Esp32.Rmt": {
        "type": "Direct",
        "requested": "[1.2.3.5, 1.2.3.5]",
        "resolved": "1.2.3.5",
        "contentHash": "6+l+p8XG1Xn9BNcXDN/TtXmrciPLOS0THPqT2/edDpxY346/EToAmVrcKltzJk0C1vOvS4KKx+ZGwTOSzEHcYQ=="
      },
      "nanoFramework.Iot.Device.Button": {
        "type": "Direct",
        "requested": "[1.2.95, 1.2.95]",
        "resolved": "1.2.95",
        "contentHash": "tQSc82xGhePZvHR78PdUk2l84M0JUliMiftEUVjIPk5+zYTZKom9K5ey6AHU0+F1p5PR5KiieqJ7Hze1+Va34A=="
      },
      "nanoFramework.Iot.Device.Ws28xx.Esp32": {
        "type": "Direct",
        "requested": "[1.2.92, 1.2.92]",
        "resolved": "1.2.92",
        "contentHash": "ZBI5Mx1DSMEgEHNueJrWlh7bsgNAW74+MvPS488/xQ+XribAtnhsjFdAl6JVustwKfgb/Ox8KQKyMa9WZDGsJw=="
      },
      "nanoFramework.Runtime.Events": {
        "type": "Direct",
        "requested": "[1.10.0, 1.10.0]",
        "resolved": "1.10.0",
        "contentHash": "ZRDjzVoTdc6+3sUNk9vORz4HHonYYGM4ED2V8VcfkYC8xQ8VFoaP8U6mXLd70ocmyhGaP9GK86sxHUQykSK7vA=="
      },
      "nanoFramework.System.Device.Adc": {
        "type": "Direct",
        "requested": "[1.0.2, 1.0.2]",
        "resolved": "1.0.2",
        "contentHash": "/f18OmqSLLXW1iI2jeTjaUqDCGWkf8ISu4e8au6H7V6W0kEzwcolSoDL8o7reo4pYCOrULI25/TKnBtRhJNiBw=="
      },
      "nanoFramework.System.Device.Dac": {
        "type": "Direct",
        "requested": "[1.4.3, 1.4.3]",
        "resolved": "1.4.3",
        "contentHash": "cbqNE+zfhYYHHuMTMNG8+euU0oq5aX5ibZdbrCIsio9qBJ/mZcupcyM3C0zIQtolwrOOWZL3by0NZb8he8xBSg=="
      },
      "nanoFramework.System.Device.Gpio": {
        "type": "Direct",
        "requested": "[1.1.18, 1.1.18]",
        "resolved": "1.1.18",
        "contentHash": "XbZflvZi1i6uAzhfGVXdSH4naa2St9AbGi1r+iaC6CjXNohRUdVAaJk5wM69YcBW1Hd+7Y790TmJkeT9JtApnw=="
      },
      "nanoFramework.System.Device.I2c": {
        "type": "Direct",
        "requested": "[1.0.3, 1.0.3]",
        "resolved": "1.0.3",
        "contentHash": "hRrolSxrzymKBM6ha7KI5VOpIpvxlFbUEw2dHMq0llPC7wkKe+kYai8QMFRRro4DbvIiE67UOMNefjqGK4cxkg=="
      },
      "nanoFramework.System.Device.Spi": {
        "type": "Direct",
        "requested": "[1.3.15, 1.3.15]",
        "resolved": "1.3.15",
        "contentHash": "OsTgc86cIVzINtcI33oRDgSBjtA+/i0sCF0L1ejaS0WzpwxeaartEK2oqlhV/cV3XfDhNx44CNlitOOfqPG5qA=="
      },
      "nanoFramework.System.Drawing": {
        "type": "Direct",
        "requested": "[1.2.82, 1.2.82]",
        "resolved": "1.2.82",
        "contentHash": "tBke3qk+itf18JNzbCUp3qfI8V+vxmET0d6wja9m9EJW7Pkqyii8tcFJi6/bONjoi2HlKercHZ1YPyqHuUZlog=="
      },
      "Nerdbank.GitVersioning": {
        "type": "Direct",
        "requested": "[3.5.113, 3.5.113]",
        "resolved": "3.5.113",
        "contentHash": "4fBSMkqhi410qlkjPm+Mxfk8iO3C7dmgdVS7ljsfVO21WEzZCHP1VCOqB6rlOPfPidR/oxX+/Do/I7meCAz+Jg=="
      }
    }
  }
}