{
  "version": 1,
  "dependencies": {
    ".NETnanoFramework,Version=v1.0": {
      "nanoFramework.CoreLibrary": {
        "type": "Direct",
        "requested": "[2.0.0-preview.52, 2.0.0-preview.52]",
        "resolved": "2.0.0-preview.52",
        "contentHash": "cV9JEhoc2OV/UL602i5xmEwQpnn/gzVMlDTAIAMRxCNwBKNYLO9U50OkJykpGnO2SULTsmvFqQWEGZiuANBZHw=="
      },
      "nanoFramework.Graphics.Core": {
        "type": "Direct",
        "requested": "[2.0.0-preview.29, 2.0.0-preview.29]",
        "resolved": "2.0.0-preview.29",
        "contentHash": "iUYE7YNyjXgr8Qw0AWbqyhZWh7JUmp6fXyUDYBy6U6xZqnSfj4cKTploGixIYzPaQfA2EPIvBx19aKNfs77zdQ=="
      },
      "nanoFramework.Hardware.Esp32": {
        "type": "Direct",
        "requested": "[2.0.0-preview.12, 2.0.0-preview.12]",
        "resolved": "2.0.0-preview.12",
        "contentHash": "REFam731tAR2xtgoE67eWqZS208vnkPoTpe/5xTRhxeS/chw0w3VUAnP9RUKUehwe+pOIyJmtyU/WzauUXKeDw=="
      },
      "nanoFramework.Hardware.Esp32.Rmt": {
        "type": "Direct",
        "requested": "[3.0.0-preview.20, 3.0.0-preview.20]",
        "resolved": "3.0.0-preview.20",
        "contentHash": "eR73G3o9O/3ieItHZztJVud3ugJG8gO1I9hfhefQFSX0YXAC2U2moC24G7Ua07H5i6aFSXq65IkXF6Zx/RiHAQ=="
      },
      "nanoFramework.Iot.Device.Button": {
        "type": "Direct",
        "requested": "[2.0.0-preview.94, 2.0.0-preview.94]",
        "resolved": "2.0.0-preview.94",
        "contentHash": "t8X/WISjYY4pFsg26ZkdDIm4tNyPWghR3H8vUHRB8TBMoFeobKueDM+G6H/2p8WJANk4wKBb3cFr0FzGlnhQOQ=="
      },
      "nanoFramework.Iot.Device.Ws28xx.Esp32": {
        "type": "Direct",
        "requested": "[2.0.0-preview.102, 2.0.0-preview.102]",
        "resolved": "2.0.0-preview.102",
        "contentHash": "gHhp5NY9WlNeYXiokRHkxUJg/SHQfnFNt8fzEL6yiYS1ndhxnT81Xaqobezi1ty9fQnImvqeHYWpaqBDd1SxWQ=="
      },
      "nanoFramework.Runtime.Events": {
        "type": "Direct",
        "requested": "[2.0.0-preview.13, 2.0.0-preview.13]",
        "resolved": "2.0.0-preview.13",
        "contentHash": "LmPsdvTKJ5HiJbX0FNFWWIvHh23kWmKWCIHggSnMrjaZnjXubqct75mQiB2aWtC7IW0PjGxB2A4cvtle3Zjvzg=="
      },
      "nanoFramework.System.Device.Adc": {
        "type": "Direct",
        "requested": "[2.0.0-preview.10, 2.0.0-preview.10]",
        "resolved": "2.0.0-preview.10",
        "contentHash": "DudatxXsJ0no8oR39FMyHLE8mJRWAKyTmxZ/u2RqHKcxevwzXIs7ZvJ8H03SGyhhUsWyQja9JRwz7ABui5GbTw=="
      },
      "nanoFramework.System.Device.Dac": {
        "type": "Direct",
        "requested": "[2.0.0-preview.3, 2.0.0-preview.3]",
        "resolved": "2.0.0-preview.3",
        "contentHash": "WK4VVAq7nGFKDE1QNwczxOfYa5V/O+BEGrZn0AGZgSUytWYUtF9w1EVQiiLMZQ48iIJRo20AvVZdsQNWOWLC7g=="
      },
      "nanoFramework.System.Device.Gpio": {
        "type": "Direct",
        "requested": "[2.0.0-preview.18, 2.0.0-preview.18]",
        "resolved": "2.0.0-preview.18",
        "contentHash": "e5hKEwabzb4LOau0A0sPCggh2cgNBMR6EVo+dbGvGNwLCo1t9NN3Eoqjy7vI2KVrfUHQkLJV7cSOG/RJCOm9sw=="
      },
      "nanoFramework.System.Device.I2c": {
        "type": "Direct",
        "requested": "[2.0.0-preview.12, 2.0.0-preview.12]",
        "resolved": "2.0.0-preview.12",
        "contentHash": "i2saSw4cycURTRIJQyd2jm7y/zvFCXqKHrh7h+uim5tfkboIphRoZzj+G3YJxu+Nz53WNyAyCyv2QEMOPt0fYg=="
      },
      "nanoFramework.System.Device.Spi": {
        "type": "Direct",
        "requested": "[2.0.0-preview.19, 2.0.0-preview.19]",
        "resolved": "2.0.0-preview.19",
        "contentHash": "YHYQykT4lYcyx0f1lyggTd1LWb2CSLK7t/19bzthobzgnzCg/JitH4iS4fBjqhDKI4SUWNbvfayttah91JNSmA=="
      },
      "Nerdbank.GitVersioning": {
        "type": "Direct",
        "requested": "[3.10.85, 3.10.85]",
        "resolved": "3.10.85",
        "contentHash": "smhqiTAbnI/6NRn+k7m+a65qKY7nREbnFqFgqxiw3JS8kXiBUOxdCxIZFP9TOpCsoh46DbMlBlcd+dWQYAVVCA=="
      }
    }
  }
}