{
  "version": 1,
  "dependencies": {
    ".NETnanoFramework,Version=v1.0": {
      "nanoFramework.CoreLibrary": {
        "type": "Direct",
        "requested": "[1.17.1, 1.17.1]",
        "resolved": "1.17.1",
        "contentHash": "T/iPvP8AeZs/5UeZgVa2cZVbl79ioeRyBJLzx4qvKbE9RE+984AR5WPY4tjGIdXugs1AFUYYnydvuGCpy+P1ww=="
      },
      "nanoFramework.Graphics.Core": {
        "type": "Direct",
        "requested": "[1.2.35, 1.2.35]",
        "resolved": "1.2.35",
        "contentHash": "x7G28CjHL5VayU8ID49tR3apQeWQSGkwo85KnLri0zoc2NAN9b5TONaZc5J5OmO6vSE6B3jQRU3QmR+H+pOv2g=="
      },
      "nanoFramework.Hardware.Esp32": {
        "type": "Direct",
        "requested": "[1.6.29, 1.6.29]",
        "resolved": "1.6.29",
        "contentHash": "T1iCv9sr+Ir0SOEX93wz/DoxIZGjGj5ywgG73y3Tk8C96EWdSFzxTFmr/f5MPbrXbYoWL0BUAqnV0Nq9j3jXzw=="
      },
      "nanoFramework.Hardware.Esp32.Rmt": {
        "type": "Direct",
        "requested": "[2.0.22, 2.0.22]",
        "resolved": "2.0.22",
        "contentHash": "T1uKYII2DrlWQlx3QPdQknrt0P814pJgLTp19Qk6e0mTv0yRG0NPlHtdJiLiLuN6+gAv06IeYiQ5ljD31X442A=="
      },
      "nanoFramework.Iot.Device.Button": {
        "type": "Direct",
        "requested": "[1.2.775, 1.2.775]",
        "resolved": "1.2.775",
        "contentHash": "Eu0P0ZocW3Uc0PUZqpfzWkF88GbmZxezkrZt3uGCsDBogd39Qhe2oMj9SveH1nGLEVYWxBxoNZjosiW3XRQAhQ=="
      },
      "nanoFramework.Iot.Device.Ws28xx.Esp32": {
        "type": "Direct",
        "requested": "[1.2.794, 1.2.794]",
        "resolved": "1.2.794",
        "contentHash": "n7AfPa+BcaKqBpl5iVqBqHo0Y5PyKu3tGOjAAUuUJxYitg40Db6ZvVsOnhRm5N0P3yI5fMkpHAr7r5oHZn2TGg=="
      },
      "nanoFramework.Runtime.Events": {
        "type": "Direct",
        "requested": "[1.11.29, 1.11.29]",
        "resolved": "1.11.29",
        "contentHash": "y3Y0SNfr1afMor4xrsiB1ETldjKvmnzBTcEH5gizFFXw3RNBB/N8npWqkCJn4HZS0TEENlH2vVrib3bWYMx5+Q=="
      },
      "nanoFramework.System.Device.Adc": {
        "type": "Direct",
        "requested": "[1.1.22, 1.1.22]",
        "resolved": "1.1.22",
        "contentHash": "Ik2A18hNBmyevjJhUWNzY+2Se18NRo1o1u4zhWtyaeDc62a6IzM2XGzqOhqGerP5tY8jC10lUHU55v/nm13khw=="
      },
      "nanoFramework.System.Device.Dac": {
        "type": "Direct",
        "requested": "[1.5.24, 1.5.24]",
        "resolved": "1.5.24",
        "contentHash": "Zkt1ZDAJZPxEc+pxu3Zw4VsE++rxGG+Gl7lvUqusMDxkZnw6w5/Y59y6e1kGE4ni24T3m2kBxidlEd9Pbaj3mg=="
      },
      "nanoFramework.System.Device.Gpio": {
        "type": "Direct",
        "requested": "[1.1.53, 1.1.53]",
        "resolved": "1.1.53",
        "contentHash": "7Pd5iAeWPGdtKUB+OJ0vPjL+d9tQAK0s0JxV1dfjh6PZcU38wykdK64oMqNmCbDFA0aiZl0UyFmz3zXchn39nQ=="
      },
      "nanoFramework.System.Device.I2c": {
        "type": "Direct",
        "requested": "[1.1.27, 1.1.27]",
        "resolved": "1.1.27",
        "contentHash": "gyFoz1cABmcvplJcC7UiTYaC1GpYwnnuQxcypjddKiRqvhiEol7iezxIUsZ5E5v8G19HocpRqcMQV1oZrkXLTQ=="
      },
      "nanoFramework.System.Device.Spi": {
        "type": "Direct",
        "requested": "[1.3.76, 1.3.76]",
        "resolved": "1.3.76",
        "contentHash": "hG6MP3bysRfZqNHSxPlO/GlI2h1B+co85k2MKN2CFV4wzCsPWO3G+BQpp8+FzLzgN9ZY9NMWwMkHKnjUgf5g9Q=="
      },
      "Nerdbank.GitVersioning": {
        "type": "Direct",
        "requested": "[3.7.115, 3.7.115]",
        "resolved": "3.7.115",
        "contentHash": "EpXamaAdRfG/BMxGgvZlTM0npRnkmXUjAj8OdNKd17t4oN+2nvjdv/KnFmzOOMDqvlwB49UCwtOHJrAQTfUBtQ=="
      }
    }
  }
}