{
  "version": 1,
  "dependencies": {
    ".NETnanoFramework,Version=v1.0": {
      "nanoFramework.CoreLibrary": {
        "type": "Direct",
        "requested": "[1.17.1, 1.17.1]",
        "resolved": "1.17.1",
        "contentHash": "T/iPvP8AeZs/5UeZgVa2cZVbl79ioeRyBJLzx4qvKbE9RE+984AR5WPY4tjGIdXugs1AFUYYnydvuGCpy+P1ww=="
      },
      "nanoFramework.Graphics.Core": {
        "type": "Direct",
        "requested": "[1.2.39, 1.2.39]",
        "resolved": "1.2.39",
        "contentHash": "qHg4JBCBqkqxN8omgDC74Rnk7m1cYFkzzpAeJ+57aach3RLhkTLX5bgA9xhVN3HlZ0DPy0r0CymgNQelz9KLXg=="
      },
      "nanoFramework.Hardware.Esp32": {
        "type": "Direct",
        "requested": "[1.6.31, 1.6.31]",
        "resolved": "1.6.31",
        "contentHash": "JE0ZILxmYPl8u2mF7IB/ODoOCGbC876wW1+cAUUmLiYcEhg/Ed749kvy5lHBO37hIKr19A6VQ91eniZ+hLRDPg=="
      },
      "nanoFramework.Hardware.Esp32.Rmt": {
        "type": "Direct",
        "requested": "[2.0.25, 2.0.25]",
        "resolved": "2.0.25",
        "contentHash": "jCfiHxhHdbz53s6MbitP0Bnzen+Rm+92L1Q/oyjcO07EEBDKGC+AcxoViYAEoY9v0n0C6KbGR/aVbcRGNWITPA=="
      },
      "nanoFramework.Iot.Device.Button": {
        "type": "Direct",
        "requested": "[1.2.822, 1.2.822]",
        "resolved": "1.2.822",
        "contentHash": "pFzKe0mIIjcfC3cCIFpeQjeO6WEOLATVFViBE9EjsNGMeOvA9x1qWjW+MuG1FfT0LPajMALPVO4FRxdrspKfBg=="
      },
      "nanoFramework.Iot.Device.Mpu6886": {
        "type": "Direct",
        "requested": "[1.2.822, 1.2.822]",
        "resolved": "1.2.822",
        "contentHash": "RqRpGnz4GkCETInaOoOf/pXe1ztiZ+ZOHwPhGBKZfpFw3VsmFyBeOsqKZdEMrR1wFaK87GlQWQhSxzJ3FgVxnw=="
      },
      "nanoFramework.Iot.Device.Ws28xx.Esp32": {
        "type": "Direct",
        "requested": "[1.2.822, 1.2.822]",
        "resolved": "1.2.822",
        "contentHash": "JS584h3UbikiRq/eOluglOR2h+zuZJ0GvL13txk539uoVXfplCh+lzCU1LBr40TLgtmQpfcvTtX16a4DY8Q1xA=="
      },
      "nanoFramework.Runtime.Events": {
        "type": "Direct",
        "requested": "[1.11.30, 1.11.30]",
        "resolved": "1.11.30",
        "contentHash": "uhLQLq/CRGCTvmJwbh2vXYVWyBl17jc1FBe3Fq1bKJM1+sO+GyhRRYCmezI7v72bRbQ7tpYZTcplJFs/qkAQSQ=="
      },
      "nanoFramework.System.Buffers.Binary.BinaryPrimitives": {
        "type": "Direct",
        "requested": "[1.2.807, 1.2.807]",
        "resolved": "1.2.807",
        "contentHash": "fQFrTuKMu9mVc5g5vYIHog60xbQ9u0XDEzR+NkPKDPJ3PMqjd4UVmriwWUguGM7h+f0DxAiswmAuXeDVqyHr6w=="
      },
      "nanoFramework.System.Device.Adc": {
        "type": "Direct",
        "requested": "[1.1.22, 1.1.22]",
        "resolved": "1.1.22",
        "contentHash": "Ik2A18hNBmyevjJhUWNzY+2Se18NRo1o1u4zhWtyaeDc62a6IzM2XGzqOhqGerP5tY8jC10lUHU55v/nm13khw=="
      },
      "nanoFramework.System.Device.Dac": {
        "type": "Direct",
        "requested": "[1.5.24, 1.5.24]",
        "resolved": "1.5.24",
        "contentHash": "Zkt1ZDAJZPxEc+pxu3Zw4VsE++rxGG+Gl7lvUqusMDxkZnw6w5/Y59y6e1kGE4ni24T3m2kBxidlEd9Pbaj3mg=="
      },
      "nanoFramework.System.Device.Gpio": {
        "type": "Direct",
        "requested": "[1.1.55, 1.1.55]",
        "resolved": "1.1.55",
        "contentHash": "0DddX0gxw/WrOVZijok0T1hBr0TBWkpQQkQNjQ8sV/JSWVelluoMkZiMPdxZt7C+U/wxF08buuIKsAbGZQ5xtg=="
      },
      "nanoFramework.System.Device.I2c": {
        "type": "Direct",
        "requested": "[1.1.27, 1.1.27]",
        "resolved": "1.1.27",
        "contentHash": "gyFoz1cABmcvplJcC7UiTYaC1GpYwnnuQxcypjddKiRqvhiEol7iezxIUsZ5E5v8G19HocpRqcMQV1oZrkXLTQ=="
      },
      "nanoFramework.System.Device.Model": {
        "type": "Direct",
        "requested": "[1.2.807, 1.2.807]",
        "resolved": "1.2.807",
        "contentHash": "XqGWNOP3uA9F2gvxJZgjSirJ6XanVWECI9mk7yfvDEvIawaFbdYFSNoc0Ky66XibPzcURimixnBGapfU8YQZWw=="
      },
      "nanoFramework.System.Device.Spi": {
        "type": "Direct",
        "requested": "[1.3.77, 1.3.77]",
        "resolved": "1.3.77",
        "contentHash": "ylxBR08EciQoGjZWIu6XXgqDeSh7GJccpmaoBMgKt1oWs6Omixx0iWhGvJstPPGhS3Y3Xlr1gDZgJ8xj5fgjew=="
      },
      "nanoFramework.System.Math": {
        "type": "Direct",
        "requested": "[1.5.102, 1.5.102]",
        "resolved": "1.5.102",
        "contentHash": "ZHO1hQKxcZYSZEMSLV4OeVsbqE9L/sI4K7t46gwRB7wC3xm0jGMBQzv4AX5Auw2T1CnoG9s0ryZJiUwlOkri/Q=="
      },
      "nanoFramework.System.Numerics": {
        "type": "Direct",
        "requested": "[1.2.807, 1.2.807]",
        "resolved": "1.2.807",
        "contentHash": "GnfFhwyX+40yZao4Dde7D+FQYfeRQ2EjKjVnDMKpPSNCg0F97KxQteW2TyFgaJJ6Y4yRo38Eoa3QkUu/N8PddQ=="
      },
      "Nerdbank.GitVersioning": {
        "type": "Direct",
        "requested": "[3.7.115, 3.7.115]",
        "resolved": "3.7.115",
        "contentHash": "EpXamaAdRfG/BMxGgvZlTM0npRnkmXUjAj8OdNKd17t4oN+2nvjdv/KnFmzOOMDqvlwB49UCwtOHJrAQTfUBtQ=="
      },
      "UnitsNet.nanoFramework.Temperature": {
        "type": "Direct",
        "requested": "[5.70.0, 5.70.0]",
        "resolved": "5.70.0",
        "contentHash": "uTSq1yiWrUiZSkrD36tzBhWpP1B6llmCP5onmj9TdBZ7D5DLbWe3T0K/VpyFt067NIe5K/Tva8qkPKGp+V0itA=="
      }
    }
  }
}