{
  "version": 1,
  "dependencies": {
    ".NETnanoFramework,Version=v1.0": {
      "nanoFramework.CoreLibrary": {
        "type": "Direct",
        "requested": "[1.15.5, 1.15.5]",
        "resolved": "1.15.5",
        "contentHash": "u2+GvAp1uxLrGdILACAZy+EVKOs28EQ52j8Lz7599egXZ3GBGejjnR2ofhjMQwzrJLlgtyrsx8nSLngDfJNsAg=="
      },
      "nanoFramework.Graphics": {
        "type": "Direct",
        "requested": "[1.2.15, 1.2.15]",
        "resolved": "1.2.15",
        "contentHash": "v5lX0Z3LIvUCuBevTJoVQqi+X5uMI3phAAvRuMZ0aRFnQcqwWvvUZ+M327gzADsFUzsgOOsP1L6vyJjI5yKwQw=="
      },
      "nanoFramework.Graphics.Core": {
        "type": "Direct",
        "requested": "[1.2.15, 1.2.15]",
        "resolved": "1.2.15",
        "contentHash": "JOZ5KYBg0CE+u07vNyTar6MokA1hPZaHzRsDfB9ao8xkzHewxvNtxQ9YGRa9bM7TyD7Z2OYJ0PRColrtkUsLQg=="
      },
      "nanoFramework.Iot.Device.Axp192": {
        "type": "Direct",
        "requested": "[1.2.631, 1.2.631]",
        "resolved": "1.2.631",
        "contentHash": "lKvNde1dw1/y7+pr/X8v1OURYyUnz3zM4PyM6gEquNRpwrAd3HF+SdG7C4qG5UxiboH1CbYrPHoyMXga8IE5zA=="
      },
      "nanoFramework.Iot.Device.Chsc6540": {
        "type": "Direct",
        "requested": "[1.1.631, 1.1.631]",
        "resolved": "1.1.631",
        "contentHash": "Dmmt4Ym96oAhilqdzg6YAW9i9NZbIogi05W/H5JzOjRVLCSDD3y8S8jH+5SyWztrkMbIpx+Q/NGRXp9rTIKrkQ=="
      },
      "nanoFramework.ResourceManager": {
        "type": "Direct",
        "requested": "[1.2.19, 1.2.19]",
        "resolved": "1.2.19",
        "contentHash": "LogHT5t1yvy8aMz7zv3AUDgZQEkzn1sDFBGGan2ceSnoyO0S3CD6VbAmA6+na30cEAy6Xczj7B6wr6SVuA1GNQ=="
      },
      "nanoFramework.Runtime.Events": {
        "type": "Direct",
        "requested": "[1.11.18, 1.11.18]",
        "resolved": "1.11.18",
        "contentHash": "t0XpUkdyBBBv/0S4oGx3yUJG1iPYWc38odvZW8mVoioSxZOJrRkRHpNfwYxTxtP4LIEyyesOPEH42d05FHfHzA=="
      },
      "nanoFramework.Runtime.Native": {
        "type": "Direct",
        "requested": "[1.6.12, 1.6.12]",
        "resolved": "1.6.12",
        "contentHash": "RlJ882CK7D2HkkGHDw1a2xgiEM+1+Nd6iTA+OmzF5QIxbv0SX9qBesueIWsc6RsiQGqBEeBXh4zZ2+TBGL62VQ=="
      },
      "nanoFramework.System.Collections": {
        "type": "Direct",
        "requested": "[1.5.31, 1.5.31]",
        "resolved": "1.5.31",
        "contentHash": "q7G0BHkbhUzpUJiOQNlZZDSMcZEU2/QJBDiSEQAF23wOya4EBaCXS74jAVcEfkHBgOkF413jKZq5vldpjqUfUw=="
      },
      "nanoFramework.System.Device.Adc": {
        "type": "Direct",
        "requested": "[1.1.11, 1.1.11]",
        "resolved": "1.1.11",
        "contentHash": "BlFm2MR2Os6ab++EnW6RiZ4860F1ge48mSBbqsqVXnP5xvkfE03Hop4TyqTHWQbLFKcubCc5CMkH9xxuABR6UQ=="
      },
      "nanoFramework.System.Device.Gpio": {
        "type": "Direct",
        "requested": "[1.1.41, 1.1.41]",
        "resolved": "1.1.41",
        "contentHash": "5QnpdfvjxOvka2S5IHSdKudWmkH+CDQ3TFFuXOGuNlgZJFsAx0/k5zuwgJYkxIyGbL8kdcjBWLyDNdihjA1pUg=="
      },
      "nanoFramework.System.Device.I2c": {
        "type": "Direct",
        "requested": "[1.1.16, 1.1.16]",
        "resolved": "1.1.16",
        "contentHash": "33YPnlZVjFwx0mOhdKTOggx+TvbjTD3WZ6rkSB33ytF9fHoqfvS1AYr4+ScUHW4z2yE7vxVWBol5mI7iEg4Aiw=="
      },
      "nanoFramework.System.Device.Wifi": {
        "type": "Direct",
        "requested": "[1.5.91, 1.5.91]",
        "resolved": "1.5.91",
        "contentHash": "EvtGPKTJ1uNiOYQ/yZzq6jO1M/wBqerSP5Bmvrm/oOj6Gjjsyq6XDgpFT/qpJpLtIFFluAN+hIeysJKQzZyOxw=="
      },
      "nanoFramework.System.IO.FileSystem": {
        "type": "Direct",
        "requested": "[1.1.54, 1.1.54]",
        "resolved": "1.1.54",
        "contentHash": "K1QPNbrksqw4yjQ/GXgz1Q0hZBi3zi1A8/FUAhYsq8bESVNUFjNpvxHPSDw1gV8DzEg5jH5e9Z2VrAncTQogFQ=="
      },
      "nanoFramework.System.IO.Ports": {
        "type": "Direct",
        "requested": "[1.1.86, 1.1.86]",
        "resolved": "1.1.86",
        "contentHash": "jZZFiZJjJYmxnxWKtC3rHDqZsiUvAlkweeIWJL2A8+rqyAEDmX2NdBSiE5FEWr6EaQ00MsSbwDertyYXVxBgAg=="
      },
      "nanoFramework.System.IO.Streams": {
        "type": "Direct",
        "requested": "[1.1.59, 1.1.59]",
        "resolved": "1.1.59",
        "contentHash": "A8DSQ9ygUnhDltHsVuJjxs3aRrig9hmeEDZgAFfQ4roaaHpHS/IN1gwCEYcV+I6wfsnEnojn3FQJh43Iw07ukg=="
      },
      "nanoFramework.System.Net": {
        "type": "Direct",
        "requested": "[1.11.1, 1.11.1]",
        "resolved": "1.11.1",
        "contentHash": "TgHj3JFlGScw+0/l2Rix7uSLrb+pc/IFHJTQwcEogUlF4gtV18B52JUtrxYiLAR1KyFxwsGiA9txrTHPAZBvXQ=="
      },
      "nanoFramework.System.Runtime": {
        "type": "Direct",
        "requested": "[1.0.27, 1.0.27]",
        "resolved": "1.0.27",
        "contentHash": "aMwvQV6AR+XlDc+dHR/fWWnTe5dc7LDaqZS0ccfmd31Y39dZnmX3iQB2wXWtZGvXLCC+obc3IF3Vc70FiG0raw=="
      },
      "nanoFramework.System.Text": {
        "type": "Direct",
        "requested": "[1.2.54, 1.2.54]",
        "resolved": "1.2.54",
        "contentHash": "k3OutSNRMs9di42LQ+5GbpHBY07aMEZWGkaS3Mj3ZU4cWqJc4deFGzRd+LBFQl1mRGdQaM5sl/euTZdcg8R9Zg=="
      },
      "nanoFramework.System.Threading": {
        "type": "Direct",
        "requested": "[1.1.32, 1.1.32]",
        "resolved": "1.1.32",
        "contentHash": "6o7Y4gH15FLuo2FWGLecABiCD57V5QMf5g/hEneV64VmhoXI8Bk7r6BDBPTfAePs738xbc1ECpA5dJmbSmtilg=="
      },
      "UnitsNet.nanoFramework.ElectricCurrent": {
        "type": "Direct",
        "requested": "[5.58.0, 5.58.0]",
        "resolved": "5.58.0",
        "contentHash": "lZriBgrHhpUEqXXXW1+i/sILQlJYwbVpuYGkUD85aJ94COmAXQuOVucWvx3EltJAUWciUJGY0C/UJZH20veanw=="
      },
      "UnitsNet.nanoFramework.ElectricPotential": {
        "type": "Direct",
        "requested": "[5.58.0, 5.58.0]",
        "resolved": "5.58.0",
        "contentHash": "4vSEYcS+Y7WHhhz/fROG/VUBZHaKrcp8e++d9tGc7RGJtP7pWpwxbOm9SsXMvQv7Yr+7LpkBskdGTp+gVtUN7A=="
      },
      "UnitsNet.nanoFramework.Power": {
        "type": "Direct",
        "requested": "[5.58.0, 5.58.0]",
        "resolved": "5.58.0",
        "contentHash": "DC2pVHcPrUE2vgkSXVM89nWrGSdCd9aiDYwpRBbG++ZHjSKZnKTlxwAinA23A4cFObNbw5Ujnhs/dcqhgn+ucw=="
      },
      "UnitsNet.nanoFramework.Temperature": {
        "type": "Direct",
        "requested": "[5.58.0, 5.58.0]",
        "resolved": "5.58.0",
        "contentHash": "WV1k8KHLU++c/kF7uTBuXm4AYd5xUrzyxfdfje1Z7eMTCkxSDC0nmZN8bVaSiHVF5jODaer7sewZMkMSKg0FtA=="
      }
    }
  }
}