{
  "version": 1,
  "dependencies": {
    ".NETnanoFramework,Version=v1.0": {
      "nanoFramework.CoreLibrary": {
        "type": "Direct",
        "requested": "[1.12.0, 1.12.0]",
        "resolved": "1.12.0",
        "contentHash": "qQrFNXmJiStMC4VXk5cVMOJp23/qlT9FW5i9i+igwQVwraQTtvpkam8yK1hj992jqrbjoCIFZP4Hw9E8H0pB7w=="
      },
      "nanoFramework.Graphics": {
        "type": "Direct",
        "requested": "[1.0.3.6, 1.0.3.6]",
        "resolved": "1.0.3.6",
        "contentHash": "D6k4XHxij3gcWxUzknkI95/CWb5cptS+zIF5BOHtZkEe97Uf/lLdsV7o2nAPXUSVo1PTJ4YVavUuUo/Oy1I4qA=="
      },
      "nanoFramework.Iot.Device.Axp192": {
        "type": "Direct",
        "requested": "[1.2.87, 1.2.87]",
        "resolved": "1.2.87",
        "contentHash": "H60cU0kCFy3Z1kpayI7IRELxvkwqEMX1UbHDe5STWfYeYvq7gAT1VtOHBl0jsAQcQ5oZjdqMCWoEV+8vAkyeaA=="
      },
      "nanoFramework.Iot.Device.Chsc6540": {
        "type": "Direct",
        "requested": "[1.1.82, 1.1.82]",
        "resolved": "1.1.82",
        "contentHash": "Mk+8YmyUQUKty2IbzLNOWkKgnBbGMVp9EnhjWFriGqcxx+yQPL4+ZcMg5Ez/pO00HMh3YjeJGw+TIVuLha0xdw=="
      },
      "nanoFramework.ResourceManager": {
        "type": "Direct",
        "requested": "[1.1.4, 1.1.4]",
        "resolved": "1.1.4",
        "contentHash": "8zjwWAvmu1nni90lR+YJzDm2QpozCiZPG9FjBUPxFo06mehvvofCSZcVORWjXVGNO6wBCxkkuaZNVg9GlyK+CQ=="
      },
      "nanoFramework.Runtime.Events": {
        "type": "Direct",
        "requested": "[1.10.0, 1.10.0]",
        "resolved": "1.10.0",
        "contentHash": "ZRDjzVoTdc6+3sUNk9vORz4HHonYYGM4ED2V8VcfkYC8xQ8VFoaP8U6mXLd70ocmyhGaP9GK86sxHUQykSK7vA=="
      },
      "nanoFramework.Runtime.Native": {
        "type": "Direct",
        "requested": "[1.5.4, 1.5.4]",
        "resolved": "1.5.4",
        "contentHash": "qfaOY1O5TOEw//MO4AOWRq5CdZXTfd3KnsGTNU2yw+IEYKiQLPkJhtF3ufF/S04xfXL556S2kOFG3/RZrwQ4Qw=="
      },
      "nanoFramework.System.Collections": {
        "type": "Direct",
        "requested": "[1.4.0, 1.4.0]",
        "resolved": "1.4.0",
        "contentHash": "/yFwxtCFzi+24NuyxcwlH1YyBGOxRX4oHGLwVmFbgbvOyx3ny/Mwyk2YjHTzmTSgUg9C2XxPF+EkXWwCOAkytw=="
      },
      "nanoFramework.System.Device.Adc": {
        "type": "Direct",
        "requested": "[1.0.2, 1.0.2]",
        "resolved": "1.0.2",
        "contentHash": "/f18OmqSLLXW1iI2jeTjaUqDCGWkf8ISu4e8au6H7V6W0kEzwcolSoDL8o7reo4pYCOrULI25/TKnBtRhJNiBw=="
      },
      "nanoFramework.System.Device.Gpio": {
        "type": "Direct",
        "requested": "[1.1.18, 1.1.18]",
        "resolved": "1.1.18",
        "contentHash": "XbZflvZi1i6uAzhfGVXdSH4naa2St9AbGi1r+iaC6CjXNohRUdVAaJk5wM69YcBW1Hd+7Y790TmJkeT9JtApnw=="
      },
      "nanoFramework.System.Device.I2c": {
        "type": "Direct",
        "requested": "[1.0.3, 1.0.3]",
        "resolved": "1.0.3",
        "contentHash": "hRrolSxrzymKBM6ha7KI5VOpIpvxlFbUEw2dHMq0llPC7wkKe+kYai8QMFRRro4DbvIiE67UOMNefjqGK4cxkg=="
      },
      "nanoFramework.System.Device.Wifi": {
        "type": "Direct",
        "requested": "[1.5.20, 1.5.20]",
        "resolved": "1.5.20",
        "contentHash": "O2DCpB5E2ZInxN+g8ODr0pSy9nxPofHmLEzWeWjMPldzC1UONNpXd3abGb9agkEMGWn4BW6+Eoa1gag4eiIJ6Q=="
      },
      "nanoFramework.System.IO.Ports": {
        "type": "Direct",
        "requested": "[1.1.25, 1.1.25]",
        "resolved": "1.1.25",
        "contentHash": "hQGNx2jG2QECN7ScM/nKg5/ZUViCLqMv9gZHsYw6l3+OrhnrWMaasYDPwZtaDvCe/d9a3Nj7QCe+txuUiwr36Q=="
      },
      "nanoFramework.System.IO.Streams": {
        "type": "Direct",
        "requested": "[1.1.15, 1.1.15]",
        "resolved": "1.1.15",
        "contentHash": "eb7Zz3G301mgRo13n609wZvyaXZ/C9unPYn5Vz34OAEdGX1RDJufpcW+2v28ux3goj8x2BXuj717d4VVVJUotA=="
      },
      "nanoFramework.System.Net": {
        "type": "Direct",
        "requested": "[1.10.14, 1.10.14]",
        "resolved": "1.10.14",
        "contentHash": "vY6FH/avkBR9YMyKSuR6xidCh2ig9kjNaDNrqVkxxhXHRLOK7m8f7f1oVGLidBD2EH180Lb9nJ6DRXTYMjg6vQ=="
      },
      "nanoFramework.System.Text": {
        "type": "Direct",
        "requested": "[1.2.7, 1.2.7]",
        "resolved": "1.2.7",
        "contentHash": "ax4CrqYHNXoEBjaIW7dIv1CM4PxWcCc6lN2xSzGLZf7F/JZ0O7t0el86PPN2P/DfOyyBKSDAmrZjEx4q8mvgSw=="
      },
      "nanoFramework.System.Threading": {
        "type": "Direct",
        "requested": "[1.1.8, 1.1.8]",
        "resolved": "1.1.8",
        "contentHash": "oES5GN3KHoDzifRNr06WM7P9NaQf+kDmIYkr1ETR2awmERHz4sRpECduGEatwyo1vMhMvZY/KoBcEpAyKNbDgQ=="
      },
      "UnitsNet.nanoFramework.ElectricCurrent": {
        "type": "Direct",
        "requested": "[4.145.0, 4.145.0]",
        "resolved": "4.145.0",
        "contentHash": "CEb1r7X2xNav30H6AGQORg+8obJlh/9Zbn54JHeWOYJz6YFAcsl8z5RdOJyrUKpPwPHkIgepFf6um3IBIUoC2w=="
      },
      "UnitsNet.nanoFramework.ElectricPotential": {
        "type": "Direct",
        "requested": "[4.145.0, 4.145.0]",
        "resolved": "4.145.0",
        "contentHash": "47EH4ZvREr3Alb4pP41HadHdKLE7l0WaO42N1gWGitDayb3aEvdSo2srcTUurCNTlxAQWrS/xh0N1n37GZMc+g=="
      },
      "UnitsNet.nanoFramework.Power": {
        "type": "Direct",
        "requested": "[4.145.0, 4.145.0]",
        "resolved": "4.145.0",
        "contentHash": "Xcn665ZzoQ7BFvqj9wFYSuUKscK+0HUeqgol4VHL5kAQoiCyN0HDO/LZxvT8isvwLzhyBuXmjYsaPqVyFKIi0Q=="
      },
      "UnitsNet.nanoFramework.Temperature": {
        "type": "Direct",
        "requested": "[4.145.0, 4.145.0]",
        "resolved": "4.145.0",
        "contentHash": "lhiS0ovxBCVxTBEg9hUzefZ1AXK2X+rncZnMFQ4c165wqstmkyx9evWq5F013FKeya8dLy93a+1LR/PkAcYfKw=="
      }
    }
  }
}