{
  "version": 1,
  "dependencies": {
    ".NETnanoFramework,Version=v1.0": {
      "nanoFramework.CoreLibrary": {
        "type": "Direct",
        "requested": "[1.15.5, 1.15.5]",
        "resolved": "1.15.5",
        "contentHash": "u2+GvAp1uxLrGdILACAZy+EVKOs28EQ52j8Lz7599egXZ3GBGejjnR2ofhjMQwzrJLlgtyrsx8nSLngDfJNsAg=="
      },
      "nanoFramework.Graphics": {
        "type": "Direct",
        "requested": "[1.2.4, 1.2.4]",
        "resolved": "1.2.4",
        "contentHash": "7FdmYz79R0Ky3sYWmbsx0CHS+SbPshd8FUGCeJyighaFmz6NCZUuXohThIVtxIykcN5X5wHYeKUjNtBvN8CpOw=="
      },
      "nanoFramework.Graphics.Core": {
        "type": "Direct",
        "requested": "[1.2.4, 1.2.4]",
        "resolved": "1.2.4",
        "contentHash": "rr9GjMQ3Fucn3LQllQOR1D6DAwEF731GRCBxMIqz4YYpPtidy4XsCSyetZeW/ArMoqYRFwyPqaMtKDhrIHwnDg=="
      },
      "nanoFramework.Iot.Device.Axp192": {
        "type": "Direct",
        "requested": "[1.2.536, 1.2.536]",
        "resolved": "1.2.536",
        "contentHash": "V9yegWF422LiPLZNPwR4OpFbWqlG28kmBSnp1qzcvbMQAWbb3GyVpxfochWbBjhYAWjS27fpCK19ifoKbK3t0w=="
      },
      "nanoFramework.Iot.Device.Chsc6540": {
        "type": "Direct",
        "requested": "[1.1.436, 1.1.436]",
        "resolved": "1.1.436",
        "contentHash": "Z5Ad163Mqv3zSMNCcQLhKszyZ7Dd2s3r0gXohqZFA+ybWXRt9iv0xWCsB+oH7waK5n5z6C9s4sjUU95oCDfLUg=="
      },
      "nanoFramework.ResourceManager": {
        "type": "Direct",
        "requested": "[1.2.19, 1.2.19]",
        "resolved": "1.2.19",
        "contentHash": "LogHT5t1yvy8aMz7zv3AUDgZQEkzn1sDFBGGan2ceSnoyO0S3CD6VbAmA6+na30cEAy6Xczj7B6wr6SVuA1GNQ=="
      },
      "nanoFramework.Runtime.Events": {
        "type": "Direct",
        "requested": "[1.11.18, 1.11.18]",
        "resolved": "1.11.18",
        "contentHash": "t0XpUkdyBBBv/0S4oGx3yUJG1iPYWc38odvZW8mVoioSxZOJrRkRHpNfwYxTxtP4LIEyyesOPEH42d05FHfHzA=="
      },
      "nanoFramework.Runtime.Native": {
        "type": "Direct",
        "requested": "[1.6.12, 1.6.12]",
        "resolved": "1.6.12",
        "contentHash": "RlJ882CK7D2HkkGHDw1a2xgiEM+1+Nd6iTA+OmzF5QIxbv0SX9qBesueIWsc6RsiQGqBEeBXh4zZ2+TBGL62VQ=="
      },
      "nanoFramework.System.Collections": {
        "type": "Direct",
        "requested": "[1.5.31, 1.5.31]",
        "resolved": "1.5.31",
        "contentHash": "q7G0BHkbhUzpUJiOQNlZZDSMcZEU2/QJBDiSEQAF23wOya4EBaCXS74jAVcEfkHBgOkF413jKZq5vldpjqUfUw=="
      },
      "nanoFramework.System.Device.Adc": {
        "type": "Direct",
        "requested": "[1.1.11, 1.1.11]",
        "resolved": "1.1.11",
        "contentHash": "BlFm2MR2Os6ab++EnW6RiZ4860F1ge48mSBbqsqVXnP5xvkfE03Hop4TyqTHWQbLFKcubCc5CMkH9xxuABR6UQ=="
      },
      "nanoFramework.System.Device.Gpio": {
        "type": "Direct",
        "requested": "[1.1.38, 1.1.38]",
        "resolved": "1.1.38",
        "contentHash": "t2em7yn9sZpWWj52Xh4f4JjzUQX8/UB7C+XMnMiSGileGhRg86IwszA5/0bGUgc/dKC/AYRSqraPiEB0Q6jhBA=="
      },
      "nanoFramework.System.Device.I2c": {
        "type": "Direct",
        "requested": "[1.1.16, 1.1.16]",
        "resolved": "1.1.16",
        "contentHash": "33YPnlZVjFwx0mOhdKTOggx+TvbjTD3WZ6rkSB33ytF9fHoqfvS1AYr4+ScUHW4z2yE7vxVWBol5mI7iEg4Aiw=="
      },
      "nanoFramework.System.Device.Wifi": {
        "type": "Direct",
        "requested": "[1.5.81, 1.5.81]",
        "resolved": "1.5.81",
        "contentHash": "2yPs2Q/Ptd6oPka0h4D0JluSa/hf+wIWYhsqAz6CIEtHxiDBTq7WzplY7+lgasBl1c0jXJuJBrdr1HJVbqAC2A=="
      },
      "nanoFramework.System.IO.FileSystem": {
        "type": "Direct",
        "requested": "[1.1.45, 1.1.45]",
        "resolved": "1.1.45",
        "contentHash": "/B4oQ2m+Nk2ZBDlxcwbANmNzYvEHYMtOdUPYqfFHDltMzBnEkzyylmC9U140nqy5Uyx0kUDLW0/SxYT3u3ajlA=="
      },
      "nanoFramework.System.IO.Ports": {
        "type": "Direct",
        "requested": "[1.1.84, 1.1.84]",
        "resolved": "1.1.84",
        "contentHash": "Md0t/qHwwheOXsAAQDznFXPPEkMTfUBNVMu+NCNEeGfaJk8PYkoRwcZDv/Ej4B2DguEO3I9RZtiCOEzrmXCZLw=="
      },
      "nanoFramework.System.IO.Streams": {
        "type": "Direct",
        "requested": "[1.1.59, 1.1.59]",
        "resolved": "1.1.59",
        "contentHash": "A8DSQ9ygUnhDltHsVuJjxs3aRrig9hmeEDZgAFfQ4roaaHpHS/IN1gwCEYcV+I6wfsnEnojn3FQJh43Iw07ukg=="
      },
      "nanoFramework.System.Net": {
        "type": "Direct",
        "requested": "[1.10.77, 1.10.77]",
        "resolved": "1.10.77",
        "contentHash": "d/zIQqt0Y4e49tmtc2sfluE3DQa3w6hj3DHXVt5B+R2onytIJaKzJy8k8qYVyVy+EQLhdruyvcHSTIaygZrUzQ=="
      },
      "nanoFramework.System.Runtime": {
        "type": "Direct",
        "requested": "[1.0.6, 1.0.6]",
        "resolved": "1.0.6",
        "contentHash": "n87itPUMSsOJkUsdoXr0vhiBTggZBMgCtIIC7c+RsVAhF2u/0TU/h+ZLNyFL8Xhl0taPcTN4LiPPTkI+e95Q/g=="
      },
      "nanoFramework.System.Text": {
        "type": "Direct",
        "requested": "[1.2.54, 1.2.54]",
        "resolved": "1.2.54",
        "contentHash": "k3OutSNRMs9di42LQ+5GbpHBY07aMEZWGkaS3Mj3ZU4cWqJc4deFGzRd+LBFQl1mRGdQaM5sl/euTZdcg8R9Zg=="
      },
      "nanoFramework.System.Threading": {
        "type": "Direct",
        "requested": "[1.1.32, 1.1.32]",
        "resolved": "1.1.32",
        "contentHash": "6o7Y4gH15FLuo2FWGLecABiCD57V5QMf5g/hEneV64VmhoXI8Bk7r6BDBPTfAePs738xbc1ECpA5dJmbSmtilg=="
      },
      "UnitsNet.nanoFramework.ElectricCurrent": {
        "type": "Direct",
        "requested": "[5.50.0, 5.50.0]",
        "resolved": "5.50.0",
        "contentHash": "koQKRmeHEEO6msPsGUhAxtFc6NqUORVbg/H1jpV3eUUTJ2vrCwDI/t1uYElYX8+XSl1xcAGknIUn14SWdIlEcw=="
      },
      "UnitsNet.nanoFramework.ElectricPotential": {
        "type": "Direct",
        "requested": "[5.50.0, 5.50.0]",
        "resolved": "5.50.0",
        "contentHash": "yIvNsTqvev7g0vbKZGb2RYbMgPvRUbNxcDu3M3XScqmZIx70I0MG/MrN9NSXAzDoDVws2myWDmjp/d7vF8KiWA=="
      },
      "UnitsNet.nanoFramework.Power": {
        "type": "Direct",
        "requested": "[5.50.0, 5.50.0]",
        "resolved": "5.50.0",
        "contentHash": "fojZxaiTubyg1K1MH7B7iD0JH15H+t5FoJdCKi2JE6WOFs3/+q9h0TuRpwr4b3MjuF62DWQMM7YU4oJWC087oQ=="
      },
      "UnitsNet.nanoFramework.Temperature": {
        "type": "Direct",
        "requested": "[5.50.0, 5.50.0]",
        "resolved": "5.50.0",
        "contentHash": "2P9kaZ88WejMTYDEpWtJ7NaZaQ2EMxyYvOzKiFN5p1Su7pPTFv6Bn+bTqPghs9OUIgzVQi6aDwm5q1XX22oSpw=="
      }
    }
  }
}