{
  "version": 1,
  "dependencies": {
    ".NETnanoFramework,Version=v1.0": {
      "nanoFramework.CoreLibrary": {
        "type": "Direct",
        "requested": "[1.15.5, 1.15.5]",
        "resolved": "1.15.5",
        "contentHash": "u2+GvAp1uxLrGdILACAZy+EVKOs28EQ52j8Lz7599egXZ3GBGejjnR2ofhjMQwzrJLlgtyrsx8nSLngDfJNsAg=="
      },
      "nanoFramework.Graphics.Core": {
        "type": "Direct",
        "requested": "[1.2.4, 1.2.4]",
        "resolved": "1.2.4",
        "contentHash": "rr9GjMQ3Fucn3LQllQOR1D6DAwEF731GRCBxMIqz4YYpPtidy4XsCSyetZeW/ArMoqYRFwyPqaMtKDhrIHwnDg=="
      },
      "nanoFramework.Hardware.Esp32.Rmt": {
        "type": "Direct",
        "requested": "[2.0.7, 2.0.7]",
        "resolved": "2.0.7",
        "contentHash": "o8YN260NWION1GzRDEMWVE8RdMD3e26T18afue1UUCws27nndjQ69uTk67VCF6T8Ycu+h55hQ7KjzHrxaTXV7g=="
      },
      "nanoFramework.Iot.Device.Button": {
        "type": "Direct",
        "requested": "[1.2.436, 1.2.436]",
        "resolved": "1.2.436",
        "contentHash": "gMNj4Iy0aN+ktGD8ODAoyAF9gbYUnJX2/o9I2rGFS8o4znIq5r4tvu2+beSpgjD5TgHO8slqWYtKNeVv5FZmZw=="
      },
      "nanoFramework.Iot.Device.Ws28xx.Esp32": {
        "type": "Direct",
        "requested": "[1.2.436, 1.2.436]",
        "resolved": "1.2.436",
        "contentHash": "2Dl7/lkeiKTakyp1Bd/DagGnlvdJ2dyjjxdNWBaz6JysWsTkwd8q6+hXM+7lLB670pib93FEtc4Xt0t2UKV79w=="
      },
      "nanoFramework.Runtime.Events": {
        "type": "Direct",
        "requested": "[1.11.15, 1.11.15]",
        "resolved": "1.11.15",
        "contentHash": "3uDNSTfiaewDAyi6fOMWYru0JCn/gr8DEv+Ro/V12SzojU9Dyxl5nSVOBtBXts7vErfIthB6SPiK180AMnrI8A=="
      },
      "nanoFramework.System.Device.Gpio": {
        "type": "Direct",
        "requested": "[1.1.38, 1.1.38]",
        "resolved": "1.1.38",
        "contentHash": "t2em7yn9sZpWWj52Xh4f4JjzUQX8/UB7C+XMnMiSGileGhRg86IwszA5/0bGUgc/dKC/AYRSqraPiEB0Q6jhBA=="
      }
    }
  }
}