{
  "version": 1,
  "dependencies": {
    ".NETnanoFramework,Version=v1.0": {
      "nanoFramework.CoreLibrary": {
        "type": "Direct",
        "requested": "[1.16.1, 1.16.1]",
        "resolved": "1.16.1",
        "contentHash": "pUQR6+CuheWC6UXkiIXhmknPkm50OYuKs6TcIBieV50D1R991QSJUFWjM1AixT/37REh8rzx2OAPgX6YDs06zA=="
      },
      "nanoFramework.Graphics.Core": {
        "type": "Direct",
        "requested": "[1.2.33, 1.2.33]",
        "resolved": "1.2.33",
        "contentHash": "+rpY3Ur78T3gDOPkE6zThYtlC2DNpFw4V1dJGit3QrtnX/dJMuLY1DHbbE3mVyJ6D7Vt7NqX2QwhO5MTcwy36g=="
      },
      "nanoFramework.Hardware.Esp32.Rmt": {
        "type": "Direct",
        "requested": "[2.0.13, 2.0.13]",
        "resolved": "2.0.13",
        "contentHash": "JWVYJ+8SgySh/QXRk2YJ3q/ZfPSq7Q4PBd9qpRpBEQ8XjhrLOWiIc/jhAqVSs5BG73K/j0wot1tSNOOBh8mWIw=="
      },
      "nanoFramework.Iot.Device.Button": {
        "type": "Direct",
        "requested": "[1.2.737, 1.2.737]",
        "resolved": "1.2.737",
        "contentHash": "sOcjpoHlsA7OXZCSpeLeO1XJQDIo3i1vTBhz1zko3Op4csrlrbld8jLD6XPfnsLkDypdP6SpThBZvIA6OkOdkg=="
      },
      "nanoFramework.Iot.Device.Ws28xx.Esp32": {
        "type": "Direct",
        "requested": "[1.2.737, 1.2.737]",
        "resolved": "1.2.737",
        "contentHash": "I7SpEYScQN12w0ThIxENgZAAxeLCjOilTby8+QI+ISzbDpF1fkBC6eK7HqmcW5mnTSR8Qs/iyvNmEVPffWg60Q=="
      },
      "nanoFramework.Runtime.Events": {
        "type": "Direct",
        "requested": "[1.11.26, 1.11.26]",
        "resolved": "1.11.26",
        "contentHash": "xFkgVKv2mnTEwXwNS3lqf2TH4b26TZhq1gqCWPCmLnA6tEpfNP6dpWkm9kwrQ7R2VIdDOtyi3CZhLNAB2bPARg=="
      },
      "nanoFramework.System.Device.Gpio": {
        "type": "Direct",
        "requested": "[1.1.41, 1.1.41]",
        "resolved": "1.1.41",
        "contentHash": "5QnpdfvjxOvka2S5IHSdKudWmkH+CDQ3TFFuXOGuNlgZJFsAx0/k5zuwgJYkxIyGbL8kdcjBWLyDNdihjA1pUg=="
      }
    }
  }
}