{
  "version": 1,
  "dependencies": {
    ".NETnanoFramework,Version=v1.0": {
      "nanoFramework.CoreLibrary": {
        "type": "Direct",
        "requested": "[1.17.11, 1.17.11]",
        "resolved": "1.17.11",
        "contentHash": "HezzAc0o2XrSGf85xSeD/6xsO6ohF9hX6/iMQ1IZS6Zw6umr4WfAN2Jv0BrPxkaYwzEegJxxZujkHoUIAqtOMw=="
      },
      "nanoFramework.Graphics.Core": {
        "type": "Direct",
        "requested": "[1.2.55, 1.2.55]",
        "resolved": "1.2.55",
        "contentHash": "0aK2q1Rl78YLXk8gAMCUD/hYnTaug4gmZ8YWQYd1Wp0LfTBF2GYaLl6AiVmsznvLTuHlGqQXPHzV1i9qnOstDw=="
      },
      "nanoFramework.Hardware.Esp32.Rmt": {
        "type": "Direct",
        "requested": "[3.0.1, 3.0.1]",
        "resolved": "3.0.1",
        "contentHash": "PpaWE8TgG58ttZkGNAJVTg4C4RPxMR2jOQt+K60DA8RrVXfJKkCy/ouwHh+Jv87piG+Rxkmxpl0g0ykkQMChrA=="
      },
      "nanoFramework.Iot.Device.Button": {
        "type": "Direct",
        "requested": "[1.2.1027, 1.2.1027]",
        "resolved": "1.2.1027",
        "contentHash": "SJ4c4+x5LU1OTa0Ps+3Xp7uNgzD6M8w/BJyxEDzeicDlYnlF15vbvnqjTDpl/Qf/uc+rfNIer5XVn7XBDpuLWw=="
      },
      "nanoFramework.Iot.Device.Ws28xx.Esp32": {
        "type": "Direct",
        "requested": "[1.2.1027, 1.2.1027]",
        "resolved": "1.2.1027",
        "contentHash": "rZj2ppwSRjR6MvIAhuZMuZbvTkZogUeUjavJTwkdyg+LdvyBq/Mc8hW11ScA75434TC+9HEUbEH54hUBRkLJdA=="
      },
      "nanoFramework.Runtime.Events": {
        "type": "Direct",
        "requested": "[1.11.39, 1.11.39]",
        "resolved": "1.11.39",
        "contentHash": "qNcgsk1QU5lTj2MgMYyF4iTx85YjFcAfJP9sYYydUlEXL1JaO2MnKGI3oBG4p20dJ1Fqi1ClIgKXJfAp9z80tA=="
      },
      "nanoFramework.System.Device.Gpio": {
        "type": "Direct",
        "requested": "[1.1.64, 1.1.64]",
        "resolved": "1.1.64",
        "contentHash": "V6pBMEbvBITr5bbX5LHrRQ7g7583FfzNuv7LY62udDecfpxjK3GFO9cEf5DHsQSqkV36VziCCkpP3ecYqLXK1A=="
      }
    }
  }
}