Microsoft Visual Studio Solution File, Format Version 12.00
# Visual Studio Version 16
VisualStudioVersion = 16.0.31729.503
MinimumVisualStudioVersion = 10.0.40219.1
Project("{11A8DD76-328B-46DF-9F39-F559912D0360}") = "nanoFramework.M5Stack", "nanoFramework.M5Stack\nanoFramework.M5Stack.nfproj", "{2C78D035-DBDA-4C38-AB58-8ADC22D763C3}"
EndProject
Project("{2150E333-8FDC-42A3-9474-1A3956D46DE8}") = "Solution Items", "Solution Items", "{0A689EB3-86E0-448E-99F4-3D644EC3D8C5}"
	ProjectSection(SolutionItems) = preProject
		nanoFramework.M5Stack.DELIVERABLES.nuspec = nanoFramework.M5Stack.DELIVERABLES.nuspec
		nanoFramework.M5Stack.nuspec = nanoFramework.M5Stack.nuspec
		NuGet.Config = NuGet.Config
		version.json = version.json
	EndProjectSection
EndProject
Project("{11A8DD76-328B-46DF-9F39-F559912D0360}") = "M5StackTestApp", "Tests\M5StackTestApp\M5StackTestApp.nfproj", "{90A94170-2C6B-4B22-BAA5-8212AC22219B}"
EndProject
Global
	GlobalSection(SolutionConfigurationPlatforms) = preSolution
		Debug|Any CPU = Debug|Any CPU
		Release|Any CPU = Release|Any CPU
	EndGlobalSection
	GlobalSection(ProjectConfigurationPlatforms) = postSolution
		{2C78D035-DBDA-4C38-AB58-8ADC22D763C3}.Debug|Any CPU.ActiveCfg = Debug|Any CPU
		{2C78D035-DBDA-4C38-AB58-8ADC22D763C3}.Debug|Any CPU.Build.0 = Debug|Any CPU
		{2C78D035-DBDA-4C38-AB58-8ADC22D763C3}.Debug|Any CPU.Deploy.0 = Debug|Any CPU
		{2C78D035-DBDA-4C38-AB58-8ADC22D763C3}.Release|Any CPU.ActiveCfg = Release|Any CPU
		{2C78D035-DBDA-4C38-AB58-8ADC22D763C3}.Release|Any CPU.Build.0 = Release|Any CPU
		{2C78D035-DBDA-4C38-AB58-8ADC22D763C3}.Release|Any CPU.Deploy.0 = Release|Any CPU
		{90A94170-2C6B-4B22-BAA5-8212AC22219B}.Debug|Any CPU.ActiveCfg = Debug|Any CPU
		{90A94170-2C6B-4B22-BAA5-8212AC22219B}.Debug|Any CPU.Build.0 = Debug|Any CPU
		{90A94170-2C6B-4B22-BAA5-8212AC22219B}.Debug|Any CPU.Deploy.0 = Debug|Any CPU
		{90A94170-2C6B-4B22-BAA5-8212AC22219B}.Release|Any CPU.ActiveCfg = Release|Any CPU
		{90A94170-2C6B-4B22-BAA5-8212AC22219B}.Release|Any CPU.Build.0 = Release|Any CPU
		{90A94170-2C6B-4B22-BAA5-8212AC22219B}.Release|Any CPU.Deploy.0 = Release|Any CPU
	EndGlobalSection
	GlobalSection(SolutionProperties) = preSolution
		HideSolutionNode = FALSE
	EndGlobalSection
	GlobalSection(ExtensibilityGlobals) = postSolution
		SolutionGuid = {DD82D7FF-B798-48A4-8506-2FBA0001D32F}
	EndGlobalSection
EndGlobal
