{
  "version": 1,
  "dependencies": {
    ".NETnanoFramework,Version=v1.0": {
      "nanoFramework.CoreLibrary": {
        "type": "Direct",
        "requested": "[2.0.0-preview.52, 2.0.0-preview.52]",
        "resolved": "2.0.0-preview.52",
        "contentHash": "cV9JEhoc2OV/UL602i5xmEwQpnn/gzVMlDTAIAMRxCNwBKNYLO9U50OkJykpGnO2SULTsmvFqQWEGZiuANBZHw=="
      },
      "nanoFramework.Graphics": {
        "type": "Direct",
        "requested": "[2.0.0-preview.26, 2.0.0-preview.26]",
        "resolved": "2.0.0-preview.26",
        "contentHash": "qeTZ+GYh4HTBncBG4Rp7wgkoopxK2moS21iMmlco8ij715TvDCZdpOXWBos5ewE5Zp1yU7GgIyPmVF1WxJ+7lA=="
      },
      "nanoFramework.Hardware.Esp32": {
        "type": "Direct",
        "requested": "[2.0.0-preview.11, 2.0.0-preview.11]",
        "resolved": "2.0.0-preview.11",
        "contentHash": "fmVLjUp9A1lUkGCcbZ4Ava0X1lecefwQv6ji+QQ5vv776hQBv2w4zrNbQIzDNILck6x4sf62mCP7i5ZiWRJ82w=="
      },
      "nanoFramework.Hardware.Esp32.Rmt": {
        "type": "Direct",
        "requested": "[3.0.0-preview.17, 3.0.0-preview.17]",
        "resolved": "3.0.0-preview.17",
        "contentHash": "FBdAVYDFpUKXPEz0aHeQxVxj9gqvVuSOnQRZGTik6Bj/zGRTjLTbuSuQh9U60nsWBiQr+t6KVc7NH8JIYMsPGA=="
      },
      "nanoFramework.Iot.Device.Axp192": {
        "type": "Direct",
        "requested": "[2.0.0-preview.80, 2.0.0-preview.80]",
        "resolved": "2.0.0-preview.80",
        "contentHash": "7SrqBinfscpkYoj1GNrr1h+DhVUjY3LEqxS+9E00LKhpFj5FAKDLxjFcqqT9KqgFTnGZ2LX31IsQOz77KXd7QA=="
      },
      "nanoFramework.Iot.Device.Button": {
        "type": "Direct",
        "requested": "[2.0.0-preview.80, 2.0.0-preview.80]",
        "resolved": "2.0.0-preview.80",
        "contentHash": "z15/BZVU01MDMCNPu5HNPkjXQIkKZ9U8x/2IA2o1F5vrxmAI/zMJP0nIyk+aWfcm8QQmpY/rDz/3r25fWQ4yGQ=="
      },
      "nanoFramework.Iot.Device.Common.NumberHelper": {
        "type": "Direct",
        "requested": "[2.0.0-preview.77, 2.0.0-preview.77]",
        "resolved": "2.0.0-preview.77",
        "contentHash": "6kWu50UQg8p5SgzgVb9g7UE5BHFdqbAkq/Y1SmJiDYrORF2FPHpCuiR/dfmDNz75xkZUVkEDbiTQdH+WkZdxng=="
      },
      "nanoFramework.Iot.Device.Mpu6886": {
        "type": "Direct",
        "requested": "[2.0.0-preview.80, 2.0.0-preview.80]",
        "resolved": "2.0.0-preview.80",
        "contentHash": "ekszIB7eWsB5prVQw26W/LCjvb0oJsOXZ5zkDTduDOopLvpJDMMzO8MNR0G0s7NJiDGUlplnCLhGoq2qnvC+gA=="
      },
      "nanoFramework.Iot.Device.Rtc": {
        "type": "Direct",
        "requested": "[2.0.0-preview.80, 2.0.0-preview.80]",
        "resolved": "2.0.0-preview.80",
        "contentHash": "YQBErOXxyZWOOnNcPp8BGlW79hCPlrg74QHmreeNCGCkJxcsCTSUBpWalr0/a/b9HJU0rpKctjqnJVILqK9nyw=="
      },
      "nanoFramework.ResourceManager": {
        "type": "Direct",
        "requested": "[2.0.0-preview.9, 2.0.0-preview.9]",
        "resolved": "2.0.0-preview.9",
        "contentHash": "ZPG7HV7/wkqEQZ7qkep6Y/8r66c0qyef2C4Fqw/vNsEFvOrU1waBccC+SiDZQwD9SsP3TiVxuXslty5Zixf5kA=="
      },
      "nanoFramework.Runtime.Events": {
        "type": "Direct",
        "requested": "[2.0.0-preview.13, 2.0.0-preview.13]",
        "resolved": "2.0.0-preview.13",
        "contentHash": "LmPsdvTKJ5HiJbX0FNFWWIvHh23kWmKWCIHggSnMrjaZnjXubqct75mQiB2aWtC7IW0PjGxB2A4cvtle3Zjvzg=="
      },
      "nanoFramework.Runtime.Native": {
        "type": "Direct",
        "requested": "[2.0.0-preview.24, 2.0.0-preview.24]",
        "resolved": "2.0.0-preview.24",
        "contentHash": "Now6efyS5UCQUBVO2bIcJin8m/gzH7W3/0NVwn++m9U3lh8JFr0G894Uz/FbjAPrRPckyNlrdDmXmlYau3uw4Q=="
      },
      "nanoFramework.System.Buffers.Binary.BinaryPrimitives": {
        "type": "Direct",
        "requested": "[2.0.0-preview.77, 2.0.0-preview.77]",
        "resolved": "2.0.0-preview.77",
        "contentHash": "uJJoIcsTYFh52M3b12XvYCPf8EVtw0eP7A0UDSctsv3FS6wXtIrdYfkEHW2OnpYrPGMSjckFDsW1RpBgpniXcg=="
      },
      "nanoFramework.System.Collections": {
        "type": "Direct",
        "requested": "[2.0.0-preview.14, 2.0.0-preview.14]",
        "resolved": "2.0.0-preview.14",
        "contentHash": "bD/aprDzvUS7UGXXnP1NxY2fVw2686gNtiDXt1CV3IMA6YKu7cGXdPXfO8RYDkPNkHJ8omuHNuyUaq0OhJH82g=="
      },
      "nanoFramework.System.Device.Gpio": {
        "type": "Direct",
        "requested": "[2.0.0-preview.18, 2.0.0-preview.18]",
        "resolved": "2.0.0-preview.18",
        "contentHash": "e5hKEwabzb4LOau0A0sPCggh2cgNBMR6EVo+dbGvGNwLCo1t9NN3Eoqjy7vI2KVrfUHQkLJV7cSOG/RJCOm9sw=="
      },
      "nanoFramework.System.Device.I2c": {
        "type": "Direct",
        "requested": "[2.0.0-preview.11, 2.0.0-preview.11]",
        "resolved": "2.0.0-preview.11",
        "contentHash": "bRJzm6P3oDwK78hO8cNncRTfw56c5piXfLWiT+fJBjfegVsfbuvOfXqy3/2odvY2mRZpbDNGjnHTXTsNJk5j+g=="
      },
      "nanoFramework.System.Device.Model": {
        "type": "Direct",
        "requested": "[2.0.0-preview.77, 2.0.0-preview.77]",
        "resolved": "2.0.0-preview.77",
        "contentHash": "t1dd8BPPv8gKP/47asWirdJ8YPa24jEusEfn6Gun6ApqLXZXTw9adrf85anLrc/l36QE17ZuOWzQjfUrsLp3jg=="
      },
      "nanoFramework.System.Diagnostics.Stopwatch": {
        "type": "Direct",
        "requested": "[2.0.0-preview.77, 2.0.0-preview.77]",
        "resolved": "2.0.0-preview.77",
        "contentHash": "sMsVTMdO6sd5ZefuaL58AgbHM/n3WKargfErwIS67kNSMsX7o/8BNpdZbJBtEJHfUaaBNjfuPSlBgSOcADefOQ=="
      },
      "nanoFramework.System.Math": {
        "type": "Direct",
        "requested": "[2.0.0-preview.13, 2.0.0-preview.13]",
        "resolved": "2.0.0-preview.13",
        "contentHash": "P2AmU71dut8LWyA3/jNiqUhsCmg4ltysuU4JFOFb7xuah4CLaq7LZfRlAIAUmiIxNZEghjp6sXoZUeZRLi61Sw=="
      },
      "nanoFramework.System.Numerics": {
        "type": "Direct",
        "requested": "[2.0.0-preview.77, 2.0.0-preview.77]",
        "resolved": "2.0.0-preview.77",
        "contentHash": "yWkXstu1a9h/1pZtYnmYV7aFOTl+weiW48wvTmUYpSVKjLL1Y6Y+RTke9TS6R0sh4SbwEdVWIjHB2D8C4VMUPg=="
      },
      "nanoFramework.UnitsNet.ElectricCurrent": {
        "type": "Direct",
        "requested": "[5.77.0-preview.14, 5.77.0-preview.14]",
        "resolved": "5.77.0-preview.14",
        "contentHash": "cLTI8LJY8eXIRoYGcfl2XQ+1RqUAmR+r3WCmvnKBwn3el3dS3uMwm864QPgul7ykOFsKuEc80k7Uoay9VoxsuA=="
      },
      "nanoFramework.UnitsNet.ElectricPotential": {
        "type": "Direct",
        "requested": "[5.77.0-preview.14, 5.77.0-preview.14]",
        "resolved": "5.77.0-preview.14",
        "contentHash": "43KzSMrGtxGQRmXX3yNxdygx05GH3Y3exo4dKEgpAEkla4OMAN7ZpgKc9TgkBNmNg/15ajC0AxLGWInXIqw4Ww=="
      },
      "nanoFramework.UnitsNet.Power": {
        "type": "Direct",
        "requested": "[5.77.0-preview.14, 5.77.0-preview.14]",
        "resolved": "5.77.0-preview.14",
        "contentHash": "H8StxLDlHYPgM2N/1T8T9HtiVcPkN2v1B9hBHzxVooFIJ9G5QB2JuBDUGZ2XF+zx0FH8r5a19Jo8Zl9Y5tSiNw=="
      },
      "nanoFramework.UnitsNet.Temperature": {
        "type": "Direct",
        "requested": "[5.77.0-preview.14, 5.77.0-preview.14]",
        "resolved": "5.77.0-preview.14",
        "contentHash": "WShK+Y6Z6b8gV5RqFiPVDxsVxoeGzOBbsmFsJN/ElecIGMDdKYmga6XcoSWiGSx1JdhZGZ5b1+wGm3tPVVxTAw=="
      }
    }
  }
}