{
  "version": 1,
  "dependencies": {
    ".NETnanoFramework,Version=v1.0": {
      "nanoFramework.CoreLibrary": {
        "type": "Direct",
        "requested": "[1.16.11, 1.16.11]",
        "resolved": "1.16.11",
        "contentHash": "2XW+Zn0lQ+lOcxDbB1l2ga2rNoj9Jv2IeJwXE4ka1r+swmxn5N/otlMJVEXJgK8trUeD/E8T7+J7dXjU8UReHw=="
      },
      "nanoFramework.Graphics": {
        "type": "Direct",
        "requested": "[1.2.35, 1.2.35]",
        "resolved": "1.2.35",
        "contentHash": "K9Qb+LZUSsDSZNymtlNSKLErXvxTmSVIQo5hIHCpU+dNyXLNEA8AFzBGggcrK3J95hRAOJk75vKLS2YQAXkWag=="
      },
      "nanoFramework.Graphics.Core": {
        "type": "Direct",
        "requested": "[1.2.35, 1.2.35]",
        "resolved": "1.2.35",
        "contentHash": "x7G28CjHL5VayU8ID49tR3apQeWQSGkwo85KnLri0zoc2NAN9b5TONaZc5J5OmO6vSE6B3jQRU3QmR+H+pOv2g=="
      },
      "nanoFramework.Hardware.Esp32": {
        "type": "Direct",
        "requested": "[1.6.29, 1.6.29]",
        "resolved": "1.6.29",
        "contentHash": "T1iCv9sr+Ir0SOEX93wz/DoxIZGjGj5ywgG73y3Tk8C96EWdSFzxTFmr/f5MPbrXbYoWL0BUAqnV0Nq9j3jXzw=="
      },
      "nanoFramework.Iot.Device.Axp192": {
        "type": "Direct",
        "requested": "[1.2.775, 1.2.775]",
        "resolved": "1.2.775",
        "contentHash": "yaUvv2vbqHM9mtlPdYyaeF2+JNRNmrS/8p211cYEjKoDtvQpU1IWUKjZMFqhdgOlV8vII+GMBTKTa/90bOEzcQ=="
      },
      "nanoFramework.Iot.Device.Chsc6540": {
        "type": "Direct",
        "requested": "[1.1.785, 1.1.785]",
        "resolved": "1.1.785",
        "contentHash": "HhLj+3Pi7sVjbB6uq0/D+pVqBsAYX1MN6CEeY+foLwnMOgR+v4lX5556t/WkYkI9/Wrf6KKolSRKrzAtg90EdA=="
      },
      "nanoFramework.Iot.Device.Common.NumberHelper": {
        "type": "Direct",
        "requested": "[1.2.771, 1.2.771]",
        "resolved": "1.2.771",
        "contentHash": "MC6pTpLWRm6JWU9ye+6kMWtvls7KvZ8+xcaVsrvmUxeZxO/s3GghJhPPaaY3MPbpTeJrnR/0JByPd1SwUyOokg=="
      },
      "nanoFramework.Iot.Device.Rtc": {
        "type": "Direct",
        "requested": "[1.2.775, 1.2.775]",
        "resolved": "1.2.775",
        "contentHash": "OKtq3u/mep3Q2nrcxDBSgdf5QV++vPIGlVJ/z6nJ/FwO9/ALBCx6iz/RIc+U05cIBWhmzJqrbUJuRkfCp7pDBA=="
      },
      "nanoFramework.ResourceManager": {
        "type": "Direct",
        "requested": "[1.2.29, 1.2.29]",
        "resolved": "1.2.29",
        "contentHash": "fOE/9120Jn9t5bvushNoLjqZuFKsBskzMm1dtdriqugDGIyeZcc91qyNUnHkU0/k66Ozq6t7tOiBlI/rLkNkoQ=="
      },
      "nanoFramework.Runtime.Events": {
        "type": "Direct",
        "requested": "[1.11.29, 1.11.29]",
        "resolved": "1.11.29",
        "contentHash": "y3Y0SNfr1afMor4xrsiB1ETldjKvmnzBTcEH5gizFFXw3RNBB/N8npWqkCJn4HZS0TEENlH2vVrib3bWYMx5+Q=="
      },
      "nanoFramework.Runtime.Native": {
        "type": "Direct",
        "requested": "[1.7.8, 1.7.8]",
        "resolved": "1.7.8",
        "contentHash": "8wWz/dUDJ3BHTVHNZ9VqLjaWyfn9OB1DU2iJgY7WvV/DkVMF3mLw80/3g5I5BfAUUhNq1DgQo8Id5yt4QOZq+g=="
      },
      "nanoFramework.System.Collections": {
        "type": "Direct",
        "requested": "[1.5.59, 1.5.59]",
        "resolved": "1.5.59",
        "contentHash": "wlA2L43ofEwwLY69fDaGhIPmqz5v7Ux8tdG/Iob/7QEn1KK8ecfDSLQlxWUIxxI+i1aTMvLcu8/whZPoq3OpLw=="
      },
      "nanoFramework.System.Device.Adc": {
        "type": "Direct",
        "requested": "[1.1.21, 1.1.21]",
        "resolved": "1.1.21",
        "contentHash": "6qWzqLbyrKyDIwohXxa9AoQ3e0YWMnmPClq/BQ3dDG2IplumbiIVjX0GyCULw5KqaS5axEQl0sPEjQqHbrVTkQ=="
      },
      "nanoFramework.System.Device.Dac": {
        "type": "Direct",
        "requested": "[1.5.23, 1.5.23]",
        "resolved": "1.5.23",
        "contentHash": "JKoIxUPXC9qQbfvTAp10XK5wXPsGBxhwKzLIzxu/L8x1QT/dEF6Vr1ekpn+D3VDraHruwlkO73qi4HCMdLi2Nw=="
      },
      "nanoFramework.System.Device.Gpio": {
        "type": "Direct",
        "requested": "[1.1.53, 1.1.53]",
        "resolved": "1.1.53",
        "contentHash": "7Pd5iAeWPGdtKUB+OJ0vPjL+d9tQAK0s0JxV1dfjh6PZcU38wykdK64oMqNmCbDFA0aiZl0UyFmz3zXchn39nQ=="
      },
      "nanoFramework.System.Device.I2c": {
        "type": "Direct",
        "requested": "[1.1.26, 1.1.26]",
        "resolved": "1.1.26",
        "contentHash": "LpTcH5PTIdPDLrCxH7KBS5PS57CpYznPy4sI5aqrsqZAqKTYV2m1dzuTfVHmU7Jbi9oN1KgRcUWmdbw4eOLy/A=="
      },
      "nanoFramework.System.Device.Spi": {
        "type": "Direct",
        "requested": "[1.3.73, 1.3.73]",
        "resolved": "1.3.73",
        "contentHash": "bHh4MYqJcOfWnWjWBzYWZ+BiZdnUWXdJQKn7saGAaJTdQNVmYOF4QLL0P0bzetgAsEgeQ/ULs69ITBK64/jbyw=="
      },
      "nanoFramework.System.IO.FileSystem": {
        "type": "Direct",
        "requested": "[1.1.78, 1.1.78]",
        "resolved": "1.1.78",
        "contentHash": "gQL7MbsENZHTBj84r1x2FshLd1z3QcNeZEo3CvarLop69x+E9y01ZQ4R/NpRiM822AnuOtEyX3KpkqYrc+i9uA=="
      },
      "nanoFramework.System.IO.Ports": {
        "type": "Direct",
        "requested": "[1.1.119, 1.1.119]",
        "resolved": "1.1.119",
        "contentHash": "gUmxQFAFGpoC0KVtKDEaXbbgT9Wzl/qRPb0FjuQgtks0dlURhz5q8Tcld0Hd9Ysg0ecF94nIDRAMKEjQBx495g=="
      },
      "nanoFramework.System.IO.Streams": {
        "type": "Direct",
        "requested": "[1.1.86, 1.1.86]",
        "resolved": "1.1.86",
        "contentHash": "Gyxka4hQVjT+oQFqE8wMcA39wZSZNKuOdtNJeIxsuJdjFi0+nnoAFrGtskqaIXVZdn2sSmTFKNahy4376YhPXQ=="
      },
      "nanoFramework.System.Text": {
        "type": "Direct",
        "requested": "[1.3.16, 1.3.16]",
        "resolved": "1.3.16",
        "contentHash": "riHpJLHPhObWXRNEaF5uayhOyO+AHCDV8yDQYGaG/2SrwWjv2hLH+sOKZEqm3Tvv5+RiGSF3nDgGDMxT46dokg=="
      },
      "nanoFramework.System.Threading": {
        "type": "Direct",
        "requested": "[1.1.46, 1.1.46]",
        "resolved": "1.1.46",
        "contentHash": "pd7tiHpOmCqe+2pxqqLyV+iRgg0pURe4xM2MgD6XZJTOyLOCrt0OksaOgBe8frqFfYOCjI1qSBwtVnZeG2SteA=="
      },
      "Nerdbank.GitVersioning": {
        "type": "Direct",
        "requested": "[3.7.115, 3.7.115]",
        "resolved": "3.7.115",
        "contentHash": "EpXamaAdRfG/BMxGgvZlTM0npRnkmXUjAj8OdNKd17t4oN+2nvjdv/KnFmzOOMDqvlwB49UCwtOHJrAQTfUBtQ=="
      },
      "UnitsNet.nanoFramework.ElectricCurrent": {
        "type": "Direct",
        "requested": "[5.69.0, 5.69.0]",
        "resolved": "5.69.0",
        "contentHash": "rkpL9LypUoTzzwugNEbh2CXuOGv1A4p+bJgqlVMl21pqVBzwK2hzykb4AQGvAZ+xGKOX8Ck7RoZv7oyPsVpOoQ=="
      },
      "UnitsNet.nanoFramework.ElectricPotential": {
        "type": "Direct",
        "requested": "[5.69.0, 5.69.0]",
        "resolved": "5.69.0",
        "contentHash": "f3m4v4RCaEY15AWF9AlR52LTSzT7vNsdvtot90v/t7yuzdayiGNVfJ+uQU77gwD61t4wkAaT4tdayqQRgas1NQ=="
      },
      "UnitsNet.nanoFramework.Power": {
        "type": "Direct",
        "requested": "[5.69.0, 5.69.0]",
        "resolved": "5.69.0",
        "contentHash": "u24xlGvzucNMGQZoFQH1WAsP9GICmBY/5zNg+VQnMpJBnwa3GDPg5FuopCI48a+t0IC2rhX7vhHGG8JjFY7unA=="
      },
      "UnitsNet.nanoFramework.Temperature": {
        "type": "Direct",
        "requested": "[5.69.0, 5.69.0]",
        "resolved": "5.69.0",
        "contentHash": "3reHwLt5aEoQDJPwqwa9kvoOzNm4zHlPM8+WA8VV6Cv3+lQcKXB3OdgSS5xhf6EMYdMGDgWWC5oETlkSIv44gw=="
      }
    }
  }
}