{
  "version": 1,
  "dependencies": {
    ".NETnanoFramework,Version=v1.0": {
      "nanoFramework.CoreLibrary": {
        "type": "Direct",
        "requested": "[1.16.1, 1.16.1]",
        "resolved": "1.16.1",
        "contentHash": "pUQR6+CuheWC6UXkiIXhmknPkm50OYuKs6TcIBieV50D1R991QSJUFWjM1AixT/37REh8rzx2OAPgX6YDs06zA=="
      },
      "nanoFramework.Graphics": {
        "type": "Direct",
        "requested": "[1.2.33, 1.2.33]",
        "resolved": "1.2.33",
        "contentHash": "J8qL+D/bOSbZeIvsKloU60z3vQUFN5WQYUD46otip1LncEwCZLyO/d79GuuHTb+ykPXvpFmAWpdNOUN4i6QFjw=="
      },
      "nanoFramework.Hardware.Esp32": {
        "type": "Direct",
        "requested": "[1.6.28, 1.6.28]",
        "resolved": "1.6.28",
        "contentHash": "qCSJwqE/77r95WOIUsqOi4w6Du4E80w5N6v8p+YLTt8RvJEgKsNxhMKw1eEixMWrM+QOcHWR4qTQASz/haGu2w=="
      },
      "nanoFramework.Hardware.Esp32.Rmt": {
        "type": "Direct",
        "requested": "[2.0.13, 2.0.13]",
        "resolved": "2.0.13",
        "contentHash": "JWVYJ+8SgySh/QXRk2YJ3q/ZfPSq7Q4PBd9qpRpBEQ8XjhrLOWiIc/jhAqVSs5BG73K/j0wot1tSNOOBh8mWIw=="
      },
      "nanoFramework.Iot.Device.Axp192": {
        "type": "Direct",
        "requested": "[1.2.743, 1.2.743]",
        "resolved": "1.2.743",
        "contentHash": "XGxTFiZ2IZ60tK+0WR3RRkF6gGG+Tbb1jNDispB6uGkKG4RWESuZ3PnsepskHmGZczlINZoCIYT3mE8pNamc6g=="
      },
      "nanoFramework.Iot.Device.Button": {
        "type": "Direct",
        "requested": "[1.2.737, 1.2.737]",
        "resolved": "1.2.737",
        "contentHash": "sOcjpoHlsA7OXZCSpeLeO1XJQDIo3i1vTBhz1zko3Op4csrlrbld8jLD6XPfnsLkDypdP6SpThBZvIA6OkOdkg=="
      },
      "nanoFramework.Iot.Device.Buzzer": {
        "type": "Direct",
        "requested": "[1.2.743, 1.2.743]",
        "resolved": "1.2.743",
        "contentHash": "pR4rg5Cx1jmxbYLqtshabNytsN/E9P4oPGO7ATUtn0/soJ1llgRbRt2WUzHWoKcb55RwGkfajNaxQ0rg1qGhqw=="
      },
      "nanoFramework.Iot.Device.Common.NumberHelper": {
        "type": "Direct",
        "requested": "[1.2.751, 1.2.751]",
        "resolved": "1.2.751",
        "contentHash": "sYwraFbpYsVFYxHX2SLGu9LpLMcOl4IVjZTzRnxeZMsqcoJQ25xiaQMLiaCS5rWVOSntY5DNZZbmlntuU2jsWg=="
      },
      "nanoFramework.Iot.Device.Mpu6886": {
        "type": "Direct",
        "requested": "[1.2.743, 1.2.743]",
        "resolved": "1.2.743",
        "contentHash": "7mqJcDVdLP5OcqwazV6T1agJWXAkJRHtFBjB9BQ04oHX4b/F2benDUgqGmfVgajRlzKKdxaH23tua4VxZbX4Gg=="
      },
      "nanoFramework.Iot.Device.Rtc": {
        "type": "Direct",
        "requested": "[1.2.743, 1.2.743]",
        "resolved": "1.2.743",
        "contentHash": "JWASX3R0dTCtmLlLTMXl3t6Cr38N8Ih1w6kxMghfgSnfx9RfUbqNC7swOj+Pg0iQ4FG/U90gQEICD+sXvosAuQ=="
      },
      "nanoFramework.ResourceManager": {
        "type": "Direct",
        "requested": "[1.2.28, 1.2.28]",
        "resolved": "1.2.28",
        "contentHash": "+HFJIsGkIjlICNqfqU6mckKTmLPMCYnyQJj+au+JvelYKTR8F9tX93Q+Q9ITVBFnuq5TswtbE4mxTv6+OILqEg=="
      },
      "nanoFramework.Runtime.Events": {
        "type": "Direct",
        "requested": "[1.11.26, 1.11.26]",
        "resolved": "1.11.26",
        "contentHash": "xFkgVKv2mnTEwXwNS3lqf2TH4b26TZhq1gqCWPCmLnA6tEpfNP6dpWkm9kwrQ7R2VIdDOtyi3CZhLNAB2bPARg=="
      },
      "nanoFramework.Runtime.Native": {
        "type": "Direct",
        "requested": "[1.7.7, 1.7.7]",
        "resolved": "1.7.7",
        "contentHash": "a38L9TxDdaZLYlgFShpwWOPjG2L0Su9tVOoFSq1v+nm5hU5mkxU5hEOykmEV4aGJEE2NvJkN+fj6LlZNyF/vHA=="
      },
      "nanoFramework.System.Buffers.Binary.BinaryPrimitives": {
        "type": "Direct",
        "requested": "[1.2.751, 1.2.751]",
        "resolved": "1.2.751",
        "contentHash": "ymxtJ/+P3NjN5WGG713EJs1dbCbxC5mMQBJBd189LN2fjeeGwD9Y6EMA5RL1XMH/4KrghHANbzJpkQjKErGdLA=="
      },
      "nanoFramework.System.Collections": {
        "type": "Direct",
        "requested": "[1.5.56, 1.5.56]",
        "resolved": "1.5.56",
        "contentHash": "epfglXpETWAi0UXqMYH+kqPVpQdjEcGnHCS3kitSVW3bGQ44qwNtXbjVGEWLjUUlRaaIn4ngwOOa9SVbf8qaqw=="
      },
      "nanoFramework.System.Device.Gpio": {
        "type": "Direct",
        "requested": "[1.1.41, 1.1.41]",
        "resolved": "1.1.41",
        "contentHash": "5QnpdfvjxOvka2S5IHSdKudWmkH+CDQ3TFFuXOGuNlgZJFsAx0/k5zuwgJYkxIyGbL8kdcjBWLyDNdihjA1pUg=="
      },
      "nanoFramework.System.Device.I2c": {
        "type": "Direct",
        "requested": "[1.1.25, 1.1.25]",
        "resolved": "1.1.25",
        "contentHash": "takcZmIdaZzS9C8xGXL65tM6qE+sO5N8HgCF/dKq0LO4AXm6SZ2oArre6wZWocstoIeOgwa11a4xX+WeLluUzw=="
      },
      "nanoFramework.System.Device.Model": {
        "type": "Direct",
        "requested": "[1.2.751, 1.2.751]",
        "resolved": "1.2.751",
        "contentHash": "9o3ChWA213pUpUq1kpyhmFfiapZVCIBumQgWRZ3yFVB6OdkYcG+2Niwwdk/S8a2FR5HZXZvRaSg4YeXwJ7Y2Fw=="
      },
      "nanoFramework.System.Device.Pwm": {
        "type": "Direct",
        "requested": "[1.1.19, 1.1.19]",
        "resolved": "1.1.19",
        "contentHash": "I0ZzEZ7VCBKFUyAnP6/mq4JRAhexyYc+T7ly7BDMU2BqnGdsh5biP0y+UV6nftt/V7erkTlksjg/+c4ZCx2GGw=="
      },
      "nanoFramework.System.Diagnostics.Stopwatch": {
        "type": "Direct",
        "requested": "[1.2.751, 1.2.751]",
        "resolved": "1.2.751",
        "contentHash": "Poh0BmEyUvOzeBiGVCdiTfIM5W4dXYdvRUe3P1C829VUbm/ICgLXR1HpMTRSo8SibF8gcT96ubHLnO9J3ZQZdw=="
      },
      "nanoFramework.System.Math": {
        "type": "Direct",
        "requested": "[1.5.86, 1.5.86]",
        "resolved": "1.5.86",
        "contentHash": "C2AKzDcu7bC7lZ+ZBsZRH4tP3dpUrd3auIWzuUCI+7E9f25snT+HoXChJfEykHeDWKcXF8RQePGRcIyHcphCNg=="
      },
      "nanoFramework.System.Numerics": {
        "type": "Direct",
        "requested": "[1.2.751, 1.2.751]",
        "resolved": "1.2.751",
        "contentHash": "+qVl8z7r2Fj1jcwVL7+udAlyzB2O46QLuLfIqnLfATH8wNiXwEFUoD17ayx+5MgpQi0ibfCAInsabcR07sW8gQ=="
      },
      "Nerdbank.GitVersioning": {
        "type": "Direct",
        "requested": "[3.7.115, 3.7.115]",
        "resolved": "3.7.115",
        "contentHash": "EpXamaAdRfG/BMxGgvZlTM0npRnkmXUjAj8OdNKd17t4oN+2nvjdv/KnFmzOOMDqvlwB49UCwtOHJrAQTfUBtQ=="
      },
      "UnitsNet.nanoFramework.ElectricCurrent": {
        "type": "Direct",
        "requested": "[5.67.0, 5.67.0]",
        "resolved": "5.67.0",
        "contentHash": "3cr6g4Kjqf9v5sk2m9e46RNVNEYKPqVZult3ymvQ9wsM/drgESALdWEzb7VeX9JKySnVK6PheRbYM7kpSPcVdQ=="
      },
      "UnitsNet.nanoFramework.ElectricPotential": {
        "type": "Direct",
        "requested": "[5.67.0, 5.67.0]",
        "resolved": "5.67.0",
        "contentHash": "yvTxMLJix1mJrX3g/XJEaWkmMxwv7lIMRsn+Iqb3zbpk9Zx8S5ronHwBW2RJeieViF4AI12DVgAl394uCr//sQ=="
      },
      "UnitsNet.nanoFramework.Frequency": {
        "type": "Direct",
        "requested": "[5.67.0, 5.67.0]",
        "resolved": "5.67.0",
        "contentHash": "Cbt5NmBFBWVzOIGX5MRZnJr9IutjdnHkq+RuSuJeD/yj+d8DiWTTgiEb18cHUvwHYpa7uqtsuZHdANgCG0MyFQ=="
      },
      "UnitsNet.nanoFramework.Power": {
        "type": "Direct",
        "requested": "[5.67.0, 5.67.0]",
        "resolved": "5.67.0",
        "contentHash": "WWNjfRmAn+QmGekTGDaDAcCKWv89mu9eKVcm6Qmkms9hvj66V6HXyg8wfA+RhoRMI0hS4uDgVmpENwjbT+G3Cg=="
      },
      "UnitsNet.nanoFramework.Temperature": {
        "type": "Direct",
        "requested": "[5.67.0, 5.67.0]",
        "resolved": "5.67.0",
        "contentHash": "RA9qXi+OldEsN/Kb22Y3NOVnHIkjB/oFesQEtV9z5B4kpt/RcD7w/ayWggvz+tvr2eKWwxyo1sYDLs0pMDJw9w=="
      }
    }
  }
}