{
  "version": 1,
  "dependencies": {
    ".NETnanoFramework,Version=v1.0": {
      "nanoFramework.CoreLibrary": {
        "type": "Direct",
        "requested": "[1.15.5, 1.15.5]",
        "resolved": "1.15.5",
        "contentHash": "u2+GvAp1uxLrGdILACAZy+EVKOs28EQ52j8Lz7599egXZ3GBGejjnR2ofhjMQwzrJLlgtyrsx8nSLngDfJNsAg=="
      },
      "nanoFramework.Graphics": {
        "type": "Direct",
        "requested": "[1.2.15, 1.2.15]",
        "resolved": "1.2.15",
        "contentHash": "v5lX0Z3LIvUCuBevTJoVQqi+X5uMI3phAAvRuMZ0aRFnQcqwWvvUZ+M327gzADsFUzsgOOsP1L6vyJjI5yKwQw=="
      },
      "nanoFramework.Hardware.Esp32": {
        "type": "Direct",
        "requested": "[1.6.19, 1.6.19]",
        "resolved": "1.6.19",
        "contentHash": "dvLEvudRQ/89GtX8i/flOwb81vCMVvI3PpQ+B07b/TUz4tAvpwA7iw6ye5224Z/8j3CQBhefiZtU/jv6K7HRyw=="
      },
      "nanoFramework.Hardware.Esp32.Rmt": {
        "type": "Direct",
        "requested": "[2.0.13, 2.0.13]",
        "resolved": "2.0.13",
        "contentHash": "JWVYJ+8SgySh/QXRk2YJ3q/ZfPSq7Q4PBd9qpRpBEQ8XjhrLOWiIc/jhAqVSs5BG73K/j0wot1tSNOOBh8mWIw=="
      },
      "nanoFramework.Iot.Device.Axp192": {
        "type": "Direct",
        "requested": "[1.2.631, 1.2.631]",
        "resolved": "1.2.631",
        "contentHash": "lKvNde1dw1/y7+pr/X8v1OURYyUnz3zM4PyM6gEquNRpwrAd3HF+SdG7C4qG5UxiboH1CbYrPHoyMXga8IE5zA=="
      },
      "nanoFramework.Iot.Device.Button": {
        "type": "Direct",
        "requested": "[1.2.631, 1.2.631]",
        "resolved": "1.2.631",
        "contentHash": "UswUKk9sKD07uOyZZvUgC3KvuAxYTmQC28Fpo+a4ew6gU2+maZw8RvDx4Hbzsfq/wBQPApOhtQhMT5jT585guw=="
      },
      "nanoFramework.Iot.Device.Buzzer": {
        "type": "Direct",
        "requested": "[1.2.631, 1.2.631]",
        "resolved": "1.2.631",
        "contentHash": "QUPyvJYPfvcIGAWhH0GtaZRjaPCzsfqiBruM3nJIPoXyAOxS5GYB8jXyoQyZR895pM/n8s/KoRKtHyr8Q31/OQ=="
      },
      "nanoFramework.Iot.Device.Common.NumberHelper": {
        "type": "Direct",
        "requested": "[1.2.628, 1.2.628]",
        "resolved": "1.2.628",
        "contentHash": "n1Na6YBFFqNv32AU+rfmAYFObeqEtf5q5uTxjCT1x+ThWDbi8eespjp/4OvXoU7C+HldXz8/uS4UZ8lswXfOfg=="
      },
      "nanoFramework.Iot.Device.Mpu6886": {
        "type": "Direct",
        "requested": "[1.2.631, 1.2.631]",
        "resolved": "1.2.631",
        "contentHash": "qFz9AcXSKuSLXtAZ89vlBf+kQMXqvtQ55wcuQD9Zrn4ik0H6B4lZ5CSDAVNy9SVqFetIYJTPRWuH65SuFAhIwA=="
      },
      "nanoFramework.Iot.Device.Rtc": {
        "type": "Direct",
        "requested": "[1.2.631, 1.2.631]",
        "resolved": "1.2.631",
        "contentHash": "Ey/f2qbD5qGaeyV/WW8PojOjClyTRS2jObwHzCZY90sgZnZ0ENLgtW8REuY1E/3M2KgbeaRZVI0RpjVeD+DGcg=="
      },
      "nanoFramework.ResourceManager": {
        "type": "Direct",
        "requested": "[1.2.19, 1.2.19]",
        "resolved": "1.2.19",
        "contentHash": "LogHT5t1yvy8aMz7zv3AUDgZQEkzn1sDFBGGan2ceSnoyO0S3CD6VbAmA6+na30cEAy6Xczj7B6wr6SVuA1GNQ=="
      },
      "nanoFramework.Runtime.Events": {
        "type": "Direct",
        "requested": "[1.11.18, 1.11.18]",
        "resolved": "1.11.18",
        "contentHash": "t0XpUkdyBBBv/0S4oGx3yUJG1iPYWc38odvZW8mVoioSxZOJrRkRHpNfwYxTxtP4LIEyyesOPEH42d05FHfHzA=="
      },
      "nanoFramework.Runtime.Native": {
        "type": "Direct",
        "requested": "[1.6.12, 1.6.12]",
        "resolved": "1.6.12",
        "contentHash": "RlJ882CK7D2HkkGHDw1a2xgiEM+1+Nd6iTA+OmzF5QIxbv0SX9qBesueIWsc6RsiQGqBEeBXh4zZ2+TBGL62VQ=="
      },
      "nanoFramework.System.Buffers.Binary.BinaryPrimitives": {
        "type": "Direct",
        "requested": "[1.2.628, 1.2.628]",
        "resolved": "1.2.628",
        "contentHash": "FY7gGpk+EtMIAXjz5t13lH0QUTY5tTL80xkVCMKSXB/B0y27cH9vpopYzm5Ll6yOYdkRpAm90tvlsX7wBw4+3w=="
      },
      "nanoFramework.System.Collections": {
        "type": "Direct",
        "requested": "[1.5.31, 1.5.31]",
        "resolved": "1.5.31",
        "contentHash": "q7G0BHkbhUzpUJiOQNlZZDSMcZEU2/QJBDiSEQAF23wOya4EBaCXS74jAVcEfkHBgOkF413jKZq5vldpjqUfUw=="
      },
      "nanoFramework.System.Device.Gpio": {
        "type": "Direct",
        "requested": "[1.1.41, 1.1.41]",
        "resolved": "1.1.41",
        "contentHash": "5QnpdfvjxOvka2S5IHSdKudWmkH+CDQ3TFFuXOGuNlgZJFsAx0/k5zuwgJYkxIyGbL8kdcjBWLyDNdihjA1pUg=="
      },
      "nanoFramework.System.Device.I2c": {
        "type": "Direct",
        "requested": "[1.1.16, 1.1.16]",
        "resolved": "1.1.16",
        "contentHash": "33YPnlZVjFwx0mOhdKTOggx+TvbjTD3WZ6rkSB33ytF9fHoqfvS1AYr4+ScUHW4z2yE7vxVWBol5mI7iEg4Aiw=="
      },
      "nanoFramework.System.Device.Model": {
        "type": "Direct",
        "requested": "[1.2.628, 1.2.628]",
        "resolved": "1.2.628",
        "contentHash": "39q4OScnVtMHlGdz9ZleiwllJtE+G6OZE0Xd/qn3gEvrR4XmLCwYZ+JdVxtDU7bK5JLrJA984NKeq+l5ZW0X4A=="
      },
      "nanoFramework.System.Device.Pwm": {
        "type": "Direct",
        "requested": "[1.1.10, 1.1.10]",
        "resolved": "1.1.10",
        "contentHash": "vk/Dr8No2ec+eBwwufxDK0Rm6BRnOoevjaqEXbvpFz2BK3UPiC4OhUWH3Rwel34rywg1mXozAAY9ZwvN2gnxlA=="
      },
      "nanoFramework.System.Diagnostics.Stopwatch": {
        "type": "Direct",
        "requested": "[1.2.628, 1.2.628]",
        "resolved": "1.2.628",
        "contentHash": "Vt2e7LoP0zVc5K7FurjM1a+kmI2r1JJOQ7H8/fRM6v3obGotDovnU8ntgzSDOGmYEIHhDC5FH89PVQRwFQ0edw=="
      },
      "nanoFramework.System.Math": {
        "type": "Direct",
        "requested": "[1.5.43, 1.5.43]",
        "resolved": "1.5.43",
        "contentHash": "JEOEGHoIpknJFwPjjz77sT5mej2PiT7JTv59jabzFf+d8XYy8Z4SH+NdX00Xc/yDS8LIPuWb7+C245XGUUx99A=="
      },
      "nanoFramework.System.Numerics": {
        "type": "Direct",
        "requested": "[1.2.628, 1.2.628]",
        "resolved": "1.2.628",
        "contentHash": "Y0AR4nAd0w+Kjr7JZ9/PfVPr3+h9clixV8BsEZ0GZOxPUK167zbWcU10DnkaARFSQxQ0i2Ut7cjvjyQnbIPr8g=="
      },
      "Nerdbank.GitVersioning": {
        "type": "Direct",
        "requested": "[3.6.143, 3.6.143]",
        "resolved": "3.6.143",
        "contentHash": "N24MtdLq4PmdJ2woTQd9515q0I1jeO/DlimYCB/GoRd510Fc9dk9H6YaN8MPPrVF8RHrIalCUfWbWvcoarYeoQ=="
      },
      "UnitsNet.nanoFramework.ElectricCurrent": {
        "type": "Direct",
        "requested": "[5.57.0, 5.57.0]",
        "resolved": "5.57.0",
        "contentHash": "qagklFJCQnrQqmQCHiKgJ/cLrwSMwOtKtB/XdatFQG7sOmgNPCe6+5lZPQ/UgkaxeW7eODilwqqlVBbfkmISCQ=="
      },
      "UnitsNet.nanoFramework.ElectricPotential": {
        "type": "Direct",
        "requested": "[5.57.0, 5.57.0]",
        "resolved": "5.57.0",
        "contentHash": "vmi8f8y5U6FTavyJzvqfBzY1OfbWhv1V/LMIpqCMN95mg3f9jl5E2eFO/gF5xQwIgMYeUmyUfG/1493uq/Pfnw=="
      },
      "UnitsNet.nanoFramework.Frequency": {
        "type": "Direct",
        "requested": "[5.57.0, 5.57.0]",
        "resolved": "5.57.0",
        "contentHash": "mcEIRm+KXImInW4UMoLS51OuF5HxR/hHgGPaKuHBO56meOqQcIr2zG8fZ8pE+Tn//rK02ltS4golJvA3ffck+g=="
      },
      "UnitsNet.nanoFramework.Power": {
        "type": "Direct",
        "requested": "[5.57.0, 5.57.0]",
        "resolved": "5.57.0",
        "contentHash": "UOwxJ08BmW/4HmN6vbho7QZ9q5ur+ILPlGflchV55kI5OHu0EeB9u+00KTx/aGuuCALTK6CSvrVUJyT/LOhqtw=="
      },
      "UnitsNet.nanoFramework.Temperature": {
        "type": "Direct",
        "requested": "[5.57.0, 5.57.0]",
        "resolved": "5.57.0",
        "contentHash": "SNv5xIAROh/TSBzEusqes97FCSItD6WY/Of/igl2l//pqnv42czKIBIFh8oir5O7n9HrHXV18wRPlC1BnO4o6Q=="
      }
    }
  }
}