{
  "version": 1,
  "dependencies": {
    ".NETnanoFramework,Version=v1.0": {
      "nanoFramework.CoreLibrary": {
        "type": "Direct",
        "requested": "[1.17.7, 1.17.7]",
        "resolved": "1.17.7",
        "contentHash": "LbP1JJXV5g9cSxb4TgWBIFHXtW6fpKHy/FcylOHAn8WAh/smkyWRrwzEj4784QvScNi/b07zn+A5/JpmDvLc1A=="
      },
      "nanoFramework.Graphics": {
        "type": "Direct",
        "requested": "[1.2.42, 1.2.42]",
        "resolved": "1.2.42",
        "contentHash": "q516DKW1Hg9hcPe0sFr/IkxRIBt2ha35Ri2KKBL7h0eS4PkXSXnOiPN7bVAW39HCQWlfdW1eZ5uZiZnzZb+4Iw=="
      },
      "nanoFramework.Iot.Device.Bmm150": {
        "type": "Direct",
        "requested": "[1.2.822, 1.2.822]",
        "resolved": "1.2.822",
        "contentHash": "5JW/uclDYIOJ7QVFkWg0Il2XxjLU1IVfetX0RHq4F7iqR0Z/YpumqCg/2+Qgwu3/RHav98Rf1W1vJTurSMFylQ=="
      },
      "nanoFramework.Iot.Device.Button": {
        "type": "Direct",
        "requested": "[1.2.822, 1.2.822]",
        "resolved": "1.2.822",
        "contentHash": "pFzKe0mIIjcfC3cCIFpeQjeO6WEOLATVFViBE9EjsNGMeOvA9x1qWjW+MuG1FfT0LPajMALPVO4FRxdrspKfBg=="
      },
      "nanoFramework.Iot.Device.Ip5306": {
        "type": "Direct",
        "requested": "[1.2.846, 1.2.846]",
        "resolved": "1.2.846",
        "contentHash": "okq14skN3dexGBy9i5fyzNbruEjO3tsuniDCDOSWly//e31oJJvJ2fY7lBawJxVvYhddVNFh8xmxjaxJwde+QQ=="
      },
      "nanoFramework.Iot.Device.Mpu6886": {
        "type": "Direct",
        "requested": "[1.2.846, 1.2.846]",
        "resolved": "1.2.846",
        "contentHash": "YKqsvYEvIGCVQUb5mzDC7XwhXMOCjM0KT8tVTqAyPGh5JRvpBKll6UeFBHuTxAmkFJ6CuxiTRo88NrUjJ4RHPQ=="
      },
      "nanoFramework.ResourceManager": {
        "type": "Direct",
        "requested": "[1.2.31, 1.2.31]",
        "resolved": "1.2.31",
        "contentHash": "CIrsP/xPoAumvm2Vz+NV0S2iSeRhnQ0UkyBemKA0SVaKhPXB2DlK2F8iiU176MPzPaLbh98QkeZCiUZIUdFKFQ=="
      },
      "nanoFramework.Runtime.Events": {
        "type": "Direct",
        "requested": "[1.11.31, 1.11.31]",
        "resolved": "1.11.31",
        "contentHash": "VvrHqbBRh3AF6iNW/ZDyFRGMkpz1P6GLvqpU187t1l0Ejhdsisf5VLL2grwqbd62mBeW3MGJLn5OZKJ55jlnqg=="
      },
      "nanoFramework.Runtime.Native": {
        "type": "Direct",
        "requested": "[1.7.10, 1.7.10]",
        "resolved": "1.7.10",
        "contentHash": "ulqiOuGhly+zsWhpoegkAWGOGDzxK13e/3ML72JoTjznUv+1YvudadUP0YxHKB346lu3JxmCzgKvLigBUb6ALw=="
      },
      "nanoFramework.System.Buffers.Binary.BinaryPrimitives": {
        "type": "Direct",
        "requested": "[1.2.848, 1.2.848]",
        "resolved": "1.2.848",
        "contentHash": "L/WVMqToL0iIQbsSNw++bQthEkEW3S/yDrXLDhsG4DVoJss8//8BGFJOdVZqC7hd0cqmw2ZMajuiXNmY+ddDHw=="
      },
      "nanoFramework.System.Collections": {
        "type": "Direct",
        "requested": "[1.5.63, 1.5.63]",
        "resolved": "1.5.63",
        "contentHash": "TuYK0RwyRovRal7HBwVsfJDT7qSKa+6sk16kcV7p+VOPD4h8Pi7Qo0v2BbwAL5YWS+4wTTEWr0JgwOrYpGVrtA=="
      },
      "nanoFramework.System.Device.Adc": {
        "type": "Direct",
        "requested": "[1.1.23, 1.1.23]",
        "resolved": "1.1.23",
        "contentHash": "0SeT6y+zUx0Z7+CCc9QSpZeqtLGPXbVWmBF8r/QHxlhNFonVx6oIfUnoHzQBacc/yXH6kwllc4c/fNdkBbXJuw=="
      },
      "nanoFramework.System.Device.Dac": {
        "type": "Direct",
        "requested": "[1.5.25, 1.5.25]",
        "resolved": "1.5.25",
        "contentHash": "J8wMUb0UYTSckNPt0oLh5NuuAfB9Rzt9ALNs+LDXxfehiwM9D6PZt4iMrtp6DO+Rpg5doSmrHgKI3Y7L12+Glg=="
      },
      "nanoFramework.System.Device.Gpio": {
        "type": "Direct",
        "requested": "[1.1.56, 1.1.56]",
        "resolved": "1.1.56",
        "contentHash": "i5+EadLsqfpwKp2wd7/+Ud4I6I4H34zSW8oTTMqJOzmMniS1Qv2a4wYo1gqhbGAjdYnF1sjJVpyWj/C6ijRnyA=="
      },
      "nanoFramework.System.Device.I2c": {
        "type": "Direct",
        "requested": "[1.1.28, 1.1.28]",
        "resolved": "1.1.28",
        "contentHash": "IQJe57xxBsFpemfwfXGeCCAZnb5AVOM7cBNvCFYY/gE1y0VOgKRmqO9p2RTVVumACMSrTLWdreeJImD6Zfwptg=="
      },
      "nanoFramework.System.Device.Model": {
        "type": "Direct",
        "requested": "[1.2.848, 1.2.848]",
        "resolved": "1.2.848",
        "contentHash": "olv8/5499kCbZt4LpwOBX8eKnLcND0V6klguxN7K7RPrrqR/n0ezNmbAqIwJR816rPTZrpKO2guThHjdE4tINQ=="
      },
      "nanoFramework.System.Device.Pwm": {
        "type": "Direct",
        "requested": "[1.1.22, 1.1.22]",
        "resolved": "1.1.22",
        "contentHash": "Rl+xO1JsVsz2Z81XUcTWdUrD4qEbDbzn9+31WaDuyjxvtYGQNtZacI4bhHLqlwWLTLrNqRa7VpdtJo0RXzlAsg=="
      },
      "nanoFramework.System.Device.Spi": {
        "type": "Direct",
        "requested": "[1.3.79, 1.3.79]",
        "resolved": "1.3.79",
        "contentHash": "Lo57Zw0nH6TEb3Gj8JVPIWec4xVIxGDzUVRo9CHyyBXUcw2zUypgONsTk10bwFag98vlip6/00JE2W1bAHqC3A=="
      },
      "nanoFramework.System.Diagnostics.Stopwatch": {
        "type": "Direct",
        "requested": "[1.2.848, 1.2.848]",
        "resolved": "1.2.848",
        "contentHash": "fRJ5pr54Ql2MeuNggPZF/7umJC50Tf5R5192lJDLZQec3Y+3vVJ3XMSEat67bbfSzFnIQKU6v0EWW3GY1iUstQ=="
      },
      "nanoFramework.System.IO.FileSystem": {
        "type": "Direct",
        "requested": "[1.1.82, 1.1.82]",
        "resolved": "1.1.82",
        "contentHash": "8kO+yQM9HozwXylXfJuU6SdZ1Wiem4DQEMLOzLvOdlHRoZli+HRCoALkVrtK45kimsAuSKVAw1BF36TKOtlt1A=="
      },
      "nanoFramework.System.IO.Ports": {
        "type": "Direct",
        "requested": "[1.1.127, 1.1.127]",
        "resolved": "1.1.127",
        "contentHash": "7UA5Op6TXsD9z+OCtiH6M7uONzrXejmM482P9V6rB+QdiOMu3cOIcouIQViltGlZUESXMnZC6Wwx1XzxHm3cwA=="
      },
      "nanoFramework.System.IO.Streams": {
        "type": "Direct",
        "requested": "[1.1.91, 1.1.91]",
        "resolved": "1.1.91",
        "contentHash": "YMKF7vsxJp95Mz6c5gBBY4AVnOg1r6doE94qblojeufSZAS/M5JuDoCY8KHQmMjSghachsKhrhfv6RHmhM7HCg=="
      },
      "nanoFramework.System.Math": {
        "type": "Direct",
        "requested": "[1.5.112, 1.5.112]",
        "resolved": "1.5.112",
        "contentHash": "lmPfx89+DEO2KQh7v/PeEl5FkXc3DRwpEnngLBz6cG/3W9X7NyypqY1qDNDPHxz7qybM5oj+wieR7qYYInjBzQ=="
      },
      "nanoFramework.System.Numerics": {
        "type": "Direct",
        "requested": "[1.2.848, 1.2.848]",
        "resolved": "1.2.848",
        "contentHash": "fzGyn34XB+zX6cYarbbYbCHBBFNLuILEGTC5+EZx2i9hDlgwQ3z70vYEkFKuvs6QRnsBe8xqQhZ2up0N2n84Pg=="
      },
      "nanoFramework.System.Text": {
        "type": "Direct",
        "requested": "[1.3.36, 1.3.36]",
        "resolved": "1.3.36",
        "contentHash": "qO0BrmYX4+iV5MSVSIIOSnyPx9Odvgb5Y9hGDWgUCQUGrPG32WPq6YGhTQMK2UIIu3yfB9Nsu2hPhjVSpFYMMA=="
      },
      "UnitsNet.nanoFramework.ElectricCurrent": {
        "type": "Direct",
        "requested": "[5.71.0, 5.71.0]",
        "resolved": "5.71.0",
        "contentHash": "d00g0lFTRFgz43DRN0ZwEcrg3ClBHRhNSMcuCv1q4mCxhQz1fmGRGmEJxpe5DiePrR9SpX2vDbHzJWAkJ6424g=="
      },
      "UnitsNet.nanoFramework.Temperature": {
        "type": "Direct",
        "requested": "[5.71.0, 5.71.0]",
        "resolved": "5.71.0",
        "contentHash": "0Rljuj/AlDMhlNsaR6nkx3oLZt1yWg1athFz5InsGy6gjZDHT7ptKPH5ujK+GR0C8bHDfZStMwVyZLjn8/s2+Q=="
      }
    }
  }
}