{
  "version": 1,
  "dependencies": {
    ".NETnanoFramework,Version=v1.0": {
      "nanoFramework.CoreLibrary": {
        "type": "Direct",
        "requested": "[1.12.0, 1.12.0]",
        "resolved": "1.12.0",
        "contentHash": "qQrFNXmJiStMC4VXk5cVMOJp23/qlT9FW5i9i+igwQVwraQTtvpkam8yK1hj992jqrbjoCIFZP4Hw9E8H0pB7w=="
      },
      "nanoFramework.Graphics": {
        "type": "Direct",
        "requested": "[1.1.13, 1.1.13]",
        "resolved": "1.1.13",
        "contentHash": "D4cjVjb6h28e/rvf8IO7y0Ppk4/TwEUViynhoJbLoTTqGe2RTjGYuR3PAPmoKtgc4sxr+AFKqlMBAZA0f71Zsw=="
      },
      "nanoFramework.Hardware.Esp32.Rmt": {
        "type": "Direct",
        "requested": "[1.2.3.5, 1.2.3.5]",
        "resolved": "1.2.3.5",
        "contentHash": "6+l+p8XG1Xn9BNcXDN/TtXmrciPLOS0THPqT2/edDpxY346/EToAmVrcKltzJk0C1vOvS4KKx+ZGwTOSzEHcYQ=="
      },
      "nanoFramework.Iot.Device.Bmm150": {
        "type": "Direct",
        "requested": "[1.2.128, 1.2.128]",
        "resolved": "1.2.128",
        "contentHash": "pbILPx4SgNWznELhzXhZLtm7eTNSUQnM4AtADp6nEHZ/9qqJH8nuRZ4aRH10il2XTIwyRFmC2j6sTq/EYroN+g=="
      },
      "nanoFramework.Iot.Device.Button": {
        "type": "Direct",
        "requested": "[1.2.122, 1.2.122]",
        "resolved": "1.2.122",
        "contentHash": "tnTmXVT9BfBta9XtY3xABliXejwxuO4llAz5GpC3dOeM4wB0ydscsWH0cPGGqK2LYqWnDhx3bQelvTtTGJ3qNA=="
      },
      "nanoFramework.Iot.Device.Buzzer": {
        "type": "Direct",
        "requested": "[1.2.128, 1.2.128]",
        "resolved": "1.2.128",
        "contentHash": "DL82ZzrXfuCb+v0bxk8W/fVd3xTEtbcuhOVvQ8ef43aMc+zNTeW6XID+GmnoCcVGh59S8JBtmQxiLC9dSFWXMg=="
      },
      "nanoFramework.Iot.Device.Ip5306": {
        "type": "Direct",
        "requested": "[1.2.63, 1.2.63]",
        "resolved": "1.2.63",
        "contentHash": "flISfaFF+YxWFeuna8JWqPZTBwtSeVoKou3bKZ7hxIgk9xdJECgurHWO+TH8Y5Ub2oU1VSVqpiDyMRIPyiSlkw=="
      },
      "nanoFramework.Iot.Device.Mpu6886": {
        "type": "Direct",
        "requested": "[1.2.128, 1.2.128]",
        "resolved": "1.2.128",
        "contentHash": "xhEXKwGL6/6kx4vBFSwPRjREfdTYpjYQ5vtp1OqB4yBG/Tj0FRvRhwfp+cgEhO6O85N4uvOFH1wubaq58dOMoQ=="
      },
      "nanoFramework.Iot.Device.Ws28xx.Esp32": {
        "type": "Direct",
        "requested": "[1.2.114, 1.2.114]",
        "resolved": "1.2.114",
        "contentHash": "Z0FQYhIPHrrIv4pGpwCBu/tgh//oRD2uCubHDJF9dG8haNVfSUhNhBWJLl6MjQjbuugiur/jah3L2SIhLQglzw=="
      },
      "nanoFramework.ResourceManager": {
        "type": "Direct",
        "requested": "[1.2.7, 1.2.7]",
        "resolved": "1.2.7",
        "contentHash": "1O4vSa97D0YPa+0+A6vZOGaoSi3VcgGT7ByBvPSSmjnEhRitFFNGZQYnbM+aJgcEzKyX7GeIdK4bge2QWXWSPA=="
      },
      "nanoFramework.Runtime.Events": {
        "type": "Direct",
        "requested": "[1.11.1, 1.11.1]",
        "resolved": "1.11.1",
        "contentHash": "hHRPhNagq1T0oN9QJfPOqreuWUV42DJamT0f7GrPQvrOYcr9ne4YTZq8MIpudvKtSALs50iYqxJ+raOF2CiNsA=="
      },
      "nanoFramework.Runtime.Native": {
        "type": "Direct",
        "requested": "[1.5.4, 1.5.4]",
        "resolved": "1.5.4",
        "contentHash": "qfaOY1O5TOEw//MO4AOWRq5CdZXTfd3KnsGTNU2yw+IEYKiQLPkJhtF3ufF/S04xfXL556S2kOFG3/RZrwQ4Qw=="
      },
      "nanoFramework.System.Buffers.Binary.BinaryPrimitives": {
        "type": "Direct",
        "requested": "[1.2.82, 1.2.82]",
        "resolved": "1.2.82",
        "contentHash": "bLU3RwTmG/fmpVQ5Q7/TpiY4w4+NoKwssRVluTiSynqc3IUDAJSCPK0y4gdiG21zzRhad59oSgUqtk1+bY9v1A=="
      },
      "nanoFramework.System.Collections": {
        "type": "Direct",
        "requested": "[1.4.0, 1.4.0]",
        "resolved": "1.4.0",
        "contentHash": "/yFwxtCFzi+24NuyxcwlH1YyBGOxRX4oHGLwVmFbgbvOyx3ny/Mwyk2YjHTzmTSgUg9C2XxPF+EkXWwCOAkytw=="
      },
      "nanoFramework.System.Device.Adc": {
        "type": "Direct",
        "requested": "[1.0.2, 1.0.2]",
        "resolved": "1.0.2",
        "contentHash": "/f18OmqSLLXW1iI2jeTjaUqDCGWkf8ISu4e8au6H7V6W0kEzwcolSoDL8o7reo4pYCOrULI25/TKnBtRhJNiBw=="
      },
      "nanoFramework.System.Device.Dac": {
        "type": "Direct",
        "requested": "[1.4.3, 1.4.3]",
        "resolved": "1.4.3",
        "contentHash": "cbqNE+zfhYYHHuMTMNG8+euU0oq5aX5ibZdbrCIsio9qBJ/mZcupcyM3C0zIQtolwrOOWZL3by0NZb8he8xBSg=="
      },
      "nanoFramework.System.Device.Gpio": {
        "type": "Direct",
        "requested": "[1.1.22, 1.1.22]",
        "resolved": "1.1.22",
        "contentHash": "yR+uD2YZDLJMP0E0zcQk+kEYM2/Yvs6FR8jYJe9FgaETJeyLdIyRXISmb5BaF4vbkaCC9jt60cpzg1xvmKDwcQ=="
      },
      "nanoFramework.System.Device.I2c": {
        "type": "Direct",
        "requested": "[1.0.3, 1.0.3]",
        "resolved": "1.0.3",
        "contentHash": "hRrolSxrzymKBM6ha7KI5VOpIpvxlFbUEw2dHMq0llPC7wkKe+kYai8QMFRRro4DbvIiE67UOMNefjqGK4cxkg=="
      },
      "nanoFramework.System.Device.Model": {
        "type": "Direct",
        "requested": "[1.2.82, 1.2.82]",
        "resolved": "1.2.82",
        "contentHash": "5j1KvviZM99m1YPV+J4QuKy27/hGBA1rlxJlKEwV0nXElDthlA03PVW5TwucTEiHDDsETKggyUoWrC5GTwUD4A=="
      },
      "nanoFramework.System.Device.Pwm": {
        "type": "Direct",
        "requested": "[1.0.1, 1.0.1]",
        "resolved": "1.0.1",
        "contentHash": "4H7HfPDZtU1T1wIJqR9z/Dmfx8LcthqrpQH+LqnYWpdW8y04t35lvTQST8D2fKEAEubtrwWcWwSpFGMvFe5OXg=="
      },
      "nanoFramework.System.Device.Spi": {
        "type": "Direct",
        "requested": "[1.3.22, 1.3.22]",
        "resolved": "1.3.22",
        "contentHash": "yBsZvCLQznTztMddpldmSIWDu0DB8AWtteaLLO75bctcpgJI6goFTfBIbSwR7hrjSd8pDegpoIxPMgjVYm4yuA=="
      },
      "nanoFramework.System.Drawing": {
        "type": "Direct",
        "requested": "[1.2.82, 1.2.82]",
        "resolved": "1.2.82",
        "contentHash": "tBke3qk+itf18JNzbCUp3qfI8V+vxmET0d6wja9m9EJW7Pkqyii8tcFJi6/bONjoi2HlKercHZ1YPyqHuUZlog=="
      },
      "nanoFramework.System.IO.FileSystem": {
        "type": "Direct",
        "requested": "[1.1.11, 1.1.11]",
        "resolved": "1.1.11",
        "contentHash": "qZSqGg/IodAMiq1RDWV3FE537HfchrqEXCrRr4tQXDzLDBuw0DMMCOZFqByX38DVnpQTqPUe20HfxSygGyctFA=="
      },
      "nanoFramework.System.IO.Streams": {
        "type": "Direct",
        "requested": "[1.1.15, 1.1.15]",
        "resolved": "1.1.15",
        "contentHash": "eb7Zz3G301mgRo13n609wZvyaXZ/C9unPYn5Vz34OAEdGX1RDJufpcW+2v28ux3goj8x2BXuj717d4VVVJUotA=="
      },
      "nanoFramework.System.Math": {
        "type": "Direct",
        "requested": "[1.5.8, 1.5.8]",
        "resolved": "1.5.8",
        "contentHash": "zEoZZgg3TAxGu5WH+7ZHtTNLaWf/tJ1fa0223ofkv+4CB+7nDU8hFctlXJsjJNKE1QkFK1rE/bagBM7CIe5yOA=="
      },
      "nanoFramework.System.Numerics": {
        "type": "Direct",
        "requested": "[1.2.82, 1.2.82]",
        "resolved": "1.2.82",
        "contentHash": "j8wSfwPFd+8v3Bbo8zjqxg85bqDUZtQUnLUsSGmQQttycZE7rTUbI7jA5B4CrZfoGL9XEXNUzs09LWBj4kOQ3g=="
      },
      "nanoFramework.System.Text": {
        "type": "Direct",
        "requested": "[1.2.15, 1.2.15]",
        "resolved": "1.2.15",
        "contentHash": "W6msO13WmdxzwcGK+fNLWOYZ4FH9NUVbhKVwICSLJg+esfKHF1HwVIPHZwfbrg51wBtnpb+mZTlA23Cx5CqNng=="
      },
      "UnitsNet.nanoFramework.ElectricCurrent": {
        "type": "Direct",
        "requested": "[4.145.0, 4.145.0]",
        "resolved": "4.145.0",
        "contentHash": "CEb1r7X2xNav30H6AGQORg+8obJlh/9Zbn54JHeWOYJz6YFAcsl8z5RdOJyrUKpPwPHkIgepFf6um3IBIUoC2w=="
      },
      "UnitsNet.nanoFramework.Frequency": {
        "type": "Direct",
        "requested": "[4.145.0, 4.145.0]",
        "resolved": "4.145.0",
        "contentHash": "VCur7lzn5y0ZwtDrCIlBzQLWupnoRCPlE2V7RoRCjusQcP5QEbPrgdZoxr5nd1OgN4VlZBLgOsCtWmr9U/dYSQ=="
      },
      "UnitsNet.nanoFramework.Temperature": {
        "type": "Direct",
        "requested": "[4.145.0, 4.145.0]",
        "resolved": "4.145.0",
        "contentHash": "lhiS0ovxBCVxTBEg9hUzefZ1AXK2X+rncZnMFQ4c165wqstmkyx9evWq5F013FKeya8dLy93a+1LR/PkAcYfKw=="
      }
    }
  }
}