{
  "version": 1,
  "dependencies": {
    ".NETnanoFramework,Version=v1.0": {
      "nanoFramework.CoreLibrary": {
        "type": "Direct",
        "requested": "[1.14.2, 1.14.2]",
        "resolved": "1.14.2",
        "contentHash": "j1mrz4mitl5LItvmHMsw1aHzCAfvTTgIkRxA0mhs5mSpctJ/BBcuNwua5j3MspfRNKreCQPy/qZy/D9ADLL/PA=="
      },
      "nanoFramework.Graphics": {
        "type": "Direct",
        "requested": "[1.1.17, 1.1.17]",
        "resolved": "1.1.17",
        "contentHash": "GuAvpp9qMGkc3TDJUw6hhPHj2mSMjU997UYmznKfjAr8MuFRcYk3OdqVl1CuE0mrRHR08gdi2FAhhw5A1LHb1w=="
      },
      "nanoFramework.Hardware.Esp32.Rmt": {
        "type": "Direct",
        "requested": "[1.3.6, 1.3.6]",
        "resolved": "1.3.6",
        "contentHash": "vn+KOC24pOs1BvuYcbWy4NgV7tR6Wjx5v8kFZBZUrwqpffb3C1N+jWHyO6EcGgKxbIFxDFDZKULSHqnQr/H0Xg=="
      },
      "nanoFramework.Iot.Device.Bmm150": {
        "type": "Direct",
        "requested": "[1.2.203, 1.2.203]",
        "resolved": "1.2.203",
        "contentHash": "Ak9tApOFkgvm4/8eaiGHR0sUOIgCVf8pF/Y+IYHGufFVZJjPogL2NuiqTFvw/ze8qoNWcZ16jScXYEIh9mEyiA=="
      },
      "nanoFramework.Iot.Device.Button": {
        "type": "Direct",
        "requested": "[1.2.203, 1.2.203]",
        "resolved": "1.2.203",
        "contentHash": "OBWV3TEfgTBH8Ektd3wYBBdtDmOj87fFC/9RQhG3QYk0oeEfWTahSor5CjU8jj+BAFRATnKZk9vLuF/zb3iBnA=="
      },
      "nanoFramework.Iot.Device.Buzzer": {
        "type": "Direct",
        "requested": "[1.2.203, 1.2.203]",
        "resolved": "1.2.203",
        "contentHash": "tXUKtKulHJ6zFnX7XOeulHsFsHYZrb1JAZckW2tp9NL0f+vojvzziyNlpxGtsBHUAVberNNDpZ8E9goy1vO8XA=="
      },
      "nanoFramework.Iot.Device.Ip5306": {
        "type": "Direct",
        "requested": "[1.2.203, 1.2.203]",
        "resolved": "1.2.203",
        "contentHash": "p7ek/RG31ub1xpIrAcF12+j3Cgh9f9dm2iXmh2AGPfWRN0bXIUNj4buHIQSCsyf1zeUzighnqHwJSXjsHybikA=="
      },
      "nanoFramework.Iot.Device.Mpu6886": {
        "type": "Direct",
        "requested": "[1.2.203, 1.2.203]",
        "resolved": "1.2.203",
        "contentHash": "R0MFctB4TRdwbTqe6ppXzEKZKluvBS9DbGVje/oILJVg7D5EDc+C7JGnjxYZrwEx+3vrlhq/u2ShgWzQp1X95Q=="
      },
      "nanoFramework.Iot.Device.Ws28xx.Esp32": {
        "type": "Direct",
        "requested": "[1.2.203, 1.2.203]",
        "resolved": "1.2.203",
        "contentHash": "NUKpctJeeNp8VQz6o8VlfzIR6BSf+PPt60LQamd/Q5lGlzf4j7L9diPqXDyfT2AwGc4vl+8rAx99ypJDb/laRQ=="
      },
      "nanoFramework.ResourceManager": {
        "type": "Direct",
        "requested": "[1.2.13, 1.2.13]",
        "resolved": "1.2.13",
        "contentHash": "FhrwL1T1xA8d8h95IbWRZFFmnfDlUGJ4uccgAvyuUSSvisrQZzY7Ve6TAIz6XxtqSl+ESbKd6IiGVDgzZfR+Ew=="
      },
      "nanoFramework.Runtime.Events": {
        "type": "Direct",
        "requested": "[1.11.6, 1.11.6]",
        "resolved": "1.11.6",
        "contentHash": "xkltRh/2xKaZ9zmPHbVr32s1k+e17AInUBhzxKKkUDicJKF39yzTShSklb1OL6DBER5z71SpkGLyl9IdMK9l6w=="
      },
      "nanoFramework.Runtime.Native": {
        "type": "Direct",
        "requested": "[1.6.6, 1.6.6]",
        "resolved": "1.6.6",
        "contentHash": "ySEYUh8bTiFYAUce3uQLfOvvnunTx10j7Xsw+ChlS+nXFC/kCctgTob7k1McZrxqTs0CZo+Ux5eW4oYKzx25aw=="
      },
      "nanoFramework.System.Buffers.Binary.BinaryPrimitives": {
        "type": "Direct",
        "requested": "[1.2.158, 1.2.158]",
        "resolved": "1.2.158",
        "contentHash": "hLCGUGEwKfC2NK02N0n8Yvhin9lTTs5pqnF61fVxHKoNvOcySzhAB0QHikZq14sfUwYb2tQ62z1GLoW9wnyX+Q=="
      },
      "nanoFramework.System.Collections": {
        "type": "Direct",
        "requested": "[1.5.18, 1.5.18]",
        "resolved": "1.5.18",
        "contentHash": "F8FzaUC5D2xd6eQja33EYcknOFqWT+YEcnEn849ILJTGSedVFylUREEuoGULbCrnuuLx417hDzWny+B78Qi67g=="
      },
      "nanoFramework.System.Device.Adc": {
        "type": "Direct",
        "requested": "[1.1.6, 1.1.6]",
        "resolved": "1.1.6",
        "contentHash": "gE1ZNlvFr4QR9XUO1Od53DtJOMMkFBJmN77QG2H2vhDWZwrO/f1/2CK+3rQ1bnhbIjY039B8/cSvnCNAskae6A=="
      },
      "nanoFramework.System.Device.Dac": {
        "type": "Direct",
        "requested": "[1.5.9, 1.5.9]",
        "resolved": "1.5.9",
        "contentHash": "udQQyCONy4TQD4jqX9XLlmhk4cE30r4a1IHU4eOYQsZXB4MD6SyvU5JDDuEsE+FJgWm5KoASeYRv5rhalwMxMA=="
      },
      "nanoFramework.System.Device.Gpio": {
        "type": "Direct",
        "requested": "[1.1.28, 1.1.28]",
        "resolved": "1.1.28",
        "contentHash": "G/l2hkWAwQoMsCHJUK0iZsavYjKykewOXlLF1+fDUylOuBvoHo/iY5Lec+sAnJ3WMcoY2Uo6miYrCMI07g59Tg=="
      },
      "nanoFramework.System.Device.I2c": {
        "type": "Direct",
        "requested": "[1.1.9, 1.1.9]",
        "resolved": "1.1.9",
        "contentHash": "ufBbB/mtkaxDrPCP1JfzUmPQkrJaXGSTuOfvRL/gl46ZP+PIFmO6wuaF+RNU1jL4sgKTKx8uNe+FakIrTpLABA=="
      },
      "nanoFramework.System.Device.Model": {
        "type": "Direct",
        "requested": "[1.2.158, 1.2.158]",
        "resolved": "1.2.158",
        "contentHash": "PH/T3yyGEx1q+QUm190pjawi3FT4P6Tfxpi/8SUuHZv6DZ9crt2swx2QbdNrmUQrFF7NXe7CGKeEhBzSfrPy/g=="
      },
      "nanoFramework.System.Device.Pwm": {
        "type": "Direct",
        "requested": "[1.1.6, 1.1.6]",
        "resolved": "1.1.6",
        "contentHash": "HAEZ1fJjvWzl8dxTUp1KtI5JmhaQyHd4VHOG0rYvDaK8Sz9Aa3+PFm3cozuNJ+WUU5MYWU6tsABOabYukNVPqw=="
      },
      "nanoFramework.System.Device.Spi": {
        "type": "Direct",
        "requested": "[1.3.37, 1.3.37]",
        "resolved": "1.3.37",
        "contentHash": "mTg3wAj001TOHSt+sqQblZXimuV5yWlHlRwEGV4+DLlJeuxTBDhGdukIFaGklwBgPwsOxa9VT0bYeBHXPYtqSA=="
      },
      "nanoFramework.System.Drawing": {
        "type": "Direct",
        "requested": "[1.2.158, 1.2.158]",
        "resolved": "1.2.158",
        "contentHash": "a/UrSnKqJR8m2ds5/l2AIOdJSACxVHxrki+QppEoDDXrG4EZeHJMjtzmb3cVG0dw8zOdTM65SRMXOAoVhn8zYQ=="
      },
      "nanoFramework.System.IO.FileSystem": {
        "type": "Direct",
        "requested": "[1.1.23, 1.1.23]",
        "resolved": "1.1.23",
        "contentHash": "W8HMgL81baCutM9isIqeOHU5SM6J3z1g1XF16quVtK8DARQzKdwLV+fJweXyOUTnpyXV/oEkr9SrkCdGdBPliQ=="
      },
      "nanoFramework.System.IO.Streams": {
        "type": "Direct",
        "requested": "[1.1.38, 1.1.38]",
        "resolved": "1.1.38",
        "contentHash": "qEtu/lMDtr5kPKc939vO3uX8h+W0/+Qx2N3Zx005JxqGiL71e4ScecEyGPIp8v1MzRd9pkoxInUb6jOAh+eyXA=="
      },
      "nanoFramework.System.Math": {
        "type": "Direct",
        "requested": "[1.5.25, 1.5.25]",
        "resolved": "1.5.25",
        "contentHash": "MRrMdssEsDEz8JyPXFjSUpjh35JPnAeZ3/jSG9zkkprjPZfUv5JCzGa69Vp01GIQux83YgnU8ayJhaSfqGhoDQ=="
      },
      "nanoFramework.System.Numerics": {
        "type": "Direct",
        "requested": "[1.2.144, 1.2.144]",
        "resolved": "1.2.144",
        "contentHash": "BZitghaViHsQyWNOTGxUdmgOy40Sg7iAhXtF96ttGPug3DuvBKMXNUGadICjr/GQL0QRdnOaEhJWyfhmJ11jyw=="
      },
      "nanoFramework.System.Text": {
        "type": "Direct",
        "requested": "[1.2.37, 1.2.37]",
        "resolved": "1.2.37",
        "contentHash": "ORgRq0HSynSBhlXRTHdhzZiOdq/nRhdnX+DeIGw56y9OSc8dvqUz6elm97Jz+4WQ6ikpvs5PFGINAa35kBebwQ=="
      },
      "UnitsNet.nanoFramework.ElectricCurrent": {
        "type": "Direct",
        "requested": "[4.148.0, 4.148.0]",
        "resolved": "4.148.0",
        "contentHash": "MGYT1M+2v8qm1Ff9c5jQK2+Obt5sycyHRSjCN6YvyxqhWgZjoPhzEQ1ID6rRTiGbDEP0zDBMIr9gS974bFwFrA=="
      },
      "UnitsNet.nanoFramework.Frequency": {
        "type": "Direct",
        "requested": "[4.148.0, 4.148.0]",
        "resolved": "4.148.0",
        "contentHash": "+jbX8hrJWb0H63EdL7ysutCcmOe+0e3ZblSVXLvkd0k1y7bAaWV+jYjMJ8y5wflgGlgtmHN+55uh+s+uk3weFg=="
      },
      "UnitsNet.nanoFramework.Temperature": {
        "type": "Direct",
        "requested": "[4.148.0, 4.148.0]",
        "resolved": "4.148.0",
        "contentHash": "Govk4JMC9t6ZgjPtEcE2lTQsK2COds8AK8I9Zm0wx1tpCk7XPglnPiq+ofDRrkLUCrMAfXxm9Cf3+/VqJXnW0Q=="
      }
    }
  }
}