{
  "version": 1,
  "dependencies": {
    ".NETnanoFramework,Version=v1.0": {
      "nanoFramework.CoreLibrary": {
        "type": "Direct",
        "requested": "[1.15.5, 1.15.5]",
        "resolved": "1.15.5",
        "contentHash": "u2+GvAp1uxLrGdILACAZy+EVKOs28EQ52j8Lz7599egXZ3GBGejjnR2ofhjMQwzrJLlgtyrsx8nSLngDfJNsAg=="
      },
      "nanoFramework.Graphics": {
        "type": "Direct",
        "requested": "[1.2.15, 1.2.15]",
        "resolved": "1.2.15",
        "contentHash": "v5lX0Z3LIvUCuBevTJoVQqi+X5uMI3phAAvRuMZ0aRFnQcqwWvvUZ+M327gzADsFUzsgOOsP1L6vyJjI5yKwQw=="
      },
      "nanoFramework.Graphics.Core": {
        "type": "Direct",
        "requested": "[1.2.15, 1.2.15]",
        "resolved": "1.2.15",
        "contentHash": "JOZ5KYBg0CE+u07vNyTar6MokA1hPZaHzRsDfB9ao8xkzHewxvNtxQ9YGRa9bM7TyD7Z2OYJ0PRColrtkUsLQg=="
      },
      "nanoFramework.Hardware.Esp32.Rmt": {
        "type": "Direct",
        "requested": "[2.0.13, 2.0.13]",
        "resolved": "2.0.13",
        "contentHash": "JWVYJ+8SgySh/QXRk2YJ3q/ZfPSq7Q4PBd9qpRpBEQ8XjhrLOWiIc/jhAqVSs5BG73K/j0wot1tSNOOBh8mWIw=="
      },
      "nanoFramework.Iot.Device.Bmm150": {
        "type": "Direct",
        "requested": "[1.2.590, 1.2.590]",
        "resolved": "1.2.590",
        "contentHash": "MleqETSI+Cck+I02mpDxyGSvahsry6wnZEB1QAUg9EgzAfP9dK1MdBun5emkYNBl+pZPQr+mc6oBL1n29/JKmA=="
      },
      "nanoFramework.Iot.Device.Button": {
        "type": "Direct",
        "requested": "[1.2.570, 1.2.570]",
        "resolved": "1.2.570",
        "contentHash": "+hpvBLPJj+gSLNAdCIIAe4Iz7TVrOo24urx6ieIsxmtoYHTxsiGVACcLWJMFjb+fA2LDN2u/+9Mi/BLeFGeJmg=="
      },
      "nanoFramework.Iot.Device.Buzzer": {
        "type": "Direct",
        "requested": "[1.2.601, 1.2.601]",
        "resolved": "1.2.601",
        "contentHash": "HQxhJFDhMIEIGPpkQslRiDeEBbrPa8w1mGmy2FrbyvEPsLyREmf1Xxr4b+EEHqKVIr9432El3mBsOX0N5/sDXg=="
      },
      "nanoFramework.Iot.Device.Ip5306": {
        "type": "Direct",
        "requested": "[1.2.601, 1.2.601]",
        "resolved": "1.2.601",
        "contentHash": "0o6Gv+BlES1xB4ekssdrrQ1iq2xov689kmVsqm9hZFbLv2wTt/YP2XRX5Gg+XzLRz+h7HLMi/07jywzyrUGbhQ=="
      },
      "nanoFramework.Iot.Device.Mpu6886": {
        "type": "Direct",
        "requested": "[1.2.601, 1.2.601]",
        "resolved": "1.2.601",
        "contentHash": "JnV7mZL7vdk1p1N8YwKz7FrpXXMLjLsCcdMhxigprVsfOUl2eowI6178aHyCEKjuD0zPkirtbJ21aOXSIkmicQ=="
      },
      "nanoFramework.Iot.Device.Ws28xx.Esp32": {
        "type": "Direct",
        "requested": "[1.2.595, 1.2.595]",
        "resolved": "1.2.595",
        "contentHash": "mab9cNdGDMxILnX+kutxCyaC/h3s7aUpt5gIpMKsm/BU63dABIldgZpFkOs3m7SDchAPm7EZi8xCWl7WjemdyQ=="
      },
      "nanoFramework.ResourceManager": {
        "type": "Direct",
        "requested": "[1.2.19, 1.2.19]",
        "resolved": "1.2.19",
        "contentHash": "LogHT5t1yvy8aMz7zv3AUDgZQEkzn1sDFBGGan2ceSnoyO0S3CD6VbAmA6+na30cEAy6Xczj7B6wr6SVuA1GNQ=="
      },
      "nanoFramework.Runtime.Events": {
        "type": "Direct",
        "requested": "[1.11.18, 1.11.18]",
        "resolved": "1.11.18",
        "contentHash": "t0XpUkdyBBBv/0S4oGx3yUJG1iPYWc38odvZW8mVoioSxZOJrRkRHpNfwYxTxtP4LIEyyesOPEH42d05FHfHzA=="
      },
      "nanoFramework.Runtime.Native": {
        "type": "Direct",
        "requested": "[1.6.12, 1.6.12]",
        "resolved": "1.6.12",
        "contentHash": "RlJ882CK7D2HkkGHDw1a2xgiEM+1+Nd6iTA+OmzF5QIxbv0SX9qBesueIWsc6RsiQGqBEeBXh4zZ2+TBGL62VQ=="
      },
      "nanoFramework.System.Buffers.Binary.BinaryPrimitives": {
        "type": "Direct",
        "requested": "[1.2.586, 1.2.586]",
        "resolved": "1.2.586",
        "contentHash": "xdT2m6Y+l0/Vw+oOi/H9W9MEgp8iFTo/GipfCenpkl1Owc01RvIvr5FZKADzxSfgr3+RsbqIey5Cu/T2DpLAiw=="
      },
      "nanoFramework.System.Collections": {
        "type": "Direct",
        "requested": "[1.5.31, 1.5.31]",
        "resolved": "1.5.31",
        "contentHash": "q7G0BHkbhUzpUJiOQNlZZDSMcZEU2/QJBDiSEQAF23wOya4EBaCXS74jAVcEfkHBgOkF413jKZq5vldpjqUfUw=="
      },
      "nanoFramework.System.Device.Adc": {
        "type": "Direct",
        "requested": "[1.1.11, 1.1.11]",
        "resolved": "1.1.11",
        "contentHash": "BlFm2MR2Os6ab++EnW6RiZ4860F1ge48mSBbqsqVXnP5xvkfE03Hop4TyqTHWQbLFKcubCc5CMkH9xxuABR6UQ=="
      },
      "nanoFramework.System.Device.Dac": {
        "type": "Direct",
        "requested": "[1.5.13, 1.5.13]",
        "resolved": "1.5.13",
        "contentHash": "GMtYRC/0yjTiutP8EMuaU//n0INOFW61UtR3YFhot+Q2xIiXQduXTEOTiJeqPsOMO7QCewoJgjegDO+FoHFZmQ=="
      },
      "nanoFramework.System.Device.Gpio": {
        "type": "Direct",
        "requested": "[1.1.41, 1.1.41]",
        "resolved": "1.1.41",
        "contentHash": "5QnpdfvjxOvka2S5IHSdKudWmkH+CDQ3TFFuXOGuNlgZJFsAx0/k5zuwgJYkxIyGbL8kdcjBWLyDNdihjA1pUg=="
      },
      "nanoFramework.System.Device.I2c": {
        "type": "Direct",
        "requested": "[1.1.16, 1.1.16]",
        "resolved": "1.1.16",
        "contentHash": "33YPnlZVjFwx0mOhdKTOggx+TvbjTD3WZ6rkSB33ytF9fHoqfvS1AYr4+ScUHW4z2yE7vxVWBol5mI7iEg4Aiw=="
      },
      "nanoFramework.System.Device.Model": {
        "type": "Direct",
        "requested": "[1.2.586, 1.2.586]",
        "resolved": "1.2.586",
        "contentHash": "lj4INIXKDe9UVgiyITVdBlZEiuuIRpKVlTKLQaJVbjWElXW7SiXLfDhRoytaXl5Hs7LoSVjrmhODoTVLbsAemw=="
      },
      "nanoFramework.System.Device.Pwm": {
        "type": "Direct",
        "requested": "[1.1.10, 1.1.10]",
        "resolved": "1.1.10",
        "contentHash": "vk/Dr8No2ec+eBwwufxDK0Rm6BRnOoevjaqEXbvpFz2BK3UPiC4OhUWH3Rwel34rywg1mXozAAY9ZwvN2gnxlA=="
      },
      "nanoFramework.System.Device.Spi": {
        "type": "Direct",
        "requested": "[1.3.52, 1.3.52]",
        "resolved": "1.3.52",
        "contentHash": "chtkrJp424LMitA6Fw/QzzhIrYL9PdEaln+A7o5QR99VijDoOILdMvgeeVBnIpkicUH7aY9Vj+3F2TlIGQH/+g=="
      },
      "nanoFramework.System.IO.FileSystem": {
        "type": "Direct",
        "requested": "[1.1.54, 1.1.54]",
        "resolved": "1.1.54",
        "contentHash": "K1QPNbrksqw4yjQ/GXgz1Q0hZBi3zi1A8/FUAhYsq8bESVNUFjNpvxHPSDw1gV8DzEg5jH5e9Z2VrAncTQogFQ=="
      },
      "nanoFramework.System.IO.Streams": {
        "type": "Direct",
        "requested": "[1.1.59, 1.1.59]",
        "resolved": "1.1.59",
        "contentHash": "A8DSQ9ygUnhDltHsVuJjxs3aRrig9hmeEDZgAFfQ4roaaHpHS/IN1gwCEYcV+I6wfsnEnojn3FQJh43Iw07ukg=="
      },
      "nanoFramework.System.Math": {
        "type": "Direct",
        "requested": "[1.5.43, 1.5.43]",
        "resolved": "1.5.43",
        "contentHash": "JEOEGHoIpknJFwPjjz77sT5mej2PiT7JTv59jabzFf+d8XYy8Z4SH+NdX00Xc/yDS8LIPuWb7+C245XGUUx99A=="
      },
      "nanoFramework.System.Numerics": {
        "type": "Direct",
        "requested": "[1.2.586, 1.2.586]",
        "resolved": "1.2.586",
        "contentHash": "H/Duo+WgJ4NwHZOFkMjad/eKs1ijExn2SvtauEaimO0/fWWlWPZFZy1IDOumLLFVUADwUwnlmf9QfzPViyOlCQ=="
      },
      "nanoFramework.System.Runtime": {
        "type": "Direct",
        "requested": "[1.0.27, 1.0.27]",
        "resolved": "1.0.27",
        "contentHash": "aMwvQV6AR+XlDc+dHR/fWWnTe5dc7LDaqZS0ccfmd31Y39dZnmX3iQB2wXWtZGvXLCC+obc3IF3Vc70FiG0raw=="
      },
      "nanoFramework.System.Text": {
        "type": "Direct",
        "requested": "[1.2.54, 1.2.54]",
        "resolved": "1.2.54",
        "contentHash": "k3OutSNRMs9di42LQ+5GbpHBY07aMEZWGkaS3Mj3ZU4cWqJc4deFGzRd+LBFQl1mRGdQaM5sl/euTZdcg8R9Zg=="
      },
      "UnitsNet.nanoFramework.ElectricCurrent": {
        "type": "Direct",
        "requested": "[5.55.0, 5.55.0]",
        "resolved": "5.55.0",
        "contentHash": "IyIxsPunGhQtIfAFv0jB9d3KxbQ0eOeOYOdjdo/gFz13K2EOHJ6srOVv8KhnJcBAZb85qgKKL81LvuNOqj7ETg=="
      },
      "UnitsNet.nanoFramework.Frequency": {
        "type": "Direct",
        "requested": "[5.55.0, 5.55.0]",
        "resolved": "5.55.0",
        "contentHash": "nYEqWNQAdX4n4u5zXXh5eH5w7Ro2x8b59YEjrvBOAx/6q1xvgWCJUDa6xuDskyNrEpmnbkDOyk91gGKSls9tXg=="
      },
      "UnitsNet.nanoFramework.Temperature": {
        "type": "Direct",
        "requested": "[5.55.0, 5.55.0]",
        "resolved": "5.55.0",
        "contentHash": "yjRgZ/nDG41oS180kF8QNXGVKYE2CQitzwlwGnQiYAM9pem3Qk0dY65SFoCVNTtGScJ5KCpMXsoIEQgF7GtYuw=="
      }
    }
  }
}