{
  "version": 1,
  "dependencies": {
    ".NETnanoFramework,Version=v1.0": {
      "nanoFramework.CoreLibrary": {
        "type": "Direct",
        "requested": "[1.12.0, 1.12.0]",
        "resolved": "1.12.0",
        "contentHash": "qQrFNXmJiStMC4VXk5cVMOJp23/qlT9FW5i9i+igwQVwraQTtvpkam8yK1hj992jqrbjoCIFZP4Hw9E8H0pB7w=="
      },
      "nanoFramework.Graphics": {
        "type": "Direct",
        "requested": "[1.1.8, 1.1.8]",
        "resolved": "1.1.8",
        "contentHash": "kRXvPe0V1RhxjRrWO1ayuPhHssyS+p1HmErW3aXzXHEt7NrfaN3t1F769fdGpsNQAobBuyLA1pMxQajOHMF6Sg=="
      },
      "nanoFramework.Hardware.Esp32": {
        "type": "Direct",
        "requested": "[1.4.4, 1.4.4]",
        "resolved": "1.4.4",
        "contentHash": "a2GtJKRh1HqzdULcThptvFkqyH71I8SNtdQXXllgj7jpakPjFzHUC7SPjZt6/PjvjtYbnlmjrlnL4pj7vz+2Gw=="
      },
      "nanoFramework.Iot.Device.Axp192": {
        "type": "Direct",
        "requested": "[1.2.114, 1.2.114]",
        "resolved": "1.2.114",
        "contentHash": "AY6ASGILt3LlIo/hzjBh1douHbTf+Z6Vz2PuQlzp+jH3TUXV6LTNqbK86S1Z+YHyGjkLP3HZBG08s6n89J1hUA=="
      },
      "nanoFramework.Iot.Device.Bmm150": {
        "type": "Direct",
        "requested": "[1.2.87, 1.2.87]",
        "resolved": "1.2.87",
        "contentHash": "7FAgrrYPVkoPxSFOAY+GMFPelLmtkoFXuuttaQBv4rqAx0I1yyzUjJWJEg7jtFCVAZVFZvvU7/t1cFmPRSPeQw=="
      },
      "nanoFramework.Iot.Device.Button": {
        "type": "Direct",
        "requested": "[1.2.114, 1.2.114]",
        "resolved": "1.2.114",
        "contentHash": "Cw5iZGZO3Gr5s/xjEcgjybQnysn++0ukl3gR37DCV3Zq56EXwA6CpY0hC0+WR6McngBksHmY4r0b629a64GsWQ=="
      },
      "nanoFramework.Iot.Device.Common.NumberHelper": {
        "type": "Direct",
        "requested": "[1.2.82, 1.2.82]",
        "resolved": "1.2.82",
        "contentHash": "Zu5wN89KhmYKhf0/Si27YfPRqT9IBHfhRA8wE9kmiWME9MzOUdT4gXgjZ/38sg1h7xtaw++7gcN2wqJMoWvdCg=="
      },
      "nanoFramework.Iot.Device.Mpu6886": {
        "type": "Direct",
        "requested": "[1.2.87, 1.2.87]",
        "resolved": "1.2.87",
        "contentHash": "vx4svhIu/cJP8kCdpnaJwQJiik/U2pKP8Htju3dKbffw8qTRWgYj2C7cF2FT5eH2Swl7EwlZaiNQyJQaaO75PQ=="
      },
      "nanoFramework.Iot.Device.Rtc": {
        "type": "Direct",
        "requested": "[1.2.87, 1.2.87]",
        "resolved": "1.2.87",
        "contentHash": "FECRNI8T5TYJUD6ch1Ccq9SC9INJ/EmviHEiW7ESF9NQ+RjuRsw1VCqoZnAKIJDwTEcwMKfHcrDzqy+sFyQ1/Q=="
      },
      "nanoFramework.ResourceManager": {
        "type": "Direct",
        "requested": "[1.2.7, 1.2.7]",
        "resolved": "1.2.7",
        "contentHash": "1O4vSa97D0YPa+0+A6vZOGaoSi3VcgGT7ByBvPSSmjnEhRitFFNGZQYnbM+aJgcEzKyX7GeIdK4bge2QWXWSPA=="
      },
      "nanoFramework.Runtime.Events": {
        "type": "Direct",
        "requested": "[1.11.1, 1.11.1]",
        "resolved": "1.11.1",
        "contentHash": "hHRPhNagq1T0oN9QJfPOqreuWUV42DJamT0f7GrPQvrOYcr9ne4YTZq8MIpudvKtSALs50iYqxJ+raOF2CiNsA=="
      },
      "nanoFramework.Runtime.Native": {
        "type": "Direct",
        "requested": "[1.5.4, 1.5.4]",
        "resolved": "1.5.4",
        "contentHash": "qfaOY1O5TOEw//MO4AOWRq5CdZXTfd3KnsGTNU2yw+IEYKiQLPkJhtF3ufF/S04xfXL556S2kOFG3/RZrwQ4Qw=="
      },
      "nanoFramework.System.Buffers.Binary.BinaryPrimitives": {
        "type": "Direct",
        "requested": "[1.2.82, 1.2.82]",
        "resolved": "1.2.82",
        "contentHash": "bLU3RwTmG/fmpVQ5Q7/TpiY4w4+NoKwssRVluTiSynqc3IUDAJSCPK0y4gdiG21zzRhad59oSgUqtk1+bY9v1A=="
      },
      "nanoFramework.System.Collections": {
        "type": "Direct",
        "requested": "[1.4.0, 1.4.0]",
        "resolved": "1.4.0",
        "contentHash": "/yFwxtCFzi+24NuyxcwlH1YyBGOxRX4oHGLwVmFbgbvOyx3ny/Mwyk2YjHTzmTSgUg9C2XxPF+EkXWwCOAkytw=="
      },
      "nanoFramework.System.Device.Adc": {
        "type": "Direct",
        "requested": "[1.0.2, 1.0.2]",
        "resolved": "1.0.2",
        "contentHash": "/f18OmqSLLXW1iI2jeTjaUqDCGWkf8ISu4e8au6H7V6W0kEzwcolSoDL8o7reo4pYCOrULI25/TKnBtRhJNiBw=="
      },
      "nanoFramework.System.Device.Dac": {
        "type": "Direct",
        "requested": "[1.4.3, 1.4.3]",
        "resolved": "1.4.3",
        "contentHash": "cbqNE+zfhYYHHuMTMNG8+euU0oq5aX5ibZdbrCIsio9qBJ/mZcupcyM3C0zIQtolwrOOWZL3by0NZb8he8xBSg=="
      },
      "nanoFramework.System.Device.Gpio": {
        "type": "Direct",
        "requested": "[1.1.18, 1.1.18]",
        "resolved": "1.1.18",
        "contentHash": "XbZflvZi1i6uAzhfGVXdSH4naa2St9AbGi1r+iaC6CjXNohRUdVAaJk5wM69YcBW1Hd+7Y790TmJkeT9JtApnw=="
      },
      "nanoFramework.System.Device.I2c": {
        "type": "Direct",
        "requested": "[1.0.3, 1.0.3]",
        "resolved": "1.0.3",
        "contentHash": "hRrolSxrzymKBM6ha7KI5VOpIpvxlFbUEw2dHMq0llPC7wkKe+kYai8QMFRRro4DbvIiE67UOMNefjqGK4cxkg=="
      },
      "nanoFramework.System.Device.Model": {
        "type": "Direct",
        "requested": "[1.2.82, 1.2.82]",
        "resolved": "1.2.82",
        "contentHash": "5j1KvviZM99m1YPV+J4QuKy27/hGBA1rlxJlKEwV0nXElDthlA03PVW5TwucTEiHDDsETKggyUoWrC5GTwUD4A=="
      },
      "nanoFramework.System.Device.Pwm": {
        "type": "Direct",
        "requested": "[1.0.1, 1.0.1]",
        "resolved": "1.0.1",
        "contentHash": "4H7HfPDZtU1T1wIJqR9z/Dmfx8LcthqrpQH+LqnYWpdW8y04t35lvTQST8D2fKEAEubtrwWcWwSpFGMvFe5OXg=="
      },
      "nanoFramework.System.Device.Spi": {
        "type": "Direct",
        "requested": "[1.3.18, 1.3.18]",
        "resolved": "1.3.18",
        "contentHash": "RbIQ55QmgHl69heSXQmxITwoptRKYJ4Zmq/J2o5xrX5L7W1PTZ/I5wvSpgdEEFpyBPJ1fOpiUFNA8fnFXrHL0g=="
      },
      "nanoFramework.System.Device.Wifi": {
        "type": "Direct",
        "requested": "[1.5.27, 1.5.27]",
        "resolved": "1.5.27",
        "contentHash": "tl1RrNsO/F+3K9McYuHH4J+NbJAJuuTIOHzwbXL3kEa+weCP2ulVQMQ9PqUNtSRK0zyfWX/H3YzVyfeydlySGw=="
      },
      "nanoFramework.System.Diagnostics.Stopwatch": {
        "type": "Direct",
        "requested": "[1.2.82, 1.2.82]",
        "resolved": "1.2.82",
        "contentHash": "Ehqs+IV7EVqXREWCq2csMzDn8/QXCAwTzMs6HgMv+1EZywNA/hwtLgNbbeFSxb4DtMfz7uKJZ5I7UM/rbTHkRg=="
      },
      "nanoFramework.System.IO.FileSystem": {
        "type": "Direct",
        "requested": "[1.1.11, 1.1.11]",
        "resolved": "1.1.11",
        "contentHash": "qZSqGg/IodAMiq1RDWV3FE537HfchrqEXCrRr4tQXDzLDBuw0DMMCOZFqByX38DVnpQTqPUe20HfxSygGyctFA=="
      },
      "nanoFramework.System.IO.Ports": {
        "type": "Direct",
        "requested": "[1.1.31, 1.1.31]",
        "resolved": "1.1.31",
        "contentHash": "yNFLPGwi8FitP1i/m4rubYx4U+iyk7Flj2/vni2tftD6sbnlb9AZMtFfpt6+RNCilydB2n2udbNqj/Bt4o5UgQ=="
      },
      "nanoFramework.System.IO.Streams": {
        "type": "Direct",
        "requested": "[1.1.15, 1.1.15]",
        "resolved": "1.1.15",
        "contentHash": "eb7Zz3G301mgRo13n609wZvyaXZ/C9unPYn5Vz34OAEdGX1RDJufpcW+2v28ux3goj8x2BXuj717d4VVVJUotA=="
      },
      "nanoFramework.System.Math": {
        "type": "Direct",
        "requested": "[1.4.4, 1.4.4]",
        "resolved": "1.4.4",
        "contentHash": "JN4sbt2OBWq6DzlUqaT31zZEtXobUNCXG+ZlztDRVqxqtLs09CH80HIE6bIz5wk/7HsKlB546K69HHGDaVP9Ow=="
      },
      "nanoFramework.System.Net": {
        "type": "Direct",
        "requested": "[1.10.24, 1.10.24]",
        "resolved": "1.10.24",
        "contentHash": "Hj4cE9TiGNJRG+wWJVKKBzL5bRtIqbWRraeP7yJKARUg8i+8xvTqQ/M2mxwhGGS5cf8yGtLJ++MWQMT/231LFw=="
      },
      "nanoFramework.System.Numerics": {
        "type": "Direct",
        "requested": "[1.2.82, 1.2.82]",
        "resolved": "1.2.82",
        "contentHash": "j8wSfwPFd+8v3Bbo8zjqxg85bqDUZtQUnLUsSGmQQttycZE7rTUbI7jA5B4CrZfoGL9XEXNUzs09LWBj4kOQ3g=="
      },
      "nanoFramework.System.Text": {
        "type": "Direct",
        "requested": "[1.2.7, 1.2.7]",
        "resolved": "1.2.7",
        "contentHash": "ax4CrqYHNXoEBjaIW7dIv1CM4PxWcCc6lN2xSzGLZf7F/JZ0O7t0el86PPN2P/DfOyyBKSDAmrZjEx4q8mvgSw=="
      },
      "nanoFramework.System.Threading": {
        "type": "Direct",
        "requested": "[1.1.8, 1.1.8]",
        "resolved": "1.1.8",
        "contentHash": "oES5GN3KHoDzifRNr06WM7P9NaQf+kDmIYkr1ETR2awmERHz4sRpECduGEatwyo1vMhMvZY/KoBcEpAyKNbDgQ=="
      },
      "UnitsNet.nanoFramework.ElectricCurrent": {
        "type": "Direct",
        "requested": "[4.145.0, 4.145.0]",
        "resolved": "4.145.0",
        "contentHash": "CEb1r7X2xNav30H6AGQORg+8obJlh/9Zbn54JHeWOYJz6YFAcsl8z5RdOJyrUKpPwPHkIgepFf6um3IBIUoC2w=="
      },
      "UnitsNet.nanoFramework.ElectricPotential": {
        "type": "Direct",
        "requested": "[4.145.0, 4.145.0]",
        "resolved": "4.145.0",
        "contentHash": "47EH4ZvREr3Alb4pP41HadHdKLE7l0WaO42N1gWGitDayb3aEvdSo2srcTUurCNTlxAQWrS/xh0N1n37GZMc+g=="
      },
      "UnitsNet.nanoFramework.Power": {
        "type": "Direct",
        "requested": "[4.145.0, 4.145.0]",
        "resolved": "4.145.0",
        "contentHash": "Xcn665ZzoQ7BFvqj9wFYSuUKscK+0HUeqgol4VHL5kAQoiCyN0HDO/LZxvT8isvwLzhyBuXmjYsaPqVyFKIi0Q=="
      },
      "UnitsNet.nanoFramework.Temperature": {
        "type": "Direct",
        "requested": "[4.145.0, 4.145.0]",
        "resolved": "4.145.0",
        "contentHash": "lhiS0ovxBCVxTBEg9hUzefZ1AXK2X+rncZnMFQ4c165wqstmkyx9evWq5F013FKeya8dLy93a+1LR/PkAcYfKw=="
      }
    }
  }
}