{
  "version": 1,
  "dependencies": {
    ".NETnanoFramework,Version=v1.0": {
      "nanoFramework.CoreLibrary": {
        "type": "Direct",
        "requested": "[1.14.2, 1.14.2]",
        "resolved": "1.14.2",
        "contentHash": "j1mrz4mitl5LItvmHMsw1aHzCAfvTTgIkRxA0mhs5mSpctJ/BBcuNwua5j3MspfRNKreCQPy/qZy/D9ADLL/PA=="
      },
      "nanoFramework.Graphics": {
        "type": "Direct",
        "requested": "[1.1.37, 1.1.37]",
        "resolved": "1.1.37",
        "contentHash": "dMe4Cq/XkPquMm8ut4o5gkkcRxpB0+MdzJiIdJNugK2nkfH8CX9KwJwv+KjSco59zj2vTWdB/4TOq26QRAFpRg=="
      },
      "nanoFramework.Hardware.Esp32": {
        "type": "Direct",
        "requested": "[1.6.3, 1.6.3]",
        "resolved": "1.6.3",
        "contentHash": "no0wZg56l4p36YfvgACoqgJ7W7AU28caVYTpr/cB0Sr7ByggvFc0DbwFyqAI0uJNY8DKRKFv66qXSH3t7NcQWQ=="
      },
      "nanoFramework.Hardware.Esp32.Rmt": {
        "type": "Direct",
        "requested": "[2.0.1, 2.0.1]",
        "resolved": "2.0.1",
        "contentHash": "h3xaxgk1vIeWxFYxRa+6bvYmg5TlNuCS9GwYzbVba0T0mq2nYWUNqTUoWtLEGReZY17vmULzu5AXQzGz+q7tZQ=="
      },
      "nanoFramework.Iot.Device.Axp192": {
        "type": "Direct",
        "requested": "[1.2.357, 1.2.357]",
        "resolved": "1.2.357",
        "contentHash": "dX6ZlBQrYo370bIlvrVohFvCY6SQQH+wF6dgBGeGF5jD21/rzApCylaupEQydn5f9SslLqFWKptIdrdyg0h9aw=="
      },
      "nanoFramework.Iot.Device.Button": {
        "type": "Direct",
        "requested": "[1.2.329, 1.2.329]",
        "resolved": "1.2.329",
        "contentHash": "+rIu25julxT7givJxkN6pnfryci2NFppJzhrp0mlc7xzGBiyOsKldTEt/pLD3ieqPqBH8Zons4TgKACrfpgryA=="
      },
      "nanoFramework.Iot.Device.Common.NumberHelper": {
        "type": "Direct",
        "requested": "[1.2.325, 1.2.325]",
        "resolved": "1.2.325",
        "contentHash": "0EougZO3SROyQ0cXxzD7awPyfZ2l1bcglqGefp7W37HsmVOpU53am7Qo62kQSdJs/T6dpVgkN0/I7q8BBBtsgA=="
      },
      "nanoFramework.Iot.Device.Mpu6886": {
        "type": "Direct",
        "requested": "[1.2.357, 1.2.357]",
        "resolved": "1.2.357",
        "contentHash": "IPoLYsritgxhSH3nO2HSl6VXs/0dNX8d9ONpHgZMdCl+oPKCWy/Gr0HP+4UdsAp4cmPzUPXlnimgu5AJJ8Y4/g=="
      },
      "nanoFramework.Iot.Device.Rtc": {
        "type": "Direct",
        "requested": "[1.2.357, 1.2.357]",
        "resolved": "1.2.357",
        "contentHash": "PTJ+AB01ViKutwiw1gQyLxL1zrsoNSVUIlnsYrFOhgwuGKSr3N/XUCwbzZJcIllC2gv3IKK/MpXJWca3s+4uqQ=="
      },
      "nanoFramework.ResourceManager": {
        "type": "Direct",
        "requested": "[1.2.13, 1.2.13]",
        "resolved": "1.2.13",
        "contentHash": "FhrwL1T1xA8d8h95IbWRZFFmnfDlUGJ4uccgAvyuUSSvisrQZzY7Ve6TAIz6XxtqSl+ESbKd6IiGVDgzZfR+Ew=="
      },
      "nanoFramework.Runtime.Events": {
        "type": "Direct",
        "requested": "[1.11.6, 1.11.6]",
        "resolved": "1.11.6",
        "contentHash": "xkltRh/2xKaZ9zmPHbVr32s1k+e17AInUBhzxKKkUDicJKF39yzTShSklb1OL6DBER5z71SpkGLyl9IdMK9l6w=="
      },
      "nanoFramework.Runtime.Native": {
        "type": "Direct",
        "requested": "[1.6.6, 1.6.6]",
        "resolved": "1.6.6",
        "contentHash": "ySEYUh8bTiFYAUce3uQLfOvvnunTx10j7Xsw+ChlS+nXFC/kCctgTob7k1McZrxqTs0CZo+Ux5eW4oYKzx25aw=="
      },
      "nanoFramework.System.Buffers.Binary.BinaryPrimitives": {
        "type": "Direct",
        "requested": "[1.2.325, 1.2.325]",
        "resolved": "1.2.325",
        "contentHash": "uwNE0GprnJplF0J238jRa9f7JaXgZxbTJckXMaJEVBxqkmLncw4Mi+rfJdr6mOoLWLQVaE5NevciWZnUja2lJQ=="
      },
      "nanoFramework.System.Collections": {
        "type": "Direct",
        "requested": "[1.5.18, 1.5.18]",
        "resolved": "1.5.18",
        "contentHash": "F8FzaUC5D2xd6eQja33EYcknOFqWT+YEcnEn849ILJTGSedVFylUREEuoGULbCrnuuLx417hDzWny+B78Qi67g=="
      },
      "nanoFramework.System.Device.Gpio": {
        "type": "Direct",
        "requested": "[1.1.28, 1.1.28]",
        "resolved": "1.1.28",
        "contentHash": "G/l2hkWAwQoMsCHJUK0iZsavYjKykewOXlLF1+fDUylOuBvoHo/iY5Lec+sAnJ3WMcoY2Uo6miYrCMI07g59Tg=="
      },
      "nanoFramework.System.Device.I2c": {
        "type": "Direct",
        "requested": "[1.1.11, 1.1.11]",
        "resolved": "1.1.11",
        "contentHash": "zV9CfXGTzTV8C+5SSBF5w6wZK4zcZeDtgv0XtXkkCEx8Z4woICsD+9me6YQEYz6IKQKoRAw6VEaQMScqs0b0mQ=="
      },
      "nanoFramework.System.Device.Model": {
        "type": "Direct",
        "requested": "[1.2.325, 1.2.325]",
        "resolved": "1.2.325",
        "contentHash": "0g0ohwuDmBIKm3hycmCnGZC/d/mYhAl2GPMMRcLhcnQJWNeDBvMe3hJlUBpo36tgjfrjniF11n+HkvGy4DzJ5Q=="
      },
      "nanoFramework.System.Diagnostics.Stopwatch": {
        "type": "Direct",
        "requested": "[1.2.325, 1.2.325]",
        "resolved": "1.2.325",
        "contentHash": "VIv7e9pPukInMnHw8lRQGgBWVBccci9htWDM5cQNgYTWgQGkNNJxcXb3YDP7FXhUosRSgI8E7iFRavRczr4SgA=="
      },
      "nanoFramework.System.Math": {
        "type": "Direct",
        "requested": "[1.5.29, 1.5.29]",
        "resolved": "1.5.29",
        "contentHash": "PyufZzrtDA7HKCbrbOEbqDhaWK5vflJmAi7RJ+a4cPLMmO9cSWc0dUbylMg6Wxg7Ggu1VmcPqfCIZPFHbx5/2A=="
      },
      "nanoFramework.System.Numerics": {
        "type": "Direct",
        "requested": "[1.2.325, 1.2.325]",
        "resolved": "1.2.325",
        "contentHash": "wLXKzO/ZdBuhh8GDXkXMPYIajtaAwPVy5bhyVd5b/Kz4RIgpq3GWU/sAFNyJ9Iqq4VTmZuY8aZVkoMnXbEkxKw=="
      },
      "Nerdbank.GitVersioning": {
        "type": "Direct",
        "requested": "[3.6.133, 3.6.133]",
        "resolved": "3.6.133",
        "contentHash": "VZWMd5YAeDxpjWjAP/X6bAxnRMiEf6tES/ITN0X5CHJgkWLLeHGmEALivmTAfYM6P+P/3Szy6VCITUAkqjcHVw=="
      },
      "UnitsNet.nanoFramework.ElectricCurrent": {
        "type": "Direct",
        "requested": "[5.28.0, 5.28.0]",
        "resolved": "5.28.0",
        "contentHash": "SdMqe97roXSnEKxMYGK7hFrci3lsQlp6XIIlcDLNibDb+ArvIETTmL1qhevBb5BNOxwE2hb4hdjTvvr5cIcyDA=="
      },
      "UnitsNet.nanoFramework.ElectricPotential": {
        "type": "Direct",
        "requested": "[5.28.0, 5.28.0]",
        "resolved": "5.28.0",
        "contentHash": "YTGaGDDv9zIqJ7uJX3OSfxFPsWYLoSBprpFKnzpTB/boVDVlTBXeYuN/CX8Sw+R0ikZK78Qace+tSTlYVdXquQ=="
      },
      "UnitsNet.nanoFramework.Power": {
        "type": "Direct",
        "requested": "[5.28.0, 5.28.0]",
        "resolved": "5.28.0",
        "contentHash": "PeJzCyOrQIUi/RSJUHxn78havYi8sQoHPdVBfG1MNaevcEnFFjC7yJY5A/uFHZ6ThCaJDUg76cHgXagnZgwyWQ=="
      },
      "UnitsNet.nanoFramework.Temperature": {
        "type": "Direct",
        "requested": "[5.28.0, 5.28.0]",
        "resolved": "5.28.0",
        "contentHash": "693gMB4DOCIhRgO6hJYRRkswDmPxGd3OwBa1R+ayI8nDG7QTbY5nlOuCEyFl0U9F5dmez7P5k/TobElP6kEASg=="
      }
    }
  }
}