{
  "version": 1,
  "dependencies": {
    ".NETnanoFramework,Version=v1.0": {
      "nanoFramework.CoreLibrary": {
        "type": "Direct",
        "requested": "[1.12.0, 1.12.0]",
        "resolved": "1.12.0",
        "contentHash": "qQrFNXmJiStMC4VXk5cVMOJp23/qlT9FW5i9i+igwQVwraQTtvpkam8yK1hj992jqrbjoCIFZP4Hw9E8H0pB7w=="
      },
      "nanoFramework.Graphics": {
        "type": "Direct",
        "requested": "[1.0.3.6, 1.0.3.6]",
        "resolved": "1.0.3.6",
        "contentHash": "D6k4XHxij3gcWxUzknkI95/CWb5cptS+zIF5BOHtZkEe97Uf/lLdsV7o2nAPXUSVo1PTJ4YVavUuUo/Oy1I4qA=="
      },
      "nanoFramework.Hardware.Esp32": {
        "type": "Direct",
        "requested": "[1.4.1, 1.4.1]",
        "resolved": "1.4.1",
        "contentHash": "BXN0cwb0s3MIUmtrstHZxFJTuux+V6p7pq22dpwTeFlzJ4gGIS5t0LURHTNner0u8Twag0bhGuCknK7N9U5keQ=="
      },
      "nanoFramework.Hardware.Esp32.Rmt": {
        "type": "Direct",
        "requested": "[1.2.3.5, 1.2.3.5]",
        "resolved": "1.2.3.5",
        "contentHash": "6+l+p8XG1Xn9BNcXDN/TtXmrciPLOS0THPqT2/edDpxY346/EToAmVrcKltzJk0C1vOvS4KKx+ZGwTOSzEHcYQ=="
      },
      "nanoFramework.Iot.Device.Axp192": {
        "type": "Direct",
        "requested": "[1.2.87, 1.2.87]",
        "resolved": "1.2.87",
        "contentHash": "H60cU0kCFy3Z1kpayI7IRELxvkwqEMX1UbHDe5STWfYeYvq7gAT1VtOHBl0jsAQcQ5oZjdqMCWoEV+8vAkyeaA=="
      },
      "nanoFramework.Iot.Device.Button": {
        "type": "Direct",
        "requested": "[1.2.87, 1.2.87]",
        "resolved": "1.2.87",
        "contentHash": "1k9DSXZCtVfH7b/rzAbh0X7v/oJnI5ENXPMsHcOfpfsZNccb888oLsTnRZMW/1kxVryRN8iQy0Y/GFF5gZTBtA=="
      },
      "nanoFramework.Iot.Device.Common.NumberHelper": {
        "type": "Direct",
        "requested": "[1.2.82, 1.2.82]",
        "resolved": "1.2.82",
        "contentHash": "Zu5wN89KhmYKhf0/Si27YfPRqT9IBHfhRA8wE9kmiWME9MzOUdT4gXgjZ/38sg1h7xtaw++7gcN2wqJMoWvdCg=="
      },
      "nanoFramework.Iot.Device.Mpu6886": {
        "type": "Direct",
        "requested": "[1.2.87, 1.2.87]",
        "resolved": "1.2.87",
        "contentHash": "vx4svhIu/cJP8kCdpnaJwQJiik/U2pKP8Htju3dKbffw8qTRWgYj2C7cF2FT5eH2Swl7EwlZaiNQyJQaaO75PQ=="
      },
      "nanoFramework.Iot.Device.Rtc": {
        "type": "Direct",
        "requested": "[1.2.87, 1.2.87]",
        "resolved": "1.2.87",
        "contentHash": "FECRNI8T5TYJUD6ch1Ccq9SC9INJ/EmviHEiW7ESF9NQ+RjuRsw1VCqoZnAKIJDwTEcwMKfHcrDzqy+sFyQ1/Q=="
      },
      "nanoFramework.ResourceManager": {
        "type": "Direct",
        "requested": "[1.1.4, 1.1.4]",
        "resolved": "1.1.4",
        "contentHash": "8zjwWAvmu1nni90lR+YJzDm2QpozCiZPG9FjBUPxFo06mehvvofCSZcVORWjXVGNO6wBCxkkuaZNVg9GlyK+CQ=="
      },
      "nanoFramework.Runtime.Events": {
        "type": "Direct",
        "requested": "[1.10.0, 1.10.0]",
        "resolved": "1.10.0",
        "contentHash": "ZRDjzVoTdc6+3sUNk9vORz4HHonYYGM4ED2V8VcfkYC8xQ8VFoaP8U6mXLd70ocmyhGaP9GK86sxHUQykSK7vA=="
      },
      "nanoFramework.Runtime.Native": {
        "type": "Direct",
        "requested": "[1.5.4, 1.5.4]",
        "resolved": "1.5.4",
        "contentHash": "qfaOY1O5TOEw//MO4AOWRq5CdZXTfd3KnsGTNU2yw+IEYKiQLPkJhtF3ufF/S04xfXL556S2kOFG3/RZrwQ4Qw=="
      },
      "nanoFramework.System.Buffers.Binary.BinaryPrimitives": {
        "type": "Direct",
        "requested": "[1.2.82, 1.2.82]",
        "resolved": "1.2.82",
        "contentHash": "bLU3RwTmG/fmpVQ5Q7/TpiY4w4+NoKwssRVluTiSynqc3IUDAJSCPK0y4gdiG21zzRhad59oSgUqtk1+bY9v1A=="
      },
      "nanoFramework.System.Collections": {
        "type": "Direct",
        "requested": "[1.4.0, 1.4.0]",
        "resolved": "1.4.0",
        "contentHash": "/yFwxtCFzi+24NuyxcwlH1YyBGOxRX4oHGLwVmFbgbvOyx3ny/Mwyk2YjHTzmTSgUg9C2XxPF+EkXWwCOAkytw=="
      },
      "nanoFramework.System.Device.Gpio": {
        "type": "Direct",
        "requested": "[1.1.11, 1.1.11]",
        "resolved": "1.1.11",
        "contentHash": "UhEJuox9ZejyfVCJToohE+DcYf/zV2q00/7xlk1PFldDZSus/47HKWCGoXkkRaU72Le14CFRf+xQL2JozuELLw=="
      },
      "nanoFramework.System.Device.I2c": {
        "type": "Direct",
        "requested": "[1.0.3, 1.0.3]",
        "resolved": "1.0.3",
        "contentHash": "hRrolSxrzymKBM6ha7KI5VOpIpvxlFbUEw2dHMq0llPC7wkKe+kYai8QMFRRro4DbvIiE67UOMNefjqGK4cxkg=="
      },
      "nanoFramework.System.Device.Model": {
        "type": "Direct",
        "requested": "[1.2.82, 1.2.82]",
        "resolved": "1.2.82",
        "contentHash": "5j1KvviZM99m1YPV+J4QuKy27/hGBA1rlxJlKEwV0nXElDthlA03PVW5TwucTEiHDDsETKggyUoWrC5GTwUD4A=="
      },
      "nanoFramework.System.Diagnostics.Stopwatch": {
        "type": "Direct",
        "requested": "[1.2.82, 1.2.82]",
        "resolved": "1.2.82",
        "contentHash": "Ehqs+IV7EVqXREWCq2csMzDn8/QXCAwTzMs6HgMv+1EZywNA/hwtLgNbbeFSxb4DtMfz7uKJZ5I7UM/rbTHkRg=="
      },
      "nanoFramework.System.Math": {
        "type": "Direct",
        "requested": "[1.4.4, 1.4.4]",
        "resolved": "1.4.4",
        "contentHash": "JN4sbt2OBWq6DzlUqaT31zZEtXobUNCXG+ZlztDRVqxqtLs09CH80HIE6bIz5wk/7HsKlB546K69HHGDaVP9Ow=="
      },
      "nanoFramework.System.Numerics": {
        "type": "Direct",
        "requested": "[1.2.82, 1.2.82]",
        "resolved": "1.2.82",
        "contentHash": "j8wSfwPFd+8v3Bbo8zjqxg85bqDUZtQUnLUsSGmQQttycZE7rTUbI7jA5B4CrZfoGL9XEXNUzs09LWBj4kOQ3g=="
      },
      "Nerdbank.GitVersioning": {
        "type": "Direct",
        "requested": "[3.5.103, 3.5.103]",
        "resolved": "3.5.103",
        "contentHash": "gMzXNdd/cQWBTp+zaYmHaoTVSOQwOuFKGD26wJJSdJ95aQeMcNYzKW5KGlZj/HnyHJSMMa2xAO+7Y0FKdZuv0g=="
      },
      "UnitsNet.nanoFramework.ElectricCurrent": {
        "type": "Direct",
        "requested": "[4.145.0, 4.145.0]",
        "resolved": "4.145.0",
        "contentHash": "CEb1r7X2xNav30H6AGQORg+8obJlh/9Zbn54JHeWOYJz6YFAcsl8z5RdOJyrUKpPwPHkIgepFf6um3IBIUoC2w=="
      },
      "UnitsNet.nanoFramework.ElectricPotential": {
        "type": "Direct",
        "requested": "[4.145.0, 4.145.0]",
        "resolved": "4.145.0",
        "contentHash": "47EH4ZvREr3Alb4pP41HadHdKLE7l0WaO42N1gWGitDayb3aEvdSo2srcTUurCNTlxAQWrS/xh0N1n37GZMc+g=="
      },
      "UnitsNet.nanoFramework.Power": {
        "type": "Direct",
        "requested": "[4.145.0, 4.145.0]",
        "resolved": "4.145.0",
        "contentHash": "Xcn665ZzoQ7BFvqj9wFYSuUKscK+0HUeqgol4VHL5kAQoiCyN0HDO/LZxvT8isvwLzhyBuXmjYsaPqVyFKIi0Q=="
      },
      "UnitsNet.nanoFramework.Temperature": {
        "type": "Direct",
        "requested": "[4.145.0, 4.145.0]",
        "resolved": "4.145.0",
        "contentHash": "lhiS0ovxBCVxTBEg9hUzefZ1AXK2X+rncZnMFQ4c165wqstmkyx9evWq5F013FKeya8dLy93a+1LR/PkAcYfKw=="
      }
    }
  }
}