{
  "version": 1,
  "dependencies": {
    ".NETnanoFramework,Version=v1.0": {
      "nanoFramework.CoreLibrary": {
        "type": "Direct",
        "requested": "[1.17.11, 1.17.11]",
        "resolved": "1.17.11",
        "contentHash": "HezzAc0o2XrSGf85xSeD/6xsO6ohF9hX6/iMQ1IZS6Zw6umr4WfAN2Jv0BrPxkaYwzEegJxxZujkHoUIAqtOMw=="
      },
      "nanoFramework.Graphics.Core": {
        "type": "Direct",
        "requested": "[1.2.53, 1.2.53]",
        "resolved": "1.2.53",
        "contentHash": "wAYezYFWaE/sZaUOTOnOXftwmEm4K6UmanviuDJS/aUUdZ2uAqwhpKG84plhb+b2nIXteVYoj060AMPb0Dup2g=="
      },
      "nanoFramework.Hardware.Esp32.Rmt": {
        "type": "Direct",
        "requested": "[2.0.51, 2.0.51]",
        "resolved": "2.0.51",
        "contentHash": "lli5uM8uRxIBhjsKqwKSxXCCues0VBNDkPo+WIgMx8a6A6XUreQn8ZzcOQJKca2v+ZGUjxDXDXc+NxSnn1vR2A=="
      },
      "nanoFramework.Iot.Device.Button": {
        "type": "Direct",
        "requested": "[1.2.1002, 1.2.1002]",
        "resolved": "1.2.1002",
        "contentHash": "AG4810GRfXKihn97fAdsQOYneHLNQzl+xHuDcS/JQhNJLbjhpkAzl85k9HO8Tjz1ajWtpUACib8lJSo+l4l3AA=="
      },
      "nanoFramework.Iot.Device.Ws28xx.Esp32": {
        "type": "Direct",
        "requested": "[1.2.1002, 1.2.1002]",
        "resolved": "1.2.1002",
        "contentHash": "oidWd4qwfYFJQT0MIo5OemAVt72WmjxFe0r+A9jRLWFBV1ZRoE4BOH4ktYSgtc1Lhy9ykMAsC2dfoHfm4mG67Q=="
      },
      "nanoFramework.Runtime.Events": {
        "type": "Direct",
        "requested": "[1.11.37, 1.11.37]",
        "resolved": "1.11.37",
        "contentHash": "whTgEJCGpE8eGK7Z2fI6gTqsVeVrnCzP1KDSqIB2PY0/Jyw7NcnwCFe3s/43ch75DuAZt8/jTX0VJoJtN0Colw=="
      },
      "nanoFramework.System.Device.Gpio": {
        "type": "Direct",
        "requested": "[1.1.62, 1.1.62]",
        "resolved": "1.1.62",
        "contentHash": "BaSX4efW1WtqVBoqqKs3tb9y3QSZiIPcWyalbxFY7ovQ2FKoyAHI/RzTGjzPtSf3mUwmrvXnPowDida5NY5Urg=="
      }
    }
  }
}