{
  "version": 1,
  "dependencies": {
    ".NETnanoFramework,Version=v1.0": {
      "nanoFramework.CoreLibrary": {
        "type": "Direct",
        "requested": "[1.17.11, 1.17.11]",
        "resolved": "1.17.11",
        "contentHash": "HezzAc0o2XrSGf85xSeD/6xsO6ohF9hX6/iMQ1IZS6Zw6umr4WfAN2Jv0BrPxkaYwzEegJxxZujkHoUIAqtOMw=="
      },
      "nanoFramework.Graphics.Core": {
        "type": "Direct",
        "requested": "[1.2.52, 1.2.52]",
        "resolved": "1.2.52",
        "contentHash": "hcauc3KKus+ri0UBkNkIu+Fd1qPDx/97HIv1CXoHDs1P2Eqg82qSk0QP7ytRfaAS6+3dtz20IBm1OK0QHEtPhg=="
      },
      "nanoFramework.Hardware.Esp32.Rmt": {
        "type": "Direct",
        "requested": "[2.0.35, 2.0.35]",
        "resolved": "2.0.35",
        "contentHash": "+vO6Vnm8evySbudXz4SJe0Olkm2zkdvCgGo6Eh35wggfcZLCG02DTu7JwqZ1KqSOpeO858n2rcq3x8m9YXOywA=="
      },
      "nanoFramework.Iot.Device.Button": {
        "type": "Direct",
        "requested": "[1.2.991, 1.2.991]",
        "resolved": "1.2.991",
        "contentHash": "cgln7gOjgSERaLFzndYmunVVw4ZqiMzXbzuLwYaMEn+75nM18szgKPEfeXUI/Br4hixaaT6fGgzJt8mmfbLRXA=="
      },
      "nanoFramework.Iot.Device.Ws28xx.Esp32": {
        "type": "Direct",
        "requested": "[1.2.994, 1.2.994]",
        "resolved": "1.2.994",
        "contentHash": "n7Nf29o6urRm+OgUr27NmUifH6C5yWpgyTub/NRi51hCbHKYHNfD1O34gKThSmjhGShs057DrSCd3wDSTFHLhg=="
      },
      "nanoFramework.Runtime.Events": {
        "type": "Direct",
        "requested": "[1.11.32, 1.11.32]",
        "resolved": "1.11.32",
        "contentHash": "NyLUIwJDlpl5VKSd+ljmdDtO2WHHBvPvruo1ccaL+hd79z+6XMYze1AccOVXKGiZenLBCwDmFHwpgIQyHkM7GA=="
      },
      "nanoFramework.System.Device.Gpio": {
        "type": "Direct",
        "requested": "[1.1.57, 1.1.57]",
        "resolved": "1.1.57",
        "contentHash": "Es7jHRrT/+0Ty9uJNzJUcTn+aCpjkxXnmsaM+g9HXvLZ8k4SDCCqmO9pT317nX+9ehmgGo2JKrtmkekgbOp+Pw=="
      }
    }
  }
}