{
  "version": 1,
  "dependencies": {
    ".NETnanoFramework,Version=v1.0": {
      "nanoFramework.CoreLibrary": {
        "type": "Direct",
        "requested": "[1.17.1, 1.17.1]",
        "resolved": "1.17.1",
        "contentHash": "T/iPvP8AeZs/5UeZgVa2cZVbl79ioeRyBJLzx4qvKbE9RE+984AR5WPY4tjGIdXugs1AFUYYnydvuGCpy+P1ww=="
      },
      "nanoFramework.Graphics.Core": {
        "type": "Direct",
        "requested": "[1.2.35, 1.2.35]",
        "resolved": "1.2.35",
        "contentHash": "x7G28CjHL5VayU8ID49tR3apQeWQSGkwo85KnLri0zoc2NAN9b5TONaZc5J5OmO6vSE6B3jQRU3QmR+H+pOv2g=="
      },
      "nanoFramework.Hardware.Esp32": {
        "type": "Direct",
        "requested": "[1.6.29, 1.6.29]",
        "resolved": "1.6.29",
        "contentHash": "T1iCv9sr+Ir0SOEX93wz/DoxIZGjGj5ywgG73y3Tk8C96EWdSFzxTFmr/f5MPbrXbYoWL0BUAqnV0Nq9j3jXzw=="
      },
      "nanoFramework.Iot.Device.Button": {
        "type": "Direct",
        "requested": "[1.2.775, 1.2.775]",
        "resolved": "1.2.775",
        "contentHash": "Eu0P0ZocW3Uc0PUZqpfzWkF88GbmZxezkrZt3uGCsDBogd39Qhe2oMj9SveH1nGLEVYWxBxoNZjosiW3XRQAhQ=="
      },
      "nanoFramework.Iot.Device.Buzzer": {
        "type": "Direct",
        "requested": "[1.2.775, 1.2.775]",
        "resolved": "1.2.775",
        "contentHash": "IIBhY8T/s8SYeS4KL/rR53C0BTVVjqkDUoTcw02i8sScvu76OLa9JCE6loieyXpGvl+JGV0Up6oLjOgS9kf3xg=="
      },
      "nanoFramework.Iot.Device.Common.NumberHelper": {
        "type": "Direct",
        "requested": "[1.2.771, 1.2.771]",
        "resolved": "1.2.771",
        "contentHash": "MC6pTpLWRm6JWU9ye+6kMWtvls7KvZ8+xcaVsrvmUxeZxO/s3GghJhPPaaY3MPbpTeJrnR/0JByPd1SwUyOokg=="
      },
      "nanoFramework.Iot.Device.ePaper": {
        "type": "Direct",
        "requested": "[1.0.611, 1.0.611]",
        "resolved": "1.0.611",
        "contentHash": "b8Yti6delCefEJZcX6grmX87z3heI2CxpVJkEYGWmgUBxVjv8nqn3F+V+GuFFpnxJkTrnCE1p8w/mIaQ+PbGbQ=="
      },
      "nanoFramework.Iot.Device.Rtc": {
        "type": "Direct",
        "requested": "[1.2.775, 1.2.775]",
        "resolved": "1.2.775",
        "contentHash": "OKtq3u/mep3Q2nrcxDBSgdf5QV++vPIGlVJ/z6nJ/FwO9/ALBCx6iz/RIc+U05cIBWhmzJqrbUJuRkfCp7pDBA=="
      },
      "nanoFramework.Runtime.Events": {
        "type": "Direct",
        "requested": "[1.11.29, 1.11.29]",
        "resolved": "1.11.29",
        "contentHash": "y3Y0SNfr1afMor4xrsiB1ETldjKvmnzBTcEH5gizFFXw3RNBB/N8npWqkCJn4HZS0TEENlH2vVrib3bWYMx5+Q=="
      },
      "nanoFramework.System.Device.Adc": {
        "type": "Direct",
        "requested": "[1.1.22, 1.1.22]",
        "resolved": "1.1.22",
        "contentHash": "Ik2A18hNBmyevjJhUWNzY+2Se18NRo1o1u4zhWtyaeDc62a6IzM2XGzqOhqGerP5tY8jC10lUHU55v/nm13khw=="
      },
      "nanoFramework.System.Device.Gpio": {
        "type": "Direct",
        "requested": "[1.1.53, 1.1.53]",
        "resolved": "1.1.53",
        "contentHash": "7Pd5iAeWPGdtKUB+OJ0vPjL+d9tQAK0s0JxV1dfjh6PZcU38wykdK64oMqNmCbDFA0aiZl0UyFmz3zXchn39nQ=="
      },
      "nanoFramework.System.Device.I2c": {
        "type": "Direct",
        "requested": "[1.1.27, 1.1.27]",
        "resolved": "1.1.27",
        "contentHash": "gyFoz1cABmcvplJcC7UiTYaC1GpYwnnuQxcypjddKiRqvhiEol7iezxIUsZ5E5v8G19HocpRqcMQV1oZrkXLTQ=="
      },
      "nanoFramework.System.Device.Model": {
        "type": "Direct",
        "requested": "[1.2.771, 1.2.771]",
        "resolved": "1.2.771",
        "contentHash": "zFUG1fsNIl0DqCrjMMfwJLXeIgb98q57qN5bpnMQgCCUXkGqn+skIeo2TW3LdzTvpXC2kZBUPgfRIOwVPvW4eQ=="
      },
      "nanoFramework.System.Device.Pwm": {
        "type": "Direct",
        "requested": "[1.1.21, 1.1.21]",
        "resolved": "1.1.21",
        "contentHash": "J3LJlv4hqF3BVlit0jDBvCW9xK//3a+uns4CcIjsu9XRI7nJa0NCQaoBePLsY5B/0DRnjTlOVQVdDi/rMhXMwQ=="
      },
      "nanoFramework.System.Device.Spi": {
        "type": "Direct",
        "requested": "[1.3.76, 1.3.76]",
        "resolved": "1.3.76",
        "contentHash": "hG6MP3bysRfZqNHSxPlO/GlI2h1B+co85k2MKN2CFV4wzCsPWO3G+BQpp8+FzLzgN9ZY9NMWwMkHKnjUgf5g9Q=="
      },
      "nanoFramework.System.Math": {
        "type": "Direct",
        "requested": "[1.5.102, 1.5.102]",
        "resolved": "1.5.102",
        "contentHash": "ZHO1hQKxcZYSZEMSLV4OeVsbqE9L/sI4K7t46gwRB7wC3xm0jGMBQzv4AX5Auw2T1CnoG9s0ryZJiUwlOkri/Q=="
      },
      "nanoFramework.System.Threading": {
        "type": "Direct",
        "requested": "[1.1.46, 1.1.46]",
        "resolved": "1.1.46",
        "contentHash": "pd7tiHpOmCqe+2pxqqLyV+iRgg0pURe4xM2MgD6XZJTOyLOCrt0OksaOgBe8frqFfYOCjI1qSBwtVnZeG2SteA=="
      },
      "Nerdbank.GitVersioning": {
        "type": "Direct",
        "requested": "[3.7.115, 3.7.115]",
        "resolved": "3.7.115",
        "contentHash": "EpXamaAdRfG/BMxGgvZlTM0npRnkmXUjAj8OdNKd17t4oN+2nvjdv/KnFmzOOMDqvlwB49UCwtOHJrAQTfUBtQ=="
      },
      "UnitsNet.nanoFramework.Frequency": {
        "type": "Direct",
        "requested": "[5.69.0, 5.69.0]",
        "resolved": "5.69.0",
        "contentHash": "WRZV7cIeqCgAFCoalLK2/nJIAaCBT0abAv2VI4RhtZNWqWD6lYzu4XXs+YHiu8UkaiBiSlaCB2uzpIOpve4wfw=="
      },
      "UnitsNet.nanoFramework.Temperature": {
        "type": "Direct",
        "requested": "[5.69.0, 5.69.0]",
        "resolved": "5.69.0",
        "contentHash": "3reHwLt5aEoQDJPwqwa9kvoOzNm4zHlPM8+WA8VV6Cv3+lQcKXB3OdgSS5xhf6EMYdMGDgWWC5oETlkSIv44gw=="
      }
    }
  }
}