{
  "version": 1,
  "dependencies": {
    ".NETnanoFramework,Version=v1.0": {
      "nanoFramework.CoreLibrary": {
        "type": "Direct",
        "requested": "[2.0.0-preview.52, 2.0.0-preview.52]",
        "resolved": "2.0.0-preview.52",
        "contentHash": "cV9JEhoc2OV/UL602i5xmEwQpnn/gzVMlDTAIAMRxCNwBKNYLO9U50OkJykpGnO2SULTsmvFqQWEGZiuANBZHw=="
      },
      "nanoFramework.Graphics.Core": {
        "type": "Direct",
        "requested": "[2.0.0-preview.26, 2.0.0-preview.26]",
        "resolved": "2.0.0-preview.26",
        "contentHash": "DtjfN1pCtGCvzk7eUiu7R7dgHdXKAS/XGTlmbk5L283DeyqOGRVy8PXzcR8Y0a71DRBj/JclVGKdfMvti3FtOg=="
      },
      "nanoFramework.Hardware.Esp32": {
        "type": "Direct",
        "requested": "[2.0.0-preview.11, 2.0.0-preview.11]",
        "resolved": "2.0.0-preview.11",
        "contentHash": "fmVLjUp9A1lUkGCcbZ4Ava0X1lecefwQv6ji+QQ5vv776hQBv2w4zrNbQIzDNILck6x4sf62mCP7i5ZiWRJ82w=="
      },
      "nanoFramework.Iot.Device.Button": {
        "type": "Direct",
        "requested": "[2.0.0-preview.80, 2.0.0-preview.80]",
        "resolved": "2.0.0-preview.80",
        "contentHash": "z15/BZVU01MDMCNPu5HNPkjXQIkKZ9U8x/2IA2o1F5vrxmAI/zMJP0nIyk+aWfcm8QQmpY/rDz/3r25fWQ4yGQ=="
      },
      "nanoFramework.Iot.Device.Buzzer": {
        "type": "Direct",
        "requested": "[2.0.0-preview.80, 2.0.0-preview.80]",
        "resolved": "2.0.0-preview.80",
        "contentHash": "ZocD/R79ePqNZvzlVS6pvCb4kGqzQcqZ0jjV4QJUFlDZEyFPIt/dqboW88WuIhE/S10+WmBOywitJFGP4Yydew=="
      },
      "nanoFramework.Iot.Device.Common.NumberHelper": {
        "type": "Direct",
        "requested": "[2.0.0-preview.77, 2.0.0-preview.77]",
        "resolved": "2.0.0-preview.77",
        "contentHash": "6kWu50UQg8p5SgzgVb9g7UE5BHFdqbAkq/Y1SmJiDYrORF2FPHpCuiR/dfmDNz75xkZUVkEDbiTQdH+WkZdxng=="
      },
      "nanoFramework.Iot.Device.ePaper": {
        "type": "Direct",
        "requested": "[2.0.0-preview.80, 2.0.0-preview.80]",
        "resolved": "2.0.0-preview.80",
        "contentHash": "u8RjHIqdk3VEg/4R7R8AbyafSGj2RX9jyPGXHA2Lm9PjV9AWwn6Sl46+GLBHwtniwKnKZLvgCBiKB7W3OTlHMA=="
      },
      "nanoFramework.Iot.Device.Rtc": {
        "type": "Direct",
        "requested": "[2.0.0-preview.80, 2.0.0-preview.80]",
        "resolved": "2.0.0-preview.80",
        "contentHash": "YQBErOXxyZWOOnNcPp8BGlW79hCPlrg74QHmreeNCGCkJxcsCTSUBpWalr0/a/b9HJU0rpKctjqnJVILqK9nyw=="
      },
      "nanoFramework.Runtime.Events": {
        "type": "Direct",
        "requested": "[2.0.0-preview.13, 2.0.0-preview.13]",
        "resolved": "2.0.0-preview.13",
        "contentHash": "LmPsdvTKJ5HiJbX0FNFWWIvHh23kWmKWCIHggSnMrjaZnjXubqct75mQiB2aWtC7IW0PjGxB2A4cvtle3Zjvzg=="
      },
      "nanoFramework.System.Device.Adc": {
        "type": "Direct",
        "requested": "[2.0.0-preview.9, 2.0.0-preview.9]",
        "resolved": "2.0.0-preview.9",
        "contentHash": "cQAJSQJqvvkKVXEOaymSogYD34LHPy1XH7P/3bXXNq4XmHGoNzvvz3+dSInGZR/MfCyBazy/P0EkQW9+R2pF/g=="
      },
      "nanoFramework.System.Device.Gpio": {
        "type": "Direct",
        "requested": "[2.0.0-preview.18, 2.0.0-preview.18]",
        "resolved": "2.0.0-preview.18",
        "contentHash": "e5hKEwabzb4LOau0A0sPCggh2cgNBMR6EVo+dbGvGNwLCo1t9NN3Eoqjy7vI2KVrfUHQkLJV7cSOG/RJCOm9sw=="
      },
      "nanoFramework.System.Device.I2c": {
        "type": "Direct",
        "requested": "[2.0.0-preview.11, 2.0.0-preview.11]",
        "resolved": "2.0.0-preview.11",
        "contentHash": "bRJzm6P3oDwK78hO8cNncRTfw56c5piXfLWiT+fJBjfegVsfbuvOfXqy3/2odvY2mRZpbDNGjnHTXTsNJk5j+g=="
      },
      "nanoFramework.System.Device.Model": {
        "type": "Direct",
        "requested": "[2.0.0-preview.77, 2.0.0-preview.77]",
        "resolved": "2.0.0-preview.77",
        "contentHash": "t1dd8BPPv8gKP/47asWirdJ8YPa24jEusEfn6Gun6ApqLXZXTw9adrf85anLrc/l36QE17ZuOWzQjfUrsLp3jg=="
      },
      "nanoFramework.System.Device.Pwm": {
        "type": "Direct",
        "requested": "[2.0.0-preview.12, 2.0.0-preview.12]",
        "resolved": "2.0.0-preview.12",
        "contentHash": "5zVaXDoVDX8l1tRmUFus5PSYMlR0kA6uN0V/8zS3ONZNrkgh9QdKora3Zf528/ge9asrt7FMlVobEqOmPFic9w=="
      },
      "nanoFramework.System.Device.Spi": {
        "type": "Direct",
        "requested": "[2.0.0-preview.16, 2.0.0-preview.16]",
        "resolved": "2.0.0-preview.16",
        "contentHash": "vzWlR8FBYYTr536ocJb3mXfhvBKc4dPJVM4zYgjD1y/hNPTp7RZjjvx6b2D/7X8I2cItO2N7PiDtcw33BJOeTA=="
      },
      "nanoFramework.System.Math": {
        "type": "Direct",
        "requested": "[2.0.0-preview.13, 2.0.0-preview.13]",
        "resolved": "2.0.0-preview.13",
        "contentHash": "P2AmU71dut8LWyA3/jNiqUhsCmg4ltysuU4JFOFb7xuah4CLaq7LZfRlAIAUmiIxNZEghjp6sXoZUeZRLi61Sw=="
      },
      "nanoFramework.System.Threading": {
        "type": "Direct",
        "requested": "[2.0.0-preview.14, 2.0.0-preview.14]",
        "resolved": "2.0.0-preview.14",
        "contentHash": "4JBZx5/Y3Dd5BZJXHEOw6rD54aWL1p7W2f9QrLRgRQrprIO6AylEFlH2tQuxlyE5YtNRRxaapW4s2mZiOs0Wxg=="
      },
      "nanoFramework.UnitsNet.Frequency": {
        "type": "Direct",
        "requested": "[5.77.0-preview.14, 5.77.0-preview.14]",
        "resolved": "5.77.0-preview.14",
        "contentHash": "XdmGMGw3oEE9aEhMBf7G92vREZw3QyrHBFJBiNhq43BTvPOSYTmxSMviO0O3Du4te97vkivaXwTNJ2hvpNqiOw=="
      },
      "nanoFramework.UnitsNet.Temperature": {
        "type": "Direct",
        "requested": "[5.77.0-preview.14, 5.77.0-preview.14]",
        "resolved": "5.77.0-preview.14",
        "contentHash": "WShK+Y6Z6b8gV5RqFiPVDxsVxoeGzOBbsmFsJN/ElecIGMDdKYmga6XcoSWiGSx1JdhZGZ5b1+wGm3tPVVxTAw=="
      },
      "Nerdbank.GitVersioning": {
        "type": "Direct",
        "requested": "[3.9.50, 3.9.50]",
        "resolved": "3.9.50",
        "contentHash": "HtOgGF6jZ+WYbXnCUCYPT8Y2d6mIJo9ozjK/FINTRsXdm4Zgv9GehUMa7EFoGQkqrMcDJNOIDwCmENnvXg4UbA=="
      }
    }
  }
}