{
  "version": 1,
  "dependencies": {
    ".NETnanoFramework,Version=v1.0": {
      "nanoFramework.CoreLibrary": {
        "type": "Direct",
        "requested": "[1.15.5, 1.15.5]",
        "resolved": "1.15.5",
        "contentHash": "u2+GvAp1uxLrGdILACAZy+EVKOs28EQ52j8Lz7599egXZ3GBGejjnR2ofhjMQwzrJLlgtyrsx8nSLngDfJNsAg=="
      },
      "nanoFramework.Graphics.Core": {
        "type": "Direct",
        "requested": "[1.2.22, 1.2.22]",
        "resolved": "1.2.22",
        "contentHash": "TqxGYtwOjGqEMjnoR1SSvlimcXbO5QdYBXSMWgrpDcBMbr1edQfsJ3cwAOsn7t1+C6ML3cUURMfwkXsi8aTjVw=="
      },
      "nanoFramework.Hardware.Esp32": {
        "type": "Direct",
        "requested": "[1.6.19, 1.6.19]",
        "resolved": "1.6.19",
        "contentHash": "dvLEvudRQ/89GtX8i/flOwb81vCMVvI3PpQ+B07b/TUz4tAvpwA7iw6ye5224Z/8j3CQBhefiZtU/jv6K7HRyw=="
      },
      "nanoFramework.Iot.Device.Button": {
        "type": "Direct",
        "requested": "[1.2.631, 1.2.631]",
        "resolved": "1.2.631",
        "contentHash": "UswUKk9sKD07uOyZZvUgC3KvuAxYTmQC28Fpo+a4ew6gU2+maZw8RvDx4Hbzsfq/wBQPApOhtQhMT5jT585guw=="
      },
      "nanoFramework.Iot.Device.Buzzer": {
        "type": "Direct",
        "requested": "[1.2.656, 1.2.656]",
        "resolved": "1.2.656",
        "contentHash": "iLNlBzHiPgr0hhss+/pMAGWIxK8mM+pLOwaki0iXE0CRIakloTDySfpwjJlV0FAf9+dlkhxzm3oiT5+ZAWoa3g=="
      },
      "nanoFramework.Iot.Device.Common.NumberHelper": {
        "type": "Direct",
        "requested": "[1.2.628, 1.2.628]",
        "resolved": "1.2.628",
        "contentHash": "n1Na6YBFFqNv32AU+rfmAYFObeqEtf5q5uTxjCT1x+ThWDbi8eespjp/4OvXoU7C+HldXz8/uS4UZ8lswXfOfg=="
      },
      "nanoFramework.Iot.Device.ePaper": {
        "type": "Direct",
        "requested": "[1.0.501, 1.0.501]",
        "resolved": "1.0.501",
        "contentHash": "RXyRzviMjI92tjeS4jBRmHR5JekDKeOSsExLxuWSrd7WWG0wT6o8jTkZRsAipV35Za09oAXgK9ykKI40Kn0U4g=="
      },
      "nanoFramework.Iot.Device.Rtc": {
        "type": "Direct",
        "requested": "[1.2.656, 1.2.656]",
        "resolved": "1.2.656",
        "contentHash": "W/sCNUrO1GBrrisMVfIiXQwdlLBeTdbAilyxwxNprVVXsbPHR0qw6oyo/pvJNh4LxIlC3MuPfoeky9Ac5miztw=="
      },
      "nanoFramework.Runtime.Events": {
        "type": "Direct",
        "requested": "[1.11.18, 1.11.18]",
        "resolved": "1.11.18",
        "contentHash": "t0XpUkdyBBBv/0S4oGx3yUJG1iPYWc38odvZW8mVoioSxZOJrRkRHpNfwYxTxtP4LIEyyesOPEH42d05FHfHzA=="
      },
      "nanoFramework.System.Device.Adc": {
        "type": "Direct",
        "requested": "[1.1.11, 1.1.11]",
        "resolved": "1.1.11",
        "contentHash": "BlFm2MR2Os6ab++EnW6RiZ4860F1ge48mSBbqsqVXnP5xvkfE03Hop4TyqTHWQbLFKcubCc5CMkH9xxuABR6UQ=="
      },
      "nanoFramework.System.Device.Gpio": {
        "type": "Direct",
        "requested": "[1.1.41, 1.1.41]",
        "resolved": "1.1.41",
        "contentHash": "5QnpdfvjxOvka2S5IHSdKudWmkH+CDQ3TFFuXOGuNlgZJFsAx0/k5zuwgJYkxIyGbL8kdcjBWLyDNdihjA1pUg=="
      },
      "nanoFramework.System.Device.I2c": {
        "type": "Direct",
        "requested": "[1.1.16, 1.1.16]",
        "resolved": "1.1.16",
        "contentHash": "33YPnlZVjFwx0mOhdKTOggx+TvbjTD3WZ6rkSB33ytF9fHoqfvS1AYr4+ScUHW4z2yE7vxVWBol5mI7iEg4Aiw=="
      },
      "nanoFramework.System.Device.Model": {
        "type": "Direct",
        "requested": "[1.2.628, 1.2.628]",
        "resolved": "1.2.628",
        "contentHash": "39q4OScnVtMHlGdz9ZleiwllJtE+G6OZE0Xd/qn3gEvrR4XmLCwYZ+JdVxtDU7bK5JLrJA984NKeq+l5ZW0X4A=="
      },
      "nanoFramework.System.Device.Pwm": {
        "type": "Direct",
        "requested": "[1.1.10, 1.1.10]",
        "resolved": "1.1.10",
        "contentHash": "vk/Dr8No2ec+eBwwufxDK0Rm6BRnOoevjaqEXbvpFz2BK3UPiC4OhUWH3Rwel34rywg1mXozAAY9ZwvN2gnxlA=="
      },
      "nanoFramework.System.Device.Spi": {
        "type": "Direct",
        "requested": "[1.3.52, 1.3.52]",
        "resolved": "1.3.52",
        "contentHash": "chtkrJp424LMitA6Fw/QzzhIrYL9PdEaln+A7o5QR99VijDoOILdMvgeeVBnIpkicUH7aY9Vj+3F2TlIGQH/+g=="
      },
      "nanoFramework.System.Math": {
        "type": "Direct",
        "requested": "[1.5.43, 1.5.43]",
        "resolved": "1.5.43",
        "contentHash": "JEOEGHoIpknJFwPjjz77sT5mej2PiT7JTv59jabzFf+d8XYy8Z4SH+NdX00Xc/yDS8LIPuWb7+C245XGUUx99A=="
      },
      "nanoFramework.System.Threading": {
        "type": "Direct",
        "requested": "[1.1.32, 1.1.32]",
        "resolved": "1.1.32",
        "contentHash": "6o7Y4gH15FLuo2FWGLecABiCD57V5QMf5g/hEneV64VmhoXI8Bk7r6BDBPTfAePs738xbc1ECpA5dJmbSmtilg=="
      },
      "Nerdbank.GitVersioning": {
        "type": "Direct",
        "requested": "[3.6.143, 3.6.143]",
        "resolved": "3.6.143",
        "contentHash": "N24MtdLq4PmdJ2woTQd9515q0I1jeO/DlimYCB/GoRd510Fc9dk9H6YaN8MPPrVF8RHrIalCUfWbWvcoarYeoQ=="
      },
      "UnitsNet.nanoFramework.Frequency": {
        "type": "Direct",
        "requested": "[5.59.0, 5.59.0]",
        "resolved": "5.59.0",
        "contentHash": "zqlqhLHCUL8B8i5N2s//k93cAJ4RLcQi46EaBBlqGJFHVvOequz+zO8HfnUHYQFBELNeLxkJNZWx/qczRdCAng=="
      },
      "UnitsNet.nanoFramework.Temperature": {
        "type": "Direct",
        "requested": "[5.59.0, 5.59.0]",
        "resolved": "5.59.0",
        "contentHash": "LDXMzn1y0OSSvXA+A+4iPI+P9co5QmlP/4AQdqxlNOvIZHVAN7j98HPUVSXzK8OfeUpF8lhwn41LqHDeeFNZtQ=="
      }
    }
  }
}